// !$*UTF8*$!
{
	archiveVersion = 1;
	classes = {
	};
	objectVersion = 55;
	objects = {

/* Begin PBXBuildFile section */
		EE54ADDF29A329C9007C3E3F /* MainTabCoordinator.swift in Sources */ = {isa = PBXBuildFile; fileRef = EE54ADDE29A329C9007C3E3F /* MainTabCoordinator.swift */; };
		EE54ADE729A40101007C3E3F /* AuthenticationCoordinator.swift in Sources */ = {isa = PBXBuildFile; fileRef = EE54ADE629A40101007C3E3F /* AuthenticationCoordinator.swift */; };
		EE54ADEA29A712AE007C3E3F /* LoginView.swift in Sources */ = {isa = PBXBuildFile; fileRef = EE54ADE929A712AD007C3E3F /* LoginView.swift */; };
		EE54ADEC29A714E8007C3E3F /* LoginViewModel.swift in Sources */ = {isa = PBXBuildFile; fileRef = EE54ADEB29A714E8007C3E3F /* LoginViewModel.swift */; };
		EED47ECD299F167100FEFC6E /* MainCoordinator.swift in Sources */ = {isa = PBXBuildFile; fileRef = EED47ECC299F167100FEFC6E /* MainCoordinator.swift */; };
		EED47ECF299F167B00FEFC6E /* B.swift in Sources */ = {isa = PBXBuildFile; fileRef = EED47ECE299F167B00FEFC6E /* B.swift */; };
		EED47ED1299F168200FEFC6E /* C.swift in Sources */ = {isa = PBXBuildFile; fileRef = EED47ED0299F168200FEFC6E /* C.swift */; };
		EED47ED3299F168800FEFC6E /* D.swift in Sources */ = {isa = PBXBuildFile; fileRef = EED47ED2299F168800FEFC6E /* D.swift */; };
		EED47ED5299F169000FEFC6E /* E.swift in Sources */ = {isa = PBXBuildFile; fileRef = EED47ED4299F169000FEFC6E /* E.swift */; };
		EED47ED9299F185700FEFC6E /* ViewModelB.swift in Sources */ = {isa = PBXBuildFile; fileRef = EED47ED8299F185700FEFC6E /* ViewModelB.swift */; };
		EED47EDB299F185E00FEFC6E /* ViewModelC.swift in Sources */ = {isa = PBXBuildFile; fileRef = EED47EDA299F185E00FEFC6E /* ViewModelC.swift */; };
		EED47EDD299F186600FEFC6E /* ViewModelD.swift in Sources */ = {isa = PBXBuildFile; fileRef = EED47EDC299F186600FEFC6E /* ViewModelD.swift */; };
		EED47EDF299F186D00FEFC6E /* ViewModelE.swift in Sources */ = {isa = PBXBuildFile; fileRef = EED47EDE299F186D00FEFC6E /* ViewModelE.swift */; };
		EEF83461299C6824001EEA5E /* DemocracyApp.swift in Sources */ = {isa = PBXBuildFile; fileRef = EEF83460299C6824001EEA5E /* DemocracyApp.swift */; };
		EEF83463299C6824001EEA5E /* ContentView.swift in Sources */ = {isa = PBXBuildFile; fileRef = EEF83462299C6824001EEA5E /* ContentView.swift */; };
		EEF83465299C6827001EEA5E /* Assets.xcassets in Resources */ = {isa = PBXBuildFile; fileRef = EEF83464299C6827001EEA5E /* Assets.xcassets */; };
		EEF83468299C6827001EEA5E /* Preview Assets.xcassets in Resources */ = {isa = PBXBuildFile; fileRef = EEF83467299C6827001EEA5E /* Preview Assets.xcassets */; };
		EEF83473299C6A11001EEA5E /* Router.swift in Sources */ = {isa = PBXBuildFile; fileRef = EEF83472299C6A11001EEA5E /* Router.swift */; };
/* End PBXBuildFile section */

/* Begin PBXFileReference section */
		EE54ADDE29A329C9007C3E3F /* MainTabCoordinator.swift */ = {isa = PBXFileReference; lastKnownFileType = sourcecode.swift; path = MainTabCoordinator.swift; sourceTree = "<group>"; };
		EE54ADE629A40101007C3E3F /* AuthenticationCoordinator.swift */ = {isa = PBXFileReference; lastKnownFileType = sourcecode.swift; path = AuthenticationCoordinator.swift; sourceTree = "<group>"; };
		EE54ADE929A712AD007C3E3F /* LoginView.swift */ = {isa = PBXFileReference; lastKnownFileType = sourcecode.swift; path = LoginView.swift; sourceTree = "<group>"; };
		EE54ADEB29A714E8007C3E3F /* LoginViewModel.swift */ = {isa = PBXFileReference; lastKnownFileType = sourcecode.swift; path = LoginViewModel.swift; sourceTree = "<group>"; };
		EED47ECC299F167100FEFC6E /* MainCoordinator.swift */ = {isa = PBXFileReference; lastKnownFileType = sourcecode.swift; path = MainCoordinator.swift; sourceTree = "<group>"; };
		EED47ECE299F167B00FEFC6E /* B.swift */ = {isa = PBXFileReference; lastKnownFileType = sourcecode.swift; path = B.swift; sourceTree = "<group>"; };
		EED47ED0299F168200FEFC6E /* C.swift */ = {isa = PBXFileReference; lastKnownFileType = sourcecode.swift; path = C.swift; sourceTree = "<group>"; };
		EED47ED2299F168800FEFC6E /* D.swift */ = {isa = PBXFileReference; lastKnownFileType = sourcecode.swift; path = D.swift; sourceTree = "<group>"; };
		EED47ED4299F169000FEFC6E /* E.swift */ = {isa = PBXFileReference; lastKnownFileType = sourcecode.swift; path = E.swift; sourceTree = "<group>"; };
		EED47ED8299F185700FEFC6E /* ViewModelB.swift */ = {isa = PBXFileReference; lastKnownFileType = sourcecode.swift; path = ViewModelB.swift; sourceTree = "<group>"; };
		EED47EDA299F185E00FEFC6E /* ViewModelC.swift */ = {isa = PBXFileReference; lastKnownFileType = sourcecode.swift; path = ViewModelC.swift; sourceTree = "<group>"; };
		EED47EDC299F186600FEFC6E /* ViewModelD.swift */ = {isa = PBXFileReference; lastKnownFileType = sourcecode.swift; path = ViewModelD.swift; sourceTree = "<group>"; };
		EED47EDE299F186D00FEFC6E /* ViewModelE.swift */ = {isa = PBXFileReference; lastKnownFileType = sourcecode.swift; path = ViewModelE.swift; sourceTree = "<group>"; };
		EEF8345D299C6824001EEA5E /* Democracy.app */ = {isa = PBXFileReference; explicitFileType = wrapper.application; includeInIndex = 0; path = Democracy.app; sourceTree = BUILT_PRODUCTS_DIR; };
		EEF83460299C6824001EEA5E /* DemocracyApp.swift */ = {isa = PBXFileReference; lastKnownFileType = sourcecode.swift; path = DemocracyApp.swift; sourceTree = "<group>"; };
		EEF83462299C6824001EEA5E /* ContentView.swift */ = {isa = PBXFileReference; lastKnownFileType = sourcecode.swift; path = ContentView.swift; sourceTree = "<group>"; };
		EEF83464299C6827001EEA5E /* Assets.xcassets */ = {isa = PBXFileReference; lastKnownFileType = folder.assetcatalog; path = Assets.xcassets; sourceTree = "<group>"; };
		EEF83467299C6827001EEA5E /* Preview Assets.xcassets */ = {isa = PBXFileReference; lastKnownFileType = folder.assetcatalog; path = "Preview Assets.xcassets"; sourceTree = "<group>"; };
		EEF83472299C6A11001EEA5E /* Router.swift */ = {isa = PBXFileReference; lastKnownFileType = sourcecode.swift; path = Router.swift; sourceTree = "<group>"; };
/* End PBXFileReference section */

/* Begin PBXFrameworksBuildPhase section */
		EEF8345A299C6824001EEA5E /* Frameworks */ = {
			isa = PBXFrameworksBuildPhase;
			buildActionMask = 2147483647;
			files = (
			);
			runOnlyForDeploymentPostprocessing = 0;
		};
/* End PBXFrameworksBuildPhase section */

/* Begin PBXGroup section */
		EE54ADE829A7128E007C3E3F /* Login */ = {
			isa = PBXGroup;
			children = (
				EE54ADE629A40101007C3E3F /* AuthenticationCoordinator.swift */,
				EE54ADE929A712AD007C3E3F /* LoginView.swift */,
				EE54ADEB29A714E8007C3E3F /* LoginViewModel.swift */,
			);
			path = Login;
			sourceTree = "<group>";
		};
		EED47ECB299F166300FEFC6E /* Views */ = {
			isa = PBXGroup;
			children = (
				EED47ECE299F167B00FEFC6E /* B.swift */,
				EED47ED0299F168200FEFC6E /* C.swift */,
				EED47ED2299F168800FEFC6E /* D.swift */,
				EED47ED4299F169000FEFC6E /* E.swift */,
				EED47ED8299F185700FEFC6E /* ViewModelB.swift */,
				EED47EDA299F185E00FEFC6E /* ViewModelC.swift */,
				EED47EDC299F186600FEFC6E /* ViewModelD.swift */,
				EED47EDE299F186D00FEFC6E /* ViewModelE.swift */,
			);
			path = Views;
			sourceTree = "<group>";
		};
		EEF83454299C6824001EEA5E = {
			isa = PBXGroup;
			children = (
				EEF8345F299C6824001EEA5E /* Democracy */,
				EEF8345E299C6824001EEA5E /* Products */,
			);
			sourceTree = "<group>";
		};
		EEF8345E299C6824001EEA5E /* Products */ = {
			isa = PBXGroup;
			children = (
				EEF8345D299C6824001EEA5E /* Democracy.app */,
			);
			name = Products;
			sourceTree = "<group>";
		};
		EEF8345F299C6824001EEA5E /* Democracy */ = {
			isa = PBXGroup;
			children = (
				EE54ADE829A7128E007C3E3F /* Login */,
				EEF8346E299C69DC001EEA5E /* Navigation */,
				EEF83460299C6824001EEA5E /* DemocracyApp.swift */,
				EEF83462299C6824001EEA5E /* ContentView.swift */,
				EEF83464299C6827001EEA5E /* Assets.xcassets */,
				EEF83466299C6827001EEA5E /* Preview Content */,
			);
			path = Democracy;
			sourceTree = "<group>";
		};
		EEF83466299C6827001EEA5E /* Preview Content */ = {
			isa = PBXGroup;
			children = (
				EEF83467299C6827001EEA5E /* Preview Assets.xcassets */,
			);
			path = "Preview Content";
			sourceTree = "<group>";
		};
		EEF8346E299C69DC001EEA5E /* Navigation */ = {
			isa = PBXGroup;
			children = (
				EED47ECC299F167100FEFC6E /* MainCoordinator.swift */,
				EE54ADDE29A329C9007C3E3F /* MainTabCoordinator.swift */,
				EED47ECB299F166300FEFC6E /* Views */,
				EEF83472299C6A11001EEA5E /* Router.swift */,
			);
			path = Navigation;
			sourceTree = "<group>";
		};
/* End PBXGroup section */

/* Begin PBXNativeTarget section */
		EEF8345C299C6824001EEA5E /* Democracy */ = {
			isa = PBXNativeTarget;
			buildConfigurationList = EEF8346B299C6827001EEA5E /* Build configuration list for PBXNativeTarget "Democracy" */;
			buildPhases = (
				EEF83459299C6824001EEA5E /* Sources */,
				EEF8345A299C6824001EEA5E /* Frameworks */,
				EEF8345B299C6824001EEA5E /* Resources */,
			);
			buildRules = (
			);
			dependencies = (
			);
			name = Democracy;
			productName = Democracy;
			productReference = EEF8345D299C6824001EEA5E /* Democracy.app */;
			productType = "com.apple.product-type.application";
		};
/* End PBXNativeTarget section */

/* Begin PBXProject section */
		EEF83455299C6824001EEA5E /* Project object */ = {
			isa = PBXProject;
			attributes = {
				BuildIndependentTargetsInParallel = 1;
				LastSwiftUpdateCheck = 1330;
				LastUpgradeCheck = 1330;
				TargetAttributes = {
					EEF8345C299C6824001EEA5E = {
						CreatedOnToolsVersion = 13.3.1;
					};
				};
			};
			buildConfigurationList = EEF83458299C6824001EEA5E /* Build configuration list for PBXProject "Democracy" */;
			compatibilityVersion = "Xcode 13.0";
			developmentRegion = en;
			hasScannedForEncodings = 0;
			knownRegions = (
				en,
				Base,
			);
			mainGroup = EEF83454299C6824001EEA5E;
			productRefGroup = EEF8345E299C6824001EEA5E /* Products */;
			projectDirPath = "";
			projectRoot = "";
			targets = (
				EEF8345C299C6824001EEA5E /* Democracy */,
			);
		};
/* End PBXProject section */

/* Begin PBXResourcesBuildPhase section */
		EEF8345B299C6824001EEA5E /* Resources */ = {
			isa = PBXResourcesBuildPhase;
			buildActionMask = 2147483647;
			files = (
				EEF83468299C6827001EEA5E /* Preview Assets.xcassets in Resources */,
				EEF83465299C6827001EEA5E /* Assets.xcassets in Resources */,
			);
			runOnlyForDeploymentPostprocessing = 0;
		};
/* End PBXResourcesBuildPhase section */

/* Begin PBXSourcesBuildPhase section */
		EEF83459299C6824001EEA5E /* Sources */ = {
			isa = PBXSourcesBuildPhase;
			buildActionMask = 2147483647;
			files = (
				EED47ED5299F169000FEFC6E /* E.swift in Sources */,
				EED47ECF299F167B00FEFC6E /* B.swift in Sources */,
				EEF83473299C6A11001EEA5E /* Router.swift in Sources */,
				EE54ADEA29A712AE007C3E3F /* LoginView.swift in Sources */,
				EE54ADEC29A714E8007C3E3F /* LoginViewModel.swift in Sources */,
				EED47ECD299F167100FEFC6E /* MainCoordinator.swift in Sources */,
				EEF83463299C6824001EEA5E /* ContentView.swift in Sources */,
				EEF83461299C6824001EEA5E /* DemocracyApp.swift in Sources */,
				EED47ED1299F168200FEFC6E /* C.swift in Sources */,
				EED47ED3299F168800FEFC6E /* D.swift in Sources */,
				EE54ADE729A40101007C3E3F /* AuthenticationCoordinator.swift in Sources */,
				EED47ED9299F185700FEFC6E /* ViewModelB.swift in Sources */,
				EED47EDB299F185E00FEFC6E /* ViewModelC.swift in Sources */,
				EE54ADDF29A329C9007C3E3F /* MainTabCoordinator.swift in Sources */,
				EED47EDD299F186600FEFC6E /* ViewModelD.swift in Sources */,
				EED47EDF299F186D00FEFC6E /* ViewModelE.swift in Sources */,
			);
			runOnlyForDeploymentPostprocessing = 0;
		};
/* End PBXSourcesBuildPhase section */

/* Begin XCBuildConfiguration section */
		EEF83469299C6827001EEA5E /* Debug */ = {
			isa = XCBuildConfiguration;
			buildSettings = {
				ALWAYS_SEARCH_USER_PATHS = NO;
				CLANG_ANALYZER_NONNULL = YES;
				CLANG_ANALYZER_NUMBER_OBJECT_CONVERSION = YES_AGGRESSIVE;
				CLANG_CXX_LANGUAGE_STANDARD = "gnu++17";
				CLANG_ENABLE_MODULES = YES;
				CLANG_ENABLE_OBJC_ARC = YES;
				CLANG_ENABLE_OBJC_WEAK = YES;
				CLANG_WARN_BLOCK_CAPTURE_AUTORELEASING = YES;
				CLANG_WARN_BOOL_CONVERSION = YES;
				CLANG_WARN_COMMA = YES;
				CLANG_WARN_CONSTANT_CONVERSION = YES;
				CLANG_WARN_DEPRECATED_OBJC_IMPLEMENTATIONS = YES;
				CLANG_WARN_DIRECT_OBJC_ISA_USAGE = YES_ERROR;
				CLANG_WARN_DOCUMENTATION_COMMENTS = YES;
				CLANG_WARN_EMPTY_BODY = YES;
				CLANG_WARN_ENUM_CONVERSION = YES;
				CLANG_WARN_INFINITE_RECURSION = YES;
				CLANG_WARN_INT_CONVERSION = YES;
				CLANG_WARN_NON_LITERAL_NULL_CONVERSION = YES;
				CLANG_WARN_OBJC_IMPLICIT_RETAIN_SELF = YES;
				CLANG_WARN_OBJC_LITERAL_CONVERSION = YES;
				CLANG_WARN_OBJC_ROOT_CLASS = YES_ERROR;
				CLANG_WARN_QUOTED_INCLUDE_IN_FRAMEWORK_HEADER = YES;
				CLANG_WARN_RANGE_LOOP_ANALYSIS = YES;
				CLANG_WARN_STRICT_PROTOTYPES = YES;
				CLANG_WARN_SUSPICIOUS_MOVE = YES;
				CLANG_WARN_UNGUARDED_AVAILABILITY = YES_AGGRESSIVE;
				CLANG_WARN_UNREACHABLE_CODE = YES;
				CLANG_WARN__DUPLICATE_METHOD_MATCH = YES;
				COPY_PHASE_STRIP = NO;
				DEBUG_INFORMATION_FORMAT = dwarf;
				ENABLE_STRICT_OBJC_MSGSEND = YES;
				ENABLE_TESTABILITY = YES;
				GCC_C_LANGUAGE_STANDARD = gnu11;
				GCC_DYNAMIC_NO_PIC = NO;
				GCC_NO_COMMON_BLOCKS = YES;
				GCC_OPTIMIZATION_LEVEL = 0;
				GCC_PREPROCESSOR_DEFINITIONS = (
					"DEBUG=1",
					"$(inherited)",
				);
				GCC_WARN_64_TO_32_BIT_CONVERSION = YES;
				GCC_WARN_ABOUT_RETURN_TYPE = YES_ERROR;
				GCC_WARN_UNDECLARED_SELECTOR = YES;
				GCC_WARN_UNINITIALIZED_AUTOS = YES_AGGRESSIVE;
				GCC_WARN_UNUSED_FUNCTION = YES;
				GCC_WARN_UNUSED_VARIABLE = YES;
				IPHONEOS_DEPLOYMENT_TARGET = 15.4;
				MTL_ENABLE_DEBUG_INFO = INCLUDE_SOURCE;
				MTL_FAST_MATH = YES;
				ONLY_ACTIVE_ARCH = YES;
				SDKROOT = iphoneos;
				SWIFT_ACTIVE_COMPILATION_CONDITIONS = DEBUG;
				SWIFT_OPTIMIZATION_LEVEL = "-Onone";
			};
			name = Debug;
		};
		EEF8346A299C6827001EEA5E /* Release */ = {
			isa = XCBuildConfiguration;
			buildSettings = {
				ALWAYS_SEARCH_USER_PATHS = NO;
				CLANG_ANALYZER_NONNULL = YES;
				CLANG_ANALYZER_NUMBER_OBJECT_CONVERSION = YES_AGGRESSIVE;
				CLANG_CXX_LANGUAGE_STANDARD = "gnu++17";
				CLANG_ENABLE_MODULES = YES;
				CLANG_ENABLE_OBJC_ARC = YES;
				CLANG_ENABLE_OBJC_WEAK = YES;
				CLANG_WARN_BLOCK_CAPTURE_AUTORELEASING = YES;
				CLANG_WARN_BOOL_CONVERSION = YES;
				CLANG_WARN_COMMA = YES;
				CLANG_WARN_CONSTANT_CONVERSION = YES;
				CLANG_WARN_DEPRECATED_OBJC_IMPLEMENTATIONS = YES;
				CLANG_WARN_DIRECT_OBJC_ISA_USAGE = YES_ERROR;
				CLANG_WARN_DOCUMENTATION_COMMENTS = YES;
				CLANG_WARN_EMPTY_BODY = YES;
				CLANG_WARN_ENUM_CONVERSION = YES;
				CLANG_WARN_INFINITE_RECURSION = YES;
				CLANG_WARN_INT_CONVERSION = YES;
				CLANG_WARN_NON_LITERAL_NULL_CONVERSION = YES;
				CLANG_WARN_OBJC_IMPLICIT_RETAIN_SELF = YES;
				CLANG_WARN_OBJC_LITERAL_CONVERSION = YES;
				CLANG_WARN_OBJC_ROOT_CLASS = YES_ERROR;
				CLANG_WARN_QUOTED_INCLUDE_IN_FRAMEWORK_HEADER = YES;
				CLANG_WARN_RANGE_LOOP_ANALYSIS = YES;
				CLANG_WARN_STRICT_PROTOTYPES = YES;
				CLANG_WARN_SUSPICIOUS_MOVE = YES;
				CLANG_WARN_UNGUARDED_AVAILABILITY = YES_AGGRESSIVE;
				CLANG_WARN_UNREACHABLE_CODE = YES;
				CLANG_WARN__DUPLICATE_METHOD_MATCH = YES;
				COPY_PHASE_STRIP = NO;
				DEBUG_INFORMATION_FORMAT = "dwarf-with-dsym";
				ENABLE_NS_ASSERTIONS = NO;
				ENABLE_STRICT_OBJC_MSGSEND = YES;
				GCC_C_LANGUAGE_STANDARD = gnu11;
				GCC_NO_COMMON_BLOCKS = YES;
				GCC_WARN_64_TO_32_BIT_CONVERSION = YES;
				GCC_WARN_ABOUT_RETURN_TYPE = YES_ERROR;
				GCC_WARN_UNDECLARED_SELECTOR = YES;
				GCC_WARN_UNINITIALIZED_AUTOS = YES_AGGRESSIVE;
				GCC_WARN_UNUSED_FUNCTION = YES;
				GCC_WARN_UNUSED_VARIABLE = YES;
				IPHONEOS_DEPLOYMENT_TARGET = 15.4;
				MTL_ENABLE_DEBUG_INFO = NO;
				MTL_FAST_MATH = YES;
				SDKROOT = iphoneos;
				SWIFT_COMPILATION_MODE = wholemodule;
				SWIFT_OPTIMIZATION_LEVEL = "-O";
				VALIDATE_PRODUCT = YES;
			};
			name = Release;
		};
		EEF8346C299C6827001EEA5E /* Debug */ = {
			isa = XCBuildConfiguration;
			buildSettings = {
				ASSETCATALOG_COMPILER_APPICON_NAME = AppIcon;
				ASSETCATALOG_COMPILER_GLOBAL_ACCENT_COLOR_NAME = AccentColor;
				CODE_SIGN_STYLE = Automatic;
				CURRENT_PROJECT_VERSION = 1;
				DEVELOPMENT_ASSET_PATHS = "\"Democracy/Preview Content\"";
				DEVELOPMENT_TEAM = 8HUP8UB97L;
				ENABLE_PREVIEWS = YES;
				GENERATE_INFOPLIST_FILE = YES;
				INFOPLIST_KEY_UIApplicationSceneManifest_Generation = YES;
				INFOPLIST_KEY_UIApplicationSupportsIndirectInputEvents = YES;
				INFOPLIST_KEY_UILaunchScreen_Generation = YES;
				INFOPLIST_KEY_UISupportedInterfaceOrientations_iPad = "UIInterfaceOrientationPortrait UIInterfaceOrientationPortraitUpsideDown UIInterfaceOrientationLandscapeLeft UIInterfaceOrientationLandscapeRight";
				INFOPLIST_KEY_UISupportedInterfaceOrientations_iPhone = "UIInterfaceOrientationPortrait UIInterfaceOrientationLandscapeLeft UIInterfaceOrientationLandscapeRight";
				IPHONEOS_DEPLOYMENT_TARGET = 16.0;
				LD_RUNPATH_SEARCH_PATHS = (
					"$(inherited)",
					"@executable_path/Frameworks",
				);
				MARKETING_VERSION = 1.0;
				PRODUCT_BUNDLE_IDENTIFIER = com.WesleyLuntsford.Democracy;
				PRODUCT_NAME = "$(TARGET_NAME)";
				SWIFT_EMIT_LOC_STRINGS = YES;
				SWIFT_VERSION = 5.0;
				TARGETED_DEVICE_FAMILY = "1,2";
			};
			name = Debug;
		};
		EEF8346D299C6827001EEA5E /* Release */ = {
			isa = XCBuildConfiguration;
			buildSettings = {
				ASSETCATALOG_COMPILER_APPICON_NAME = AppIcon;
				ASSETCATALOG_COMPILER_GLOBAL_ACCENT_COLOR_NAME = AccentColor;
				CODE_SIGN_STYLE = Automatic;
				CURRENT_PROJECT_VERSION = 1;
				DEVELOPMENT_ASSET_PATHS = "\"Democracy/Preview Content\"";
				DEVELOPMENT_TEAM = 8HUP8UB97L;
				ENABLE_PREVIEWS = YES;
				GENERATE_INFOPLIST_FILE = YES;
				INFOPLIST_KEY_UIApplicationSceneManifest_Generation = YES;
				INFOPLIST_KEY_UIApplicationSupportsIndirectInputEvents = YES;
				INFOPLIST_KEY_UILaunchScreen_Generation = YES;
				INFOPLIST_KEY_UISupportedInterfaceOrientations_iPad = "UIInterfaceOrientationPortrait UIInterfaceOrientationPortraitUpsideDown UIInterfaceOrientationLandscapeLeft UIInterfaceOrientationLandscapeRight";
				INFOPLIST_KEY_UISupportedInterfaceOrientations_iPhone = "UIInterfaceOrientationPortrait UIInterfaceOrientationLandscapeLeft UIInterfaceOrientationLandscapeRight";
				IPHONEOS_DEPLOYMENT_TARGET = 16.0;
				LD_RUNPATH_SEARCH_PATHS = (
					"$(inherited)",
					"@executable_path/Frameworks",
				);
				MARKETING_VERSION = 1.0;
				PRODUCT_BUNDLE_IDENTIFIER = com.WesleyLuntsford.Democracy;
				PRODUCT_NAME = "$(TARGET_NAME)";
				SWIFT_EMIT_LOC_STRINGS = YES;
				SWIFT_VERSION = 5.0;
				TARGETED_DEVICE_FAMILY = "1,2";
			};
			name = Release;
		};
/* End XCBuildConfiguration section */

/* Begin XCConfigurationList section */
		EEF83458299C6824001EEA5E /* Build configuration list for PBXProject "Democracy" */ = {
			isa = XCConfigurationList;
			buildConfigurations = (
				EEF83469299C6827001EEA5E /* Debug */,
				EEF8346A299C6827001EEA5E /* Release */,
			);
			defaultConfigurationIsVisible = 0;
			defaultConfigurationName = Release;
		};
		EEF8346B299C6827001EEA5E /* Build configuration list for PBXNativeTarget "Democracy" */ = {
			isa = XCConfigurationList;
			buildConfigurations = (
				EEF8346C299C6827001EEA5E /* Debug */,
				EEF8346D299C6827001EEA5E /* Release */,
			);
			defaultConfigurationIsVisible = 0;
			defaultConfigurationName = Release;
		};
/* End XCConfigurationList section */
	};
	rootObject = EEF83455299C6824001EEA5E /* Project object */;
}
