// !$*UTF8*$!
{
	archiveVersion = 1;
	classes = {
	};
	objectVersion = 55;
	objects = {

/* Begin PBXBuildFile section */
		EE45248D2A5651CB00C7A2DD /* ResourcesSectionViewModel.swift in Sources */ = {isa = PBXBuildFile; fileRef = EE45248C2A5651CB00C7A2DD /* ResourcesSectionViewModel.swift */; };
		EE45248F2A5651FB00C7A2DD /* ResourcesSection.swift in Sources */ = {isa = PBXBuildFile; fileRef = EE45248E2A5651FB00C7A2DD /* ResourcesSection.swift */; };
		EE4524912A56597400C7A2DD /* ResourceView.swift in Sources */ = {isa = PBXBuildFile; fileRef = EE4524902A56597400C7A2DD /* ResourceView.swift */; };
		EE4524942A565CA400C7A2DD /* ResourceViewModel.swift in Sources */ = {isa = PBXBuildFile; fileRef = EE4524932A565CA400C7A2DD /* ResourceViewModel.swift */; };
		EE4524972A56655900C7A2DD /* AboutSectionViewModel.swift in Sources */ = {isa = PBXBuildFile; fileRef = EE4524962A56655900C7A2DD /* AboutSectionViewModel.swift */; };
		EE4524992A56656B00C7A2DD /* AboutSection.swift in Sources */ = {isa = PBXBuildFile; fileRef = EE4524982A56656B00C7A2DD /* AboutSection.swift */; };
		EE54ADDF29A329C9007C3E3F /* MainTabView.swift in Sources */ = {isa = PBXBuildFile; fileRef = EE54ADDE29A329C9007C3E3F /* MainTabView.swift */; };
		EE54ADE729A40101007C3E3F /* AuthenticationCoordinator.swift in Sources */ = {isa = PBXBuildFile; fileRef = EE54ADE629A40101007C3E3F /* AuthenticationCoordinator.swift */; };
		EE54ADEA29A712AE007C3E3F /* LoginView.swift in Sources */ = {isa = PBXBuildFile; fileRef = EE54ADE929A712AD007C3E3F /* LoginView.swift */; };
		EE54ADEC29A714E8007C3E3F /* LoginViewModel.swift in Sources */ = {isa = PBXBuildFile; fileRef = EE54ADEB29A714E8007C3E3F /* LoginViewModel.swift */; };
		EE5B938329F747DD00B43381 /* RepresentativeType.swift in Sources */ = {isa = PBXBuildFile; fileRef = EE5B938229F747DD00B43381 /* RepresentativeType.swift */; };
		EE5B938529F7652800B43381 /* HeaderWithDropDownFilter.swift in Sources */ = {isa = PBXBuildFile; fileRef = EE5B938429F7652800B43381 /* HeaderWithDropDownFilter.swift */; };
		EE5B938729F76EF800B43381 /* CommunityArchiveFeedViewModel.swift in Sources */ = {isa = PBXBuildFile; fileRef = EE5B938629F76EF800B43381 /* CommunityArchiveFeedViewModel.swift */; };
		EE5B938929F76FDA00B43381 /* CommunityArchiveFeedViewModel+Preview.swift in Sources */ = {isa = PBXBuildFile; fileRef = EE5B938829F76FDA00B43381 /* CommunityArchiveFeedViewModel+Preview.swift */; };
		EE5B938B29F7764E00B43381 /* BoundMenu.swift in Sources */ = {isa = PBXBuildFile; fileRef = EE5B938A29F7764E00B43381 /* BoundMenu.swift */; };
		EE5B938E2A03346C00B43381 /* Date+Extensions.swift in Sources */ = {isa = PBXBuildFile; fileRef = EE5B938D2A03346C00B43381 /* Date+Extensions.swift */; };
		EE5B93902A03396700B43381 /* TimeGranularity.swift in Sources */ = {isa = PBXBuildFile; fileRef = EE5B938F2A03396700B43381 /* TimeGranularity.swift */; };
		EE5B93922A033A7D00B43381 /* Month.swift in Sources */ = {isa = PBXBuildFile; fileRef = EE5B93912A033A7D00B43381 /* Month.swift */; };
		EE5B93952A0864D400B43381 /* CommunityPostCategoryView.swift in Sources */ = {isa = PBXBuildFile; fileRef = EE5B93942A0864D400B43381 /* CommunityPostCategoryView.swift */; };
		EE5B93972A0864E700B43381 /* CommunityPostCategoryViewModel.swift in Sources */ = {isa = PBXBuildFile; fileRef = EE5B93962A0864E700B43381 /* CommunityPostCategoryViewModel.swift */; };
		EE5B93992A0866EA00B43381 /* CommunityPostCategoryViewModel+Preview.swift in Sources */ = {isa = PBXBuildFile; fileRef = EE5B93982A0866EA00B43381 /* CommunityPostCategoryViewModel+Preview.swift */; };
		EE5B939E2A088B5400B43381 /* CategoryCardView.swift in Sources */ = {isa = PBXBuildFile; fileRef = EE5B939D2A088B5400B43381 /* CategoryCardView.swift */; };
		EE5B93A02A088B5E00B43381 /* CategoryCardViewModel.swift in Sources */ = {isa = PBXBuildFile; fileRef = EE5B939F2A088B5E00B43381 /* CategoryCardViewModel.swift */; };
		EE5B93A22A088C1F00B43381 /* CategoryCardViewModel+Preview.swift in Sources */ = {isa = PBXBuildFile; fileRef = EE5B93A12A088C1F00B43381 /* CategoryCardViewModel+Preview.swift */; };
		EE5B93A52A088E7B00B43381 /* Color+Extensions.swift in Sources */ = {isa = PBXBuildFile; fileRef = EE5B93A42A088E7B00B43381 /* Color+Extensions.swift */; };
		EE5D39EF2A2B9B4B00D0E312 /* TightLabelStyle.swift in Sources */ = {isa = PBXBuildFile; fileRef = EE5D39EE2A2B9B4B00D0E312 /* TightLabelStyle.swift */; };
		EE5D39F12A2BB5DC00D0E312 /* RichLinkService.swift in Sources */ = {isa = PBXBuildFile; fileRef = EE5D39F02A2BB5DC00D0E312 /* RichLinkService.swift */; };
		EE5D39F32A2BDA1E00D0E312 /* LPLinkViewRepresented.swift in Sources */ = {isa = PBXBuildFile; fileRef = EE5D39F22A2BDA1E00D0E312 /* LPLinkViewRepresented.swift */; };
		EE5D39F72A2D077D00D0E312 /* PositionObservingView.swift in Sources */ = {isa = PBXBuildFile; fileRef = EE5D39F62A2D077D00D0E312 /* PositionObservingView.swift */; };
		EE5D39F92A2D085900D0E312 /* OffsetObservingScrollView.swift in Sources */ = {isa = PBXBuildFile; fileRef = EE5D39F82A2D085900D0E312 /* OffsetObservingScrollView.swift */; };
		EE5D39FD2A2ECB2A00D0E312 /* CommunityCoordinatorViewModel+Preview.swift in Sources */ = {isa = PBXBuildFile; fileRef = EE5D39FC2A2ECB2A00D0E312 /* CommunityCoordinatorViewModel+Preview.swift */; };
		EE5D39FF2A2ED43A00D0E312 /* CommunityCoordinatorViewModel.swift in Sources */ = {isa = PBXBuildFile; fileRef = EE5D39FE2A2ED43A00D0E312 /* CommunityCoordinatorViewModel.swift */; };
		EE5D3A012A2EE0ED00D0E312 /* CommunitiesTabCoordinatorViewModel+Preview.swift in Sources */ = {isa = PBXBuildFile; fileRef = EE5D3A002A2EE0ED00D0E312 /* CommunitiesTabCoordinatorViewModel+Preview.swift */; };
		EE5D3A032A30204D00D0E312 /* CommunitiesTabCoordinatorViewModel.swift in Sources */ = {isa = PBXBuildFile; fileRef = EE5D3A022A30204D00D0E312 /* CommunitiesTabCoordinatorViewModel.swift */; };
		EE5D3A052A36564A00D0E312 /* CommunityService.swift in Sources */ = {isa = PBXBuildFile; fileRef = EE5D3A042A36564A00D0E312 /* CommunityService.swift */; };
		EE5D3A072A38041500D0E312 /* CommunityCategory.swift in Sources */ = {isa = PBXBuildFile; fileRef = EE5D3A062A38041500D0E312 /* CommunityCategory.swift */; };
		EE5D3A092A3804D100D0E312 /* PostCategory+Extension.swift in Sources */ = {isa = PBXBuildFile; fileRef = EE5D3A082A3804D100D0E312 /* PostCategory+Extension.swift */; };
		EE5D3A0D2A45241200D0E312 /* Resource+Preview.swift in Sources */ = {isa = PBXBuildFile; fileRef = EE5D3A0C2A45241200D0E312 /* Resource+Preview.swift */; };
		EE5D3A0F2A45246400D0E312 /* Rule+Preview.swift in Sources */ = {isa = PBXBuildFile; fileRef = EE5D3A0E2A45246400D0E312 /* Rule+Preview.swift */; };
		EE80D8B129BAE4A80000F8EF /* Post+Preview.swift in Sources */ = {isa = PBXBuildFile; fileRef = EE80D8B029BAE4A80000F8EF /* Post+Preview.swift */; };
		EE80D8B429BAE6410000F8EF /* Community+Preview.swift in Sources */ = {isa = PBXBuildFile; fileRef = EE80D8B329BAE6410000F8EF /* Community+Preview.swift */; };
		EE80D8B629BAECCE0000F8EF /* Link.swift in Sources */ = {isa = PBXBuildFile; fileRef = EE80D8B529BAECCE0000F8EF /* Link.swift */; };
		EE80D8BE29BC11240000F8EF /* CommunityCoordinator+Preview.swift in Sources */ = {isa = PBXBuildFile; fileRef = EE80D8BD29BC11240000F8EF /* CommunityCoordinator+Preview.swift */; };
		EE80D8C129BC120A0000F8EF /* Router+Preview.swift in Sources */ = {isa = PBXBuildFile; fileRef = EE80D8C029BC120A0000F8EF /* Router+Preview.swift */; };
		EE80D8C329BC12720000F8EF /* CommunitiesTabCoordinator+Preview.swift in Sources */ = {isa = PBXBuildFile; fileRef = EE80D8C229BC12720000F8EF /* CommunitiesTabCoordinator+Preview.swift */; };
		EE80D8C629BC12C70000F8EF /* CommunitiesTabMainViewModel+Preview.swift in Sources */ = {isa = PBXBuildFile; fileRef = EE80D8C529BC12C70000F8EF /* CommunitiesTabMainViewModel+Preview.swift */; };
		EE80D8C829BC13930000F8EF /* PostCoordinator+Preview.swift in Sources */ = {isa = PBXBuildFile; fileRef = EE80D8C729BC13930000F8EF /* PostCoordinator+Preview.swift */; };
		EE80D8CA29BC13C00000F8EF /* PostViewModel+Preview.swift in Sources */ = {isa = PBXBuildFile; fileRef = EE80D8C929BC13C00000F8EF /* PostViewModel+Preview.swift */; };
		EE80D8CC29BC14560000F8EF /* PostCardViewModel+Preview.swift in Sources */ = {isa = PBXBuildFile; fileRef = EE80D8CB29BC14560000F8EF /* PostCardViewModel+Preview.swift */; };
		EE80D8CE29BC15550000F8EF /* VotingTabCoordinator+Preview.swift in Sources */ = {isa = PBXBuildFile; fileRef = EE80D8CD29BC15550000F8EF /* VotingTabCoordinator+Preview.swift */; };
		EE80D8D029BC157D0000F8EF /* VotingTabMainViewModel+Preview.swift in Sources */ = {isa = PBXBuildFile; fileRef = EE80D8CF29BC157D0000F8EF /* VotingTabMainViewModel+Preview.swift */; };
		EE80D8D229BC15DF0000F8EF /* EventsTabCoordinator+Preview.swift in Sources */ = {isa = PBXBuildFile; fileRef = EE80D8D129BC15DF0000F8EF /* EventsTabCoordinator+Preview.swift */; };
		EE80D8D429BC15FC0000F8EF /* EventsTabMainViewModel+Preview.swift in Sources */ = {isa = PBXBuildFile; fileRef = EE80D8D329BC15FC0000F8EF /* EventsTabMainViewModel+Preview.swift */; };
		EE80D8D629BC16D90000F8EF /* UpdatesTabCoordinator+Preview.swift in Sources */ = {isa = PBXBuildFile; fileRef = EE80D8D529BC16D90000F8EF /* UpdatesTabCoordinator+Preview.swift */; };
		EE80D8D829BC17020000F8EF /* UpdatesTabMainViewModel+Preview.swift in Sources */ = {isa = PBXBuildFile; fileRef = EE80D8D729BC17020000F8EF /* UpdatesTabMainViewModel+Preview.swift */; };
		EE80D8DA29BC176E0000F8EF /* CommunityViewModel+Preview.swift in Sources */ = {isa = PBXBuildFile; fileRef = EE80D8D929BC176E0000F8EF /* CommunityViewModel+Preview.swift */; };
		EE80D8DC29BC18EE0000F8EF /* CommunityHomeFeedViewModel+Preview.swift in Sources */ = {isa = PBXBuildFile; fileRef = EE80D8DB29BC18EE0000F8EF /* CommunityHomeFeedViewModel+Preview.swift */; };
		EE80D8DE29BC19ED0000F8EF /* HistoryTabCoordinator+Preview.swift in Sources */ = {isa = PBXBuildFile; fileRef = EE80D8DD29BC19ED0000F8EF /* HistoryTabCoordinator+Preview.swift */; };
		EE80D8E029BC1A080000F8EF /* HistoryTabMainViewModel+Preview.swift in Sources */ = {isa = PBXBuildFile; fileRef = EE80D8DF29BC1A080000F8EF /* HistoryTabMainViewModel+Preview.swift */; };
		EE80D8E229BC1DD80000F8EF /* PostInteractor.swift in Sources */ = {isa = PBXBuildFile; fileRef = EE80D8E129BC1DD80000F8EF /* PostInteractor.swift */; };
		EE80D8E429BC1E2F0000F8EF /* PostLocalRepository.swift in Sources */ = {isa = PBXBuildFile; fileRef = EE80D8E329BC1E2F0000F8EF /* PostLocalRepository.swift */; };
		EE80D8E629BC1F030000F8EF /* PostRemoteRepository.swift in Sources */ = {isa = PBXBuildFile; fileRef = EE80D8E529BC1F030000F8EF /* PostRemoteRepository.swift */; };
		EE80D8E929BD11600000F8EF /* Factory in Frameworks */ = {isa = PBXBuildFile; productRef = EE80D8E829BD11600000F8EF /* Factory */; };
		EE80D8EB29BD15640000F8EF /* ProjectNotes.swift in Sources */ = {isa = PBXBuildFile; fileRef = EE80D8EA29BD15640000F8EF /* ProjectNotes.swift */; };
		EE80D8ED29BD180E0000F8EF /* Container+Extensions.swift in Sources */ = {isa = PBXBuildFile; fileRef = EE80D8EC29BD180E0000F8EF /* Container+Extensions.swift */; };
		EE80D8F029BD37860000F8EF /* AddPostView.swift in Sources */ = {isa = PBXBuildFile; fileRef = EE80D8EF29BD37860000F8EF /* AddPostView.swift */; };
		EE80D8F229BD39210000F8EF /* AddPostViewModel.swift in Sources */ = {isa = PBXBuildFile; fileRef = EE80D8F129BD39210000F8EF /* AddPostViewModel.swift */; };
		EE80D8F429BD3A940000F8EF /* AddPostViewModel+Preview.swift in Sources */ = {isa = PBXBuildFile; fileRef = EE80D8F329BD3A940000F8EF /* AddPostViewModel+Preview.swift */; };
		EE80D8F629C01EBA0000F8EF /* UserInteractor.swift in Sources */ = {isa = PBXBuildFile; fileRef = EE80D8F529C01EBA0000F8EF /* UserInteractor.swift */; };
		EE80D8F829C01F1D0000F8EF /* UserLocalRepository.swift in Sources */ = {isa = PBXBuildFile; fileRef = EE80D8F729C01F1D0000F8EF /* UserLocalRepository.swift */; };
		EE80D8FA29C01F360000F8EF /* UserRemoteRepository.swift in Sources */ = {isa = PBXBuildFile; fileRef = EE80D8F929C01F360000F8EF /* UserRemoteRepository.swift */; };
		EE80D8FC29C01FF00000F8EF /* CommunityInteractor.swift in Sources */ = {isa = PBXBuildFile; fileRef = EE80D8FB29C01FF00000F8EF /* CommunityInteractor.swift */; };
		EE80D8FE29C020780000F8EF /* CommunityLocalRepository.swift in Sources */ = {isa = PBXBuildFile; fileRef = EE80D8FD29C020780000F8EF /* CommunityLocalRepository.swift */; };
		EE80D90029C020960000F8EF /* CommunityRemoteRepositoryProtocol.swift in Sources */ = {isa = PBXBuildFile; fileRef = EE80D8FF29C020960000F8EF /* CommunityRemoteRepositoryProtocol.swift */; };
		EE80D90229C2BB0C0000F8EF /* AddPostAlert.swift in Sources */ = {isa = PBXBuildFile; fileRef = EE80D90129C2BB0C0000F8EF /* AddPostAlert.swift */; };
		EE80D90429C923960000F8EF /* CommunityInfoViewModel.swift in Sources */ = {isa = PBXBuildFile; fileRef = EE80D90329C923960000F8EF /* CommunityInfoViewModel.swift */; };
		EE80D90829C926600000F8EF /* CandidatesView.swift in Sources */ = {isa = PBXBuildFile; fileRef = EE80D90729C926600000F8EF /* CandidatesView.swift */; };
		EE80D90A29C926BF0000F8EF /* CommunityInfoViewModel+Preview.swift in Sources */ = {isa = PBXBuildFile; fileRef = EE80D90929C926BF0000F8EF /* CommunityInfoViewModel+Preview.swift */; };
		EE80D90D29C92C0B0000F8EF /* CandidateCardView.swift in Sources */ = {isa = PBXBuildFile; fileRef = EE80D90C29C92C0B0000F8EF /* CandidateCardView.swift */; };
		EE80D90F29C92C190000F8EF /* CandidateCardViewModel.swift in Sources */ = {isa = PBXBuildFile; fileRef = EE80D90E29C92C190000F8EF /* CandidateCardViewModel.swift */; };
		EE80D91129C92C670000F8EF /* Candidate.swift in Sources */ = {isa = PBXBuildFile; fileRef = EE80D91029C92C670000F8EF /* Candidate.swift */; };
		EE80D91329C92DA60000F8EF /* CandidateCardViewModel+Preview.swift in Sources */ = {isa = PBXBuildFile; fileRef = EE80D91229C92DA60000F8EF /* CandidateCardViewModel+Preview.swift */; };
		EE80D91529C92DC70000F8EF /* Candidate+Preview.swift in Sources */ = {isa = PBXBuildFile; fileRef = EE80D91429C92DC70000F8EF /* Candidate+Preview.swift */; };
		EE80D91829C930210000F8EF /* CandidateView.swift in Sources */ = {isa = PBXBuildFile; fileRef = EE80D91729C930210000F8EF /* CandidateView.swift */; };
		EE80D91A29C9306A0000F8EF /* CandidateViewModel.swift in Sources */ = {isa = PBXBuildFile; fileRef = EE80D91929C9306A0000F8EF /* CandidateViewModel.swift */; };
		EE80D91C29C930C40000F8EF /* CandidateViewModel+Preview.swift in Sources */ = {isa = PBXBuildFile; fileRef = EE80D91B29C930C40000F8EF /* CandidateViewModel+Preview.swift */; };
		EE80D91E29C932180000F8EF /* CandidatesViewModel.swift in Sources */ = {isa = PBXBuildFile; fileRef = EE80D91D29C932180000F8EF /* CandidatesViewModel.swift */; };
		EE80D92029C938320000F8EF /* CandidatesViewModel+Preview.swift in Sources */ = {isa = PBXBuildFile; fileRef = EE80D91F29C938320000F8EF /* CandidatesViewModel+Preview.swift */; };
		EE80D92229C9557D0000F8EF /* CandidateInteractor.swift in Sources */ = {isa = PBXBuildFile; fileRef = EE80D92129C9557D0000F8EF /* CandidateInteractor.swift */; };
		EE80D92429C955C30000F8EF /* CandidateLocalRepository.swift in Sources */ = {isa = PBXBuildFile; fileRef = EE80D92329C955C30000F8EF /* CandidateLocalRepository.swift */; };
		EE80D92629C955DB0000F8EF /* CandidateRemoteRepository.swift in Sources */ = {isa = PBXBuildFile; fileRef = EE80D92529C955DB0000F8EF /* CandidateRemoteRepository.swift */; };
		EE80D92929D0D2420000F8EF /* GRDB in Frameworks */ = {isa = PBXBuildFile; productRef = EE80D92829D0D2420000F8EF /* GRDB */; };
		EE80D92D29D0D4DC0000F8EF /* GRDBService.swift in Sources */ = {isa = PBXBuildFile; fileRef = EE80D92C29D0D4DC0000F8EF /* GRDBService.swift */; };
		EE80D93029D0D7970000F8EF /* AppDelegate.swift in Sources */ = {isa = PBXBuildFile; fileRef = EE80D92F29D0D7970000F8EF /* AppDelegate.swift */; };
		EE80D93329D286180000F8EF /* CreateCandidateView.swift in Sources */ = {isa = PBXBuildFile; fileRef = EE80D93229D286180000F8EF /* CreateCandidateView.swift */; };
		EE80D93529D286240000F8EF /* CreateCandidateViewModel.swift in Sources */ = {isa = PBXBuildFile; fileRef = EE80D93429D286240000F8EF /* CreateCandidateViewModel.swift */; };
		EE80D93729D289BB0000F8EF /* CreateCandidateAlert.swift in Sources */ = {isa = PBXBuildFile; fileRef = EE80D93629D289BB0000F8EF /* CreateCandidateAlert.swift */; };
		EE80D93929D28B0E0000F8EF /* CreateCandidateViewModel+Preview.swift in Sources */ = {isa = PBXBuildFile; fileRef = EE80D93829D28B0E0000F8EF /* CreateCandidateViewModel+Preview.swift */; };
		EE80D93D29D882F70000F8EF /* User+Preview.swift in Sources */ = {isa = PBXBuildFile; fileRef = EE80D93C29D882F70000F8EF /* User+Preview.swift */; };
		EE80D94829D9DC040000F8EF /* CommunityCard.swift in Sources */ = {isa = PBXBuildFile; fileRef = EE80D94729D9DC040000F8EF /* CommunityCard.swift */; };
		EE80D94A29D9FDA20000F8EF /* CommunitiesScrollView.swift in Sources */ = {isa = PBXBuildFile; fileRef = EE80D94929D9FDA20000F8EF /* CommunitiesScrollView.swift */; };
		EE80D94D29DB90440000F8EF /* CreateCommunityView.swift in Sources */ = {isa = PBXBuildFile; fileRef = EE80D94C29DB90440000F8EF /* CreateCommunityView.swift */; };
		EE80D94F29DB90AD0000F8EF /* CreateCommunityViewModel.swift in Sources */ = {isa = PBXBuildFile; fileRef = EE80D94E29DB90AD0000F8EF /* CreateCommunityViewModel.swift */; };
		EE80D95129DB94AF0000F8EF /* CreateCommunityAlert.swift in Sources */ = {isa = PBXBuildFile; fileRef = EE80D95029DB94AF0000F8EF /* CreateCommunityAlert.swift */; };
		EE80D95329DB96F50000F8EF /* CreateCommunityViewModel+Preview.swift in Sources */ = {isa = PBXBuildFile; fileRef = EE80D95229DB96F50000F8EF /* CreateCommunityViewModel+Preview.swift */; };
		EE80D95629E0B6D10000F8EF /* ReversedLabelStyle.swift in Sources */ = {isa = PBXBuildFile; fileRef = EE80D95529E0B6D10000F8EF /* ReversedLabelStyle.swift */; };
		EE80D95B29E8EBD10000F8EF /* WebView.swift in Sources */ = {isa = PBXBuildFile; fileRef = EE80D95A29E8EBD10000F8EF /* WebView.swift */; };
		EED47ECD299F167100FEFC6E /* MainCoordinator.swift in Sources */ = {isa = PBXBuildFile; fileRef = EED47ECC299F167100FEFC6E /* MainCoordinator.swift */; };
		EED47ECF299F167B00FEFC6E /* B.swift in Sources */ = {isa = PBXBuildFile; fileRef = EED47ECE299F167B00FEFC6E /* B.swift */; };
		EED47ED1299F168200FEFC6E /* C.swift in Sources */ = {isa = PBXBuildFile; fileRef = EED47ED0299F168200FEFC6E /* C.swift */; };
		EED47ED3299F168800FEFC6E /* D.swift in Sources */ = {isa = PBXBuildFile; fileRef = EED47ED2299F168800FEFC6E /* D.swift */; };
		EED47ED5299F169000FEFC6E /* SettingsView.swift in Sources */ = {isa = PBXBuildFile; fileRef = EED47ED4299F169000FEFC6E /* SettingsView.swift */; };
		EED47ED9299F185700FEFC6E /* ViewModelB.swift in Sources */ = {isa = PBXBuildFile; fileRef = EED47ED8299F185700FEFC6E /* ViewModelB.swift */; };
		EED47EDB299F185E00FEFC6E /* ViewModelC.swift in Sources */ = {isa = PBXBuildFile; fileRef = EED47EDA299F185E00FEFC6E /* ViewModelC.swift */; };
		EED47EDD299F186600FEFC6E /* ViewModelD.swift in Sources */ = {isa = PBXBuildFile; fileRef = EED47EDC299F186600FEFC6E /* ViewModelD.swift */; };
		EED47EDF299F186D00FEFC6E /* SettingsViewModel.swift in Sources */ = {isa = PBXBuildFile; fileRef = EED47EDE299F186D00FEFC6E /* SettingsViewModel.swift */; };
		EED4A4EC29A9984200DDCCDA /* SettingsCoordinator.swift in Sources */ = {isa = PBXBuildFile; fileRef = EED4A4EB29A9984200DDCCDA /* SettingsCoordinator.swift */; };
		EED4A4EF29AA7E9600DDCCDA /* RootView.swift in Sources */ = {isa = PBXBuildFile; fileRef = EED4A4EE29AA7E9600DDCCDA /* RootView.swift */; };
		EED4A4F129AA7ED700DDCCDA /* RootViewModel.swift in Sources */ = {isa = PBXBuildFile; fileRef = EED4A4F029AA7ED700DDCCDA /* RootViewModel.swift */; };
		EED4A4F929AA855900DDCCDA /* EventsTabCoordinator.swift in Sources */ = {isa = PBXBuildFile; fileRef = EED4A4F829AA855900DDCCDA /* EventsTabCoordinator.swift */; };
		EED4A4FB29AA857000DDCCDA /* VotingTabCoordinator.swift in Sources */ = {isa = PBXBuildFile; fileRef = EED4A4FA29AA857000DDCCDA /* VotingTabCoordinator.swift */; };
		EED4A4FD29AA857B00DDCCDA /* CommunitiesTabCoordinator.swift in Sources */ = {isa = PBXBuildFile; fileRef = EED4A4FC29AA857B00DDCCDA /* CommunitiesTabCoordinator.swift */; };
		EED4A4FF29AA858600DDCCDA /* HistoryTabCoordinator.swift in Sources */ = {isa = PBXBuildFile; fileRef = EED4A4FE29AA858600DDCCDA /* HistoryTabCoordinator.swift */; };
		EED4A50129AA859500DDCCDA /* UpdatesTabCoordinator.swift in Sources */ = {isa = PBXBuildFile; fileRef = EED4A50029AA859500DDCCDA /* UpdatesTabCoordinator.swift */; };
		EED4A50329AA86C900DDCCDA /* VotingTabMainView.swift in Sources */ = {isa = PBXBuildFile; fileRef = EED4A50229AA86C900DDCCDA /* VotingTabMainView.swift */; };
		EED4A50529AA870000DDCCDA /* VotingTabMainViewModel.swift in Sources */ = {isa = PBXBuildFile; fileRef = EED4A50429AA870000DDCCDA /* VotingTabMainViewModel.swift */; };
		EED4A50729AA8BAE00DDCCDA /* EventsTabMainView.swift in Sources */ = {isa = PBXBuildFile; fileRef = EED4A50629AA8BAE00DDCCDA /* EventsTabMainView.swift */; };
		EED4A50929AA8BC100DDCCDA /* EventsTabMainViewModel.swift in Sources */ = {isa = PBXBuildFile; fileRef = EED4A50829AA8BC100DDCCDA /* EventsTabMainViewModel.swift */; };
		EED4A50B29AB18D400DDCCDA /* UpdatesTabMainView.swift in Sources */ = {isa = PBXBuildFile; fileRef = EED4A50A29AB18D400DDCCDA /* UpdatesTabMainView.swift */; };
		EED4A50D29AB18E400DDCCDA /* UpdatesTabMainViewModel.swift in Sources */ = {isa = PBXBuildFile; fileRef = EED4A50C29AB18E400DDCCDA /* UpdatesTabMainViewModel.swift */; };
		EED4A50F29AB1A5A00DDCCDA /* CommunitiesTabMainView.swift in Sources */ = {isa = PBXBuildFile; fileRef = EED4A50E29AB1A5A00DDCCDA /* CommunitiesTabMainView.swift */; };
		EED4A51129AB1A6900DDCCDA /* CommunitiesTabMainViewModel.swift in Sources */ = {isa = PBXBuildFile; fileRef = EED4A51029AB1A6900DDCCDA /* CommunitiesTabMainViewModel.swift */; };
		EED4A51329AB1C6F00DDCCDA /* HistoryTabMainView.swift in Sources */ = {isa = PBXBuildFile; fileRef = EED4A51229AB1C6F00DDCCDA /* HistoryTabMainView.swift */; };
		EED4A51529AB1C7900DDCCDA /* HistoryTabMainViewModel.swift in Sources */ = {isa = PBXBuildFile; fileRef = EED4A51429AB1C7900DDCCDA /* HistoryTabMainViewModel.swift */; };
		EED4A51A29ABC2D400DDCCDA /* Community.swift in Sources */ = {isa = PBXBuildFile; fileRef = EED4A51929ABC2D400DDCCDA /* Community.swift */; };
		EED4A51C29ABC2FE00DDCCDA /* User.swift in Sources */ = {isa = PBXBuildFile; fileRef = EED4A51B29ABC2FE00DDCCDA /* User.swift */; };
		EED4A51F29ABC86300DDCCDA /* CommunityCoordinator.swift in Sources */ = {isa = PBXBuildFile; fileRef = EED4A51E29ABC86300DDCCDA /* CommunityCoordinator.swift */; };
		EED4A52129ABC86D00DDCCDA /* CommunityViewPicker.swift in Sources */ = {isa = PBXBuildFile; fileRef = EED4A52029ABC86D00DDCCDA /* CommunityViewPicker.swift */; };
		EED4A52329ABC87B00DDCCDA /* CommunityViewModel.swift in Sources */ = {isa = PBXBuildFile; fileRef = EED4A52229ABC87B00DDCCDA /* CommunityViewModel.swift */; };
		EED4A52629B810FF00DDCCDA /* Post.swift in Sources */ = {isa = PBXBuildFile; fileRef = EED4A52529B810FF00DDCCDA /* Post.swift */; };
		EED4A52A29B8187D00DDCCDA /* PostCoordinator.swift in Sources */ = {isa = PBXBuildFile; fileRef = EED4A52929B8187D00DDCCDA /* PostCoordinator.swift */; };
		EED4A52C29B8190700DDCCDA /* PostView.swift in Sources */ = {isa = PBXBuildFile; fileRef = EED4A52B29B8190700DDCCDA /* PostView.swift */; };
		EED4A52E29B81A2E00DDCCDA /* PostViewModel.swift in Sources */ = {isa = PBXBuildFile; fileRef = EED4A52D29B81A2E00DDCCDA /* PostViewModel.swift */; };
		EED4A53329B81D6800DDCCDA /* CommunityHomeFeedView.swift in Sources */ = {isa = PBXBuildFile; fileRef = EED4A53229B81D6800DDCCDA /* CommunityHomeFeedView.swift */; };
		EED4A53529B81D8000DDCCDA /* CommunityInfoView.swift in Sources */ = {isa = PBXBuildFile; fileRef = EED4A53429B81D8000DDCCDA /* CommunityInfoView.swift */; };
		EED4A53729B81D9500DDCCDA /* CommunityArchiveFeedView.swift in Sources */ = {isa = PBXBuildFile; fileRef = EED4A53629B81D9500DDCCDA /* CommunityArchiveFeedView.swift */; };
		EED4A53A29B9629900DDCCDA /* PostCardView.swift in Sources */ = {isa = PBXBuildFile; fileRef = EED4A53929B9629900DDCCDA /* PostCardView.swift */; };
		EED4A53C29B965AF00DDCCDA /* PostCardViewModel.swift in Sources */ = {isa = PBXBuildFile; fileRef = EED4A53B29B965AF00DDCCDA /* PostCardViewModel.swift */; };
		EED4A53E29B971B700DDCCDA /* CommunityHomeFeedViewModel.swift in Sources */ = {isa = PBXBuildFile; fileRef = EED4A53D29B971B700DDCCDA /* CommunityHomeFeedViewModel.swift */; };
		EED4A54029BAB3E800DDCCDA /* Comment.swift in Sources */ = {isa = PBXBuildFile; fileRef = EED4A53F29BAB3E800DDCCDA /* Comment.swift */; };
		EED4A54329BAB60100DDCCDA /* Hashable+Extensions.swift in Sources */ = {isa = PBXBuildFile; fileRef = EED4A54229BAB60100DDCCDA /* Hashable+Extensions.swift */; };
		EED4A54529BAE16700DDCCDA /* Tag.swift in Sources */ = {isa = PBXBuildFile; fileRef = EED4A54429BAE16700DDCCDA /* Tag.swift */; };
		EEF83461299C6824001EEA5E /* DemocracyApp.swift in Sources */ = {isa = PBXBuildFile; fileRef = EEF83460299C6824001EEA5E /* DemocracyApp.swift */; };
		EEF83463299C6824001EEA5E /* ContentView.swift in Sources */ = {isa = PBXBuildFile; fileRef = EEF83462299C6824001EEA5E /* ContentView.swift */; };
		EEF83465299C6827001EEA5E /* Assets.xcassets in Resources */ = {isa = PBXBuildFile; fileRef = EEF83464299C6827001EEA5E /* Assets.xcassets */; };
		EEF83468299C6827001EEA5E /* Preview Assets.xcassets in Resources */ = {isa = PBXBuildFile; fileRef = EEF83467299C6827001EEA5E /* Preview Assets.xcassets */; };
		EEF83473299C6A11001EEA5E /* Router.swift in Sources */ = {isa = PBXBuildFile; fileRef = EEF83472299C6A11001EEA5E /* Router.swift */; };
/* End PBXBuildFile section */

/* Begin PBXFileReference section */
		EE45248C2A5651CB00C7A2DD /* ResourcesSectionViewModel.swift */ = {isa = PBXFileReference; lastKnownFileType = sourcecode.swift; path = ResourcesSectionViewModel.swift; sourceTree = "<group>"; };
		EE45248E2A5651FB00C7A2DD /* ResourcesSection.swift */ = {isa = PBXFileReference; lastKnownFileType = sourcecode.swift; path = ResourcesSection.swift; sourceTree = "<group>"; };
		EE4524902A56597400C7A2DD /* ResourceView.swift */ = {isa = PBXFileReference; lastKnownFileType = sourcecode.swift; path = ResourceView.swift; sourceTree = "<group>"; };
		EE4524932A565CA400C7A2DD /* ResourceViewModel.swift */ = {isa = PBXFileReference; lastKnownFileType = sourcecode.swift; path = ResourceViewModel.swift; sourceTree = "<group>"; };
		EE4524962A56655900C7A2DD /* AboutSectionViewModel.swift */ = {isa = PBXFileReference; lastKnownFileType = sourcecode.swift; path = AboutSectionViewModel.swift; sourceTree = "<group>"; };
		EE4524982A56656B00C7A2DD /* AboutSection.swift */ = {isa = PBXFileReference; lastKnownFileType = sourcecode.swift; path = AboutSection.swift; sourceTree = "<group>"; };
		EE54ADDE29A329C9007C3E3F /* MainTabView.swift */ = {isa = PBXFileReference; lastKnownFileType = sourcecode.swift; path = MainTabView.swift; sourceTree = "<group>"; };
		EE54ADE629A40101007C3E3F /* AuthenticationCoordinator.swift */ = {isa = PBXFileReference; lastKnownFileType = sourcecode.swift; path = AuthenticationCoordinator.swift; sourceTree = "<group>"; };
		EE54ADE929A712AD007C3E3F /* LoginView.swift */ = {isa = PBXFileReference; lastKnownFileType = sourcecode.swift; path = LoginView.swift; sourceTree = "<group>"; };
		EE54ADEB29A714E8007C3E3F /* LoginViewModel.swift */ = {isa = PBXFileReference; lastKnownFileType = sourcecode.swift; path = LoginViewModel.swift; sourceTree = "<group>"; };
		EE5B938229F747DD00B43381 /* RepresentativeType.swift */ = {isa = PBXFileReference; lastKnownFileType = sourcecode.swift; path = RepresentativeType.swift; sourceTree = "<group>"; };
		EE5B938429F7652800B43381 /* HeaderWithDropDownFilter.swift */ = {isa = PBXFileReference; lastKnownFileType = sourcecode.swift; path = HeaderWithDropDownFilter.swift; sourceTree = "<group>"; };
		EE5B938629F76EF800B43381 /* CommunityArchiveFeedViewModel.swift */ = {isa = PBXFileReference; lastKnownFileType = sourcecode.swift; path = CommunityArchiveFeedViewModel.swift; sourceTree = "<group>"; };
		EE5B938829F76FDA00B43381 /* CommunityArchiveFeedViewModel+Preview.swift */ = {isa = PBXFileReference; lastKnownFileType = sourcecode.swift; path = "CommunityArchiveFeedViewModel+Preview.swift"; sourceTree = "<group>"; };
		EE5B938A29F7764E00B43381 /* BoundMenu.swift */ = {isa = PBXFileReference; lastKnownFileType = sourcecode.swift; path = BoundMenu.swift; sourceTree = "<group>"; };
		EE5B938D2A03346C00B43381 /* Date+Extensions.swift */ = {isa = PBXFileReference; lastKnownFileType = sourcecode.swift; path = "Date+Extensions.swift"; sourceTree = "<group>"; };
		EE5B938F2A03396700B43381 /* TimeGranularity.swift */ = {isa = PBXFileReference; lastKnownFileType = sourcecode.swift; path = TimeGranularity.swift; sourceTree = "<group>"; };
		EE5B93912A033A7D00B43381 /* Month.swift */ = {isa = PBXFileReference; lastKnownFileType = sourcecode.swift; path = Month.swift; sourceTree = "<group>"; };
		EE5B93942A0864D400B43381 /* CommunityPostCategoryView.swift */ = {isa = PBXFileReference; lastKnownFileType = sourcecode.swift; path = CommunityPostCategoryView.swift; sourceTree = "<group>"; };
		EE5B93962A0864E700B43381 /* CommunityPostCategoryViewModel.swift */ = {isa = PBXFileReference; lastKnownFileType = sourcecode.swift; path = CommunityPostCategoryViewModel.swift; sourceTree = "<group>"; };
		EE5B93982A0866EA00B43381 /* CommunityPostCategoryViewModel+Preview.swift */ = {isa = PBXFileReference; lastKnownFileType = sourcecode.swift; path = "CommunityPostCategoryViewModel+Preview.swift"; sourceTree = "<group>"; };
		EE5B939D2A088B5400B43381 /* CategoryCardView.swift */ = {isa = PBXFileReference; lastKnownFileType = sourcecode.swift; path = CategoryCardView.swift; sourceTree = "<group>"; };
		EE5B939F2A088B5E00B43381 /* CategoryCardViewModel.swift */ = {isa = PBXFileReference; lastKnownFileType = sourcecode.swift; path = CategoryCardViewModel.swift; sourceTree = "<group>"; };
		EE5B93A12A088C1F00B43381 /* CategoryCardViewModel+Preview.swift */ = {isa = PBXFileReference; lastKnownFileType = sourcecode.swift; path = "CategoryCardViewModel+Preview.swift"; sourceTree = "<group>"; };
		EE5B93A42A088E7B00B43381 /* Color+Extensions.swift */ = {isa = PBXFileReference; lastKnownFileType = sourcecode.swift; path = "Color+Extensions.swift"; sourceTree = "<group>"; };
		EE5D39EE2A2B9B4B00D0E312 /* TightLabelStyle.swift */ = {isa = PBXFileReference; lastKnownFileType = sourcecode.swift; path = TightLabelStyle.swift; sourceTree = "<group>"; };
		EE5D39F02A2BB5DC00D0E312 /* RichLinkService.swift */ = {isa = PBXFileReference; lastKnownFileType = sourcecode.swift; path = RichLinkService.swift; sourceTree = "<group>"; };
		EE5D39F22A2BDA1E00D0E312 /* LPLinkViewRepresented.swift */ = {isa = PBXFileReference; lastKnownFileType = sourcecode.swift; path = LPLinkViewRepresented.swift; sourceTree = "<group>"; };
		EE5D39F62A2D077D00D0E312 /* PositionObservingView.swift */ = {isa = PBXFileReference; lastKnownFileType = sourcecode.swift; path = PositionObservingView.swift; sourceTree = "<group>"; };
		EE5D39F82A2D085900D0E312 /* OffsetObservingScrollView.swift */ = {isa = PBXFileReference; lastKnownFileType = sourcecode.swift; path = OffsetObservingScrollView.swift; sourceTree = "<group>"; };
		EE5D39FC2A2ECB2A00D0E312 /* CommunityCoordinatorViewModel+Preview.swift */ = {isa = PBXFileReference; lastKnownFileType = sourcecode.swift; path = "CommunityCoordinatorViewModel+Preview.swift"; sourceTree = "<group>"; };
		EE5D39FE2A2ED43A00D0E312 /* CommunityCoordinatorViewModel.swift */ = {isa = PBXFileReference; lastKnownFileType = sourcecode.swift; path = CommunityCoordinatorViewModel.swift; sourceTree = "<group>"; };
		EE5D3A002A2EE0ED00D0E312 /* CommunitiesTabCoordinatorViewModel+Preview.swift */ = {isa = PBXFileReference; lastKnownFileType = sourcecode.swift; path = "CommunitiesTabCoordinatorViewModel+Preview.swift"; sourceTree = "<group>"; };
		EE5D3A022A30204D00D0E312 /* CommunitiesTabCoordinatorViewModel.swift */ = {isa = PBXFileReference; lastKnownFileType = sourcecode.swift; path = CommunitiesTabCoordinatorViewModel.swift; sourceTree = "<group>"; };
		EE5D3A042A36564A00D0E312 /* CommunityService.swift */ = {isa = PBXFileReference; lastKnownFileType = sourcecode.swift; path = CommunityService.swift; sourceTree = "<group>"; };
		EE5D3A062A38041500D0E312 /* CommunityCategory.swift */ = {isa = PBXFileReference; lastKnownFileType = sourcecode.swift; path = CommunityCategory.swift; sourceTree = "<group>"; };
		EE5D3A082A3804D100D0E312 /* PostCategory+Extension.swift */ = {isa = PBXFileReference; lastKnownFileType = sourcecode.swift; path = "PostCategory+Extension.swift"; sourceTree = "<group>"; };
		EE5D3A0C2A45241200D0E312 /* Resource+Preview.swift */ = {isa = PBXFileReference; lastKnownFileType = sourcecode.swift; path = "Resource+Preview.swift"; sourceTree = "<group>"; };
		EE5D3A0E2A45246400D0E312 /* Rule+Preview.swift */ = {isa = PBXFileReference; lastKnownFileType = sourcecode.swift; path = "Rule+Preview.swift"; sourceTree = "<group>"; };
		EE80D8B029BAE4A80000F8EF /* Post+Preview.swift */ = {isa = PBXFileReference; lastKnownFileType = sourcecode.swift; path = "Post+Preview.swift"; sourceTree = "<group>"; };
		EE80D8B329BAE6410000F8EF /* Community+Preview.swift */ = {isa = PBXFileReference; lastKnownFileType = sourcecode.swift; path = "Community+Preview.swift"; sourceTree = "<group>"; };
		EE80D8B529BAECCE0000F8EF /* Link.swift */ = {isa = PBXFileReference; lastKnownFileType = sourcecode.swift; path = Link.swift; sourceTree = "<group>"; };
		EE80D8BD29BC11240000F8EF /* CommunityCoordinator+Preview.swift */ = {isa = PBXFileReference; lastKnownFileType = sourcecode.swift; path = "CommunityCoordinator+Preview.swift"; sourceTree = "<group>"; };
		EE80D8C029BC120A0000F8EF /* Router+Preview.swift */ = {isa = PBXFileReference; lastKnownFileType = sourcecode.swift; path = "Router+Preview.swift"; sourceTree = "<group>"; };
		EE80D8C229BC12720000F8EF /* CommunitiesTabCoordinator+Preview.swift */ = {isa = PBXFileReference; lastKnownFileType = sourcecode.swift; path = "CommunitiesTabCoordinator+Preview.swift"; sourceTree = "<group>"; };
		EE80D8C529BC12C70000F8EF /* CommunitiesTabMainViewModel+Preview.swift */ = {isa = PBXFileReference; lastKnownFileType = sourcecode.swift; path = "CommunitiesTabMainViewModel+Preview.swift"; sourceTree = "<group>"; };
		EE80D8C729BC13930000F8EF /* PostCoordinator+Preview.swift */ = {isa = PBXFileReference; lastKnownFileType = sourcecode.swift; path = "PostCoordinator+Preview.swift"; sourceTree = "<group>"; };
		EE80D8C929BC13C00000F8EF /* PostViewModel+Preview.swift */ = {isa = PBXFileReference; lastKnownFileType = sourcecode.swift; path = "PostViewModel+Preview.swift"; sourceTree = "<group>"; };
		EE80D8CB29BC14560000F8EF /* PostCardViewModel+Preview.swift */ = {isa = PBXFileReference; lastKnownFileType = sourcecode.swift; path = "PostCardViewModel+Preview.swift"; sourceTree = "<group>"; };
		EE80D8CD29BC15550000F8EF /* VotingTabCoordinator+Preview.swift */ = {isa = PBXFileReference; lastKnownFileType = sourcecode.swift; path = "VotingTabCoordinator+Preview.swift"; sourceTree = "<group>"; };
		EE80D8CF29BC157D0000F8EF /* VotingTabMainViewModel+Preview.swift */ = {isa = PBXFileReference; lastKnownFileType = sourcecode.swift; path = "VotingTabMainViewModel+Preview.swift"; sourceTree = "<group>"; };
		EE80D8D129BC15DF0000F8EF /* EventsTabCoordinator+Preview.swift */ = {isa = PBXFileReference; lastKnownFileType = sourcecode.swift; path = "EventsTabCoordinator+Preview.swift"; sourceTree = "<group>"; };
		EE80D8D329BC15FC0000F8EF /* EventsTabMainViewModel+Preview.swift */ = {isa = PBXFileReference; lastKnownFileType = sourcecode.swift; path = "EventsTabMainViewModel+Preview.swift"; sourceTree = "<group>"; };
		EE80D8D529BC16D90000F8EF /* UpdatesTabCoordinator+Preview.swift */ = {isa = PBXFileReference; lastKnownFileType = sourcecode.swift; path = "UpdatesTabCoordinator+Preview.swift"; sourceTree = "<group>"; };
		EE80D8D729BC17020000F8EF /* UpdatesTabMainViewModel+Preview.swift */ = {isa = PBXFileReference; lastKnownFileType = sourcecode.swift; path = "UpdatesTabMainViewModel+Preview.swift"; sourceTree = "<group>"; };
		EE80D8D929BC176E0000F8EF /* CommunityViewModel+Preview.swift */ = {isa = PBXFileReference; lastKnownFileType = sourcecode.swift; path = "CommunityViewModel+Preview.swift"; sourceTree = "<group>"; };
		EE80D8DB29BC18EE0000F8EF /* CommunityHomeFeedViewModel+Preview.swift */ = {isa = PBXFileReference; lastKnownFileType = sourcecode.swift; path = "CommunityHomeFeedViewModel+Preview.swift"; sourceTree = "<group>"; };
		EE80D8DD29BC19ED0000F8EF /* HistoryTabCoordinator+Preview.swift */ = {isa = PBXFileReference; lastKnownFileType = sourcecode.swift; path = "HistoryTabCoordinator+Preview.swift"; sourceTree = "<group>"; };
		EE80D8DF29BC1A080000F8EF /* HistoryTabMainViewModel+Preview.swift */ = {isa = PBXFileReference; lastKnownFileType = sourcecode.swift; path = "HistoryTabMainViewModel+Preview.swift"; sourceTree = "<group>"; };
		EE80D8E129BC1DD80000F8EF /* PostInteractor.swift */ = {isa = PBXFileReference; lastKnownFileType = sourcecode.swift; path = PostInteractor.swift; sourceTree = "<group>"; };
		EE80D8E329BC1E2F0000F8EF /* PostLocalRepository.swift */ = {isa = PBXFileReference; lastKnownFileType = sourcecode.swift; path = PostLocalRepository.swift; sourceTree = "<group>"; };
		EE80D8E529BC1F030000F8EF /* PostRemoteRepository.swift */ = {isa = PBXFileReference; lastKnownFileType = sourcecode.swift; path = PostRemoteRepository.swift; sourceTree = "<group>"; };
		EE80D8EA29BD15640000F8EF /* ProjectNotes.swift */ = {isa = PBXFileReference; lastKnownFileType = sourcecode.swift; path = ProjectNotes.swift; sourceTree = "<group>"; };
		EE80D8EC29BD180E0000F8EF /* Container+Extensions.swift */ = {isa = PBXFileReference; lastKnownFileType = sourcecode.swift; path = "Container+Extensions.swift"; sourceTree = "<group>"; };
		EE80D8EF29BD37860000F8EF /* AddPostView.swift */ = {isa = PBXFileReference; lastKnownFileType = sourcecode.swift; path = AddPostView.swift; sourceTree = "<group>"; };
		EE80D8F129BD39210000F8EF /* AddPostViewModel.swift */ = {isa = PBXFileReference; lastKnownFileType = sourcecode.swift; path = AddPostViewModel.swift; sourceTree = "<group>"; };
		EE80D8F329BD3A940000F8EF /* AddPostViewModel+Preview.swift */ = {isa = PBXFileReference; lastKnownFileType = sourcecode.swift; path = "AddPostViewModel+Preview.swift"; sourceTree = "<group>"; };
		EE80D8F529C01EBA0000F8EF /* UserInteractor.swift */ = {isa = PBXFileReference; lastKnownFileType = sourcecode.swift; path = UserInteractor.swift; sourceTree = "<group>"; };
		EE80D8F729C01F1D0000F8EF /* UserLocalRepository.swift */ = {isa = PBXFileReference; lastKnownFileType = sourcecode.swift; path = UserLocalRepository.swift; sourceTree = "<group>"; };
		EE80D8F929C01F360000F8EF /* UserRemoteRepository.swift */ = {isa = PBXFileReference; lastKnownFileType = sourcecode.swift; path = UserRemoteRepository.swift; sourceTree = "<group>"; };
		EE80D8FB29C01FF00000F8EF /* CommunityInteractor.swift */ = {isa = PBXFileReference; lastKnownFileType = sourcecode.swift; path = CommunityInteractor.swift; sourceTree = "<group>"; };
		EE80D8FD29C020780000F8EF /* CommunityLocalRepository.swift */ = {isa = PBXFileReference; lastKnownFileType = sourcecode.swift; path = CommunityLocalRepository.swift; sourceTree = "<group>"; };
		EE80D8FF29C020960000F8EF /* CommunityRemoteRepositoryProtocol.swift */ = {isa = PBXFileReference; lastKnownFileType = sourcecode.swift; path = CommunityRemoteRepositoryProtocol.swift; sourceTree = "<group>"; };
		EE80D90129C2BB0C0000F8EF /* AddPostAlert.swift */ = {isa = PBXFileReference; lastKnownFileType = sourcecode.swift; path = AddPostAlert.swift; sourceTree = "<group>"; };
		EE80D90329C923960000F8EF /* CommunityInfoViewModel.swift */ = {isa = PBXFileReference; lastKnownFileType = sourcecode.swift; path = CommunityInfoViewModel.swift; sourceTree = "<group>"; };
		EE80D90729C926600000F8EF /* CandidatesView.swift */ = {isa = PBXFileReference; lastKnownFileType = sourcecode.swift; path = CandidatesView.swift; sourceTree = "<group>"; };
		EE80D90929C926BF0000F8EF /* CommunityInfoViewModel+Preview.swift */ = {isa = PBXFileReference; lastKnownFileType = sourcecode.swift; path = "CommunityInfoViewModel+Preview.swift"; sourceTree = "<group>"; };
		EE80D90C29C92C0B0000F8EF /* CandidateCardView.swift */ = {isa = PBXFileReference; lastKnownFileType = sourcecode.swift; path = CandidateCardView.swift; sourceTree = "<group>"; };
		EE80D90E29C92C190000F8EF /* CandidateCardViewModel.swift */ = {isa = PBXFileReference; lastKnownFileType = sourcecode.swift; path = CandidateCardViewModel.swift; sourceTree = "<group>"; };
		EE80D91029C92C670000F8EF /* Candidate.swift */ = {isa = PBXFileReference; lastKnownFileType = sourcecode.swift; path = Candidate.swift; sourceTree = "<group>"; };
		EE80D91229C92DA60000F8EF /* CandidateCardViewModel+Preview.swift */ = {isa = PBXFileReference; lastKnownFileType = sourcecode.swift; path = "CandidateCardViewModel+Preview.swift"; sourceTree = "<group>"; };
		EE80D91429C92DC70000F8EF /* Candidate+Preview.swift */ = {isa = PBXFileReference; lastKnownFileType = sourcecode.swift; path = "Candidate+Preview.swift"; sourceTree = "<group>"; };
		EE80D91729C930210000F8EF /* CandidateView.swift */ = {isa = PBXFileReference; lastKnownFileType = sourcecode.swift; path = CandidateView.swift; sourceTree = "<group>"; };
		EE80D91929C9306A0000F8EF /* CandidateViewModel.swift */ = {isa = PBXFileReference; lastKnownFileType = sourcecode.swift; path = CandidateViewModel.swift; sourceTree = "<group>"; };
		EE80D91B29C930C40000F8EF /* CandidateViewModel+Preview.swift */ = {isa = PBXFileReference; lastKnownFileType = sourcecode.swift; path = "CandidateViewModel+Preview.swift"; sourceTree = "<group>"; };
		EE80D91D29C932180000F8EF /* CandidatesViewModel.swift */ = {isa = PBXFileReference; lastKnownFileType = sourcecode.swift; path = CandidatesViewModel.swift; sourceTree = "<group>"; };
		EE80D91F29C938320000F8EF /* CandidatesViewModel+Preview.swift */ = {isa = PBXFileReference; lastKnownFileType = sourcecode.swift; path = "CandidatesViewModel+Preview.swift"; sourceTree = "<group>"; };
		EE80D92129C9557D0000F8EF /* CandidateInteractor.swift */ = {isa = PBXFileReference; lastKnownFileType = sourcecode.swift; path = CandidateInteractor.swift; sourceTree = "<group>"; };
		EE80D92329C955C30000F8EF /* CandidateLocalRepository.swift */ = {isa = PBXFileReference; lastKnownFileType = sourcecode.swift; path = CandidateLocalRepository.swift; sourceTree = "<group>"; };
		EE80D92529C955DB0000F8EF /* CandidateRemoteRepository.swift */ = {isa = PBXFileReference; lastKnownFileType = sourcecode.swift; path = CandidateRemoteRepository.swift; sourceTree = "<group>"; };
		EE80D92C29D0D4DC0000F8EF /* GRDBService.swift */ = {isa = PBXFileReference; lastKnownFileType = sourcecode.swift; path = GRDBService.swift; sourceTree = "<group>"; };
		EE80D92F29D0D7970000F8EF /* AppDelegate.swift */ = {isa = PBXFileReference; lastKnownFileType = sourcecode.swift; path = AppDelegate.swift; sourceTree = "<group>"; };
		EE80D93229D286180000F8EF /* CreateCandidateView.swift */ = {isa = PBXFileReference; lastKnownFileType = sourcecode.swift; path = CreateCandidateView.swift; sourceTree = "<group>"; };
		EE80D93429D286240000F8EF /* CreateCandidateViewModel.swift */ = {isa = PBXFileReference; lastKnownFileType = sourcecode.swift; path = CreateCandidateViewModel.swift; sourceTree = "<group>"; };
		EE80D93629D289BB0000F8EF /* CreateCandidateAlert.swift */ = {isa = PBXFileReference; lastKnownFileType = sourcecode.swift; path = CreateCandidateAlert.swift; sourceTree = "<group>"; };
		EE80D93829D28B0E0000F8EF /* CreateCandidateViewModel+Preview.swift */ = {isa = PBXFileReference; lastKnownFileType = sourcecode.swift; path = "CreateCandidateViewModel+Preview.swift"; sourceTree = "<group>"; };
		EE80D93C29D882F70000F8EF /* User+Preview.swift */ = {isa = PBXFileReference; lastKnownFileType = sourcecode.swift; path = "User+Preview.swift"; sourceTree = "<group>"; };
		EE80D93E29D9C7060000F8EF /* Info.plist */ = {isa = PBXFileReference; lastKnownFileType = text.plist.xml; path = Info.plist; sourceTree = "<group>"; };
		EE80D94729D9DC040000F8EF /* CommunityCard.swift */ = {isa = PBXFileReference; lastKnownFileType = sourcecode.swift; path = CommunityCard.swift; sourceTree = "<group>"; };
		EE80D94929D9FDA20000F8EF /* CommunitiesScrollView.swift */ = {isa = PBXFileReference; lastKnownFileType = sourcecode.swift; path = CommunitiesScrollView.swift; sourceTree = "<group>"; };
		EE80D94C29DB90440000F8EF /* CreateCommunityView.swift */ = {isa = PBXFileReference; lastKnownFileType = sourcecode.swift; path = CreateCommunityView.swift; sourceTree = "<group>"; };
		EE80D94E29DB90AD0000F8EF /* CreateCommunityViewModel.swift */ = {isa = PBXFileReference; lastKnownFileType = sourcecode.swift; path = CreateCommunityViewModel.swift; sourceTree = "<group>"; };
		EE80D95029DB94AF0000F8EF /* CreateCommunityAlert.swift */ = {isa = PBXFileReference; lastKnownFileType = sourcecode.swift; path = CreateCommunityAlert.swift; sourceTree = "<group>"; };
		EE80D95229DB96F50000F8EF /* CreateCommunityViewModel+Preview.swift */ = {isa = PBXFileReference; lastKnownFileType = sourcecode.swift; path = "CreateCommunityViewModel+Preview.swift"; sourceTree = "<group>"; };
		EE80D95529E0B6D10000F8EF /* ReversedLabelStyle.swift */ = {isa = PBXFileReference; lastKnownFileType = sourcecode.swift; path = ReversedLabelStyle.swift; sourceTree = "<group>"; };
		EE80D95A29E8EBD10000F8EF /* WebView.swift */ = {isa = PBXFileReference; lastKnownFileType = sourcecode.swift; path = WebView.swift; sourceTree = "<group>"; };
		EED47ECC299F167100FEFC6E /* MainCoordinator.swift */ = {isa = PBXFileReference; lastKnownFileType = sourcecode.swift; path = MainCoordinator.swift; sourceTree = "<group>"; };
		EED47ECE299F167B00FEFC6E /* B.swift */ = {isa = PBXFileReference; lastKnownFileType = sourcecode.swift; path = B.swift; sourceTree = "<group>"; };
		EED47ED0299F168200FEFC6E /* C.swift */ = {isa = PBXFileReference; lastKnownFileType = sourcecode.swift; path = C.swift; sourceTree = "<group>"; };
		EED47ED2299F168800FEFC6E /* D.swift */ = {isa = PBXFileReference; lastKnownFileType = sourcecode.swift; path = D.swift; sourceTree = "<group>"; };
		EED47ED4299F169000FEFC6E /* SettingsView.swift */ = {isa = PBXFileReference; lastKnownFileType = sourcecode.swift; path = SettingsView.swift; sourceTree = "<group>"; };
		EED47ED8299F185700FEFC6E /* ViewModelB.swift */ = {isa = PBXFileReference; lastKnownFileType = sourcecode.swift; path = ViewModelB.swift; sourceTree = "<group>"; };
		EED47EDA299F185E00FEFC6E /* ViewModelC.swift */ = {isa = PBXFileReference; lastKnownFileType = sourcecode.swift; path = ViewModelC.swift; sourceTree = "<group>"; };
		EED47EDC299F186600FEFC6E /* ViewModelD.swift */ = {isa = PBXFileReference; lastKnownFileType = sourcecode.swift; path = ViewModelD.swift; sourceTree = "<group>"; };
		EED47EDE299F186D00FEFC6E /* SettingsViewModel.swift */ = {isa = PBXFileReference; lastKnownFileType = sourcecode.swift; path = SettingsViewModel.swift; sourceTree = "<group>"; };
		EED4A4EB29A9984200DDCCDA /* SettingsCoordinator.swift */ = {isa = PBXFileReference; lastKnownFileType = sourcecode.swift; path = SettingsCoordinator.swift; sourceTree = "<group>"; };
		EED4A4EE29AA7E9600DDCCDA /* RootView.swift */ = {isa = PBXFileReference; lastKnownFileType = sourcecode.swift; path = RootView.swift; sourceTree = "<group>"; };
		EED4A4F029AA7ED700DDCCDA /* RootViewModel.swift */ = {isa = PBXFileReference; lastKnownFileType = sourcecode.swift; path = RootViewModel.swift; sourceTree = "<group>"; };
		EED4A4F829AA855900DDCCDA /* EventsTabCoordinator.swift */ = {isa = PBXFileReference; lastKnownFileType = sourcecode.swift; path = EventsTabCoordinator.swift; sourceTree = "<group>"; };
		EED4A4FA29AA857000DDCCDA /* VotingTabCoordinator.swift */ = {isa = PBXFileReference; lastKnownFileType = sourcecode.swift; path = VotingTabCoordinator.swift; sourceTree = "<group>"; };
		EED4A4FC29AA857B00DDCCDA /* CommunitiesTabCoordinator.swift */ = {isa = PBXFileReference; lastKnownFileType = sourcecode.swift; path = CommunitiesTabCoordinator.swift; sourceTree = "<group>"; };
		EED4A4FE29AA858600DDCCDA /* HistoryTabCoordinator.swift */ = {isa = PBXFileReference; lastKnownFileType = sourcecode.swift; path = HistoryTabCoordinator.swift; sourceTree = "<group>"; };
		EED4A50029AA859500DDCCDA /* UpdatesTabCoordinator.swift */ = {isa = PBXFileReference; lastKnownFileType = sourcecode.swift; path = UpdatesTabCoordinator.swift; sourceTree = "<group>"; };
		EED4A50229AA86C900DDCCDA /* VotingTabMainView.swift */ = {isa = PBXFileReference; lastKnownFileType = sourcecode.swift; path = VotingTabMainView.swift; sourceTree = "<group>"; };
		EED4A50429AA870000DDCCDA /* VotingTabMainViewModel.swift */ = {isa = PBXFileReference; lastKnownFileType = sourcecode.swift; path = VotingTabMainViewModel.swift; sourceTree = "<group>"; };
		EED4A50629AA8BAE00DDCCDA /* EventsTabMainView.swift */ = {isa = PBXFileReference; lastKnownFileType = sourcecode.swift; path = EventsTabMainView.swift; sourceTree = "<group>"; };
		EED4A50829AA8BC100DDCCDA /* EventsTabMainViewModel.swift */ = {isa = PBXFileReference; lastKnownFileType = sourcecode.swift; path = EventsTabMainViewModel.swift; sourceTree = "<group>"; };
		EED4A50A29AB18D400DDCCDA /* UpdatesTabMainView.swift */ = {isa = PBXFileReference; lastKnownFileType = sourcecode.swift; path = UpdatesTabMainView.swift; sourceTree = "<group>"; };
		EED4A50C29AB18E400DDCCDA /* UpdatesTabMainViewModel.swift */ = {isa = PBXFileReference; lastKnownFileType = sourcecode.swift; path = UpdatesTabMainViewModel.swift; sourceTree = "<group>"; };
		EED4A50E29AB1A5A00DDCCDA /* CommunitiesTabMainView.swift */ = {isa = PBXFileReference; lastKnownFileType = sourcecode.swift; path = CommunitiesTabMainView.swift; sourceTree = "<group>"; };
		EED4A51029AB1A6900DDCCDA /* CommunitiesTabMainViewModel.swift */ = {isa = PBXFileReference; lastKnownFileType = sourcecode.swift; path = CommunitiesTabMainViewModel.swift; sourceTree = "<group>"; };
		EED4A51229AB1C6F00DDCCDA /* HistoryTabMainView.swift */ = {isa = PBXFileReference; lastKnownFileType = sourcecode.swift; path = HistoryTabMainView.swift; sourceTree = "<group>"; };
		EED4A51429AB1C7900DDCCDA /* HistoryTabMainViewModel.swift */ = {isa = PBXFileReference; lastKnownFileType = sourcecode.swift; path = HistoryTabMainViewModel.swift; sourceTree = "<group>"; };
		EED4A51929ABC2D400DDCCDA /* Community.swift */ = {isa = PBXFileReference; lastKnownFileType = sourcecode.swift; path = Community.swift; sourceTree = "<group>"; };
		EED4A51B29ABC2FE00DDCCDA /* User.swift */ = {isa = PBXFileReference; lastKnownFileType = sourcecode.swift; path = User.swift; sourceTree = "<group>"; };
		EED4A51E29ABC86300DDCCDA /* CommunityCoordinator.swift */ = {isa = PBXFileReference; lastKnownFileType = sourcecode.swift; path = CommunityCoordinator.swift; sourceTree = "<group>"; };
		EED4A52029ABC86D00DDCCDA /* CommunityViewPicker.swift */ = {isa = PBXFileReference; lastKnownFileType = sourcecode.swift; path = CommunityViewPicker.swift; sourceTree = "<group>"; };
		EED4A52229ABC87B00DDCCDA /* CommunityViewModel.swift */ = {isa = PBXFileReference; lastKnownFileType = sourcecode.swift; path = CommunityViewModel.swift; sourceTree = "<group>"; };
		EED4A52529B810FF00DDCCDA /* Post.swift */ = {isa = PBXFileReference; lastKnownFileType = sourcecode.swift; path = Post.swift; sourceTree = "<group>"; };
		EED4A52929B8187D00DDCCDA /* PostCoordinator.swift */ = {isa = PBXFileReference; lastKnownFileType = sourcecode.swift; path = PostCoordinator.swift; sourceTree = "<group>"; };
		EED4A52B29B8190700DDCCDA /* PostView.swift */ = {isa = PBXFileReference; lastKnownFileType = sourcecode.swift; path = PostView.swift; sourceTree = "<group>"; };
		EED4A52D29B81A2E00DDCCDA /* PostViewModel.swift */ = {isa = PBXFileReference; lastKnownFileType = sourcecode.swift; path = PostViewModel.swift; sourceTree = "<group>"; };
		EED4A53229B81D6800DDCCDA /* CommunityHomeFeedView.swift */ = {isa = PBXFileReference; lastKnownFileType = sourcecode.swift; path = CommunityHomeFeedView.swift; sourceTree = "<group>"; };
		EED4A53429B81D8000DDCCDA /* CommunityInfoView.swift */ = {isa = PBXFileReference; lastKnownFileType = sourcecode.swift; path = CommunityInfoView.swift; sourceTree = "<group>"; };
		EED4A53629B81D9500DDCCDA /* CommunityArchiveFeedView.swift */ = {isa = PBXFileReference; lastKnownFileType = sourcecode.swift; path = CommunityArchiveFeedView.swift; sourceTree = "<group>"; };
		EED4A53929B9629900DDCCDA /* PostCardView.swift */ = {isa = PBXFileReference; lastKnownFileType = sourcecode.swift; path = PostCardView.swift; sourceTree = "<group>"; };
		EED4A53B29B965AF00DDCCDA /* PostCardViewModel.swift */ = {isa = PBXFileReference; lastKnownFileType = sourcecode.swift; path = PostCardViewModel.swift; sourceTree = "<group>"; };
		EED4A53D29B971B700DDCCDA /* CommunityHomeFeedViewModel.swift */ = {isa = PBXFileReference; lastKnownFileType = sourcecode.swift; path = CommunityHomeFeedViewModel.swift; sourceTree = "<group>"; };
		EED4A53F29BAB3E800DDCCDA /* Comment.swift */ = {isa = PBXFileReference; lastKnownFileType = sourcecode.swift; path = Comment.swift; sourceTree = "<group>"; };
		EED4A54229BAB60100DDCCDA /* Hashable+Extensions.swift */ = {isa = PBXFileReference; lastKnownFileType = sourcecode.swift; path = "Hashable+Extensions.swift"; sourceTree = "<group>"; };
		EED4A54429BAE16700DDCCDA /* Tag.swift */ = {isa = PBXFileReference; lastKnownFileType = sourcecode.swift; path = Tag.swift; sourceTree = "<group>"; };
		EEF8345D299C6824001EEA5E /* Democracy.app */ = {isa = PBXFileReference; explicitFileType = wrapper.application; includeInIndex = 0; path = Democracy.app; sourceTree = BUILT_PRODUCTS_DIR; };
		EEF83460299C6824001EEA5E /* DemocracyApp.swift */ = {isa = PBXFileReference; lastKnownFileType = sourcecode.swift; path = DemocracyApp.swift; sourceTree = "<group>"; };
		EEF83462299C6824001EEA5E /* ContentView.swift */ = {isa = PBXFileReference; lastKnownFileType = sourcecode.swift; path = ContentView.swift; sourceTree = "<group>"; };
		EEF83464299C6827001EEA5E /* Assets.xcassets */ = {isa = PBXFileReference; lastKnownFileType = folder.assetcatalog; path = Assets.xcassets; sourceTree = "<group>"; };
		EEF83467299C6827001EEA5E /* Preview Assets.xcassets */ = {isa = PBXFileReference; lastKnownFileType = folder.assetcatalog; path = "Preview Assets.xcassets"; sourceTree = "<group>"; };
		EEF83472299C6A11001EEA5E /* Router.swift */ = {isa = PBXFileReference; lastKnownFileType = sourcecode.swift; path = Router.swift; sourceTree = "<group>"; };
/* End PBXFileReference section */

/* Begin PBXFrameworksBuildPhase section */
		EEF8345A299C6824001EEA5E /* Frameworks */ = {
			isa = PBXFrameworksBuildPhase;
			buildActionMask = 2147483647;
			files = (
				EE80D8E929BD11600000F8EF /* Factory in Frameworks */,
				EE80D92929D0D2420000F8EF /* GRDB in Frameworks */,
			);
			runOnlyForDeploymentPostprocessing = 0;
		};
/* End PBXFrameworksBuildPhase section */

/* Begin PBXGroup section */
		EE45248B2A5651B600C7A2DD /* ResourceSection */ = {
			isa = PBXGroup;
			children = (
				EE45248C2A5651CB00C7A2DD /* ResourcesSectionViewModel.swift */,
				EE45248E2A5651FB00C7A2DD /* ResourcesSection.swift */,
				EE4524922A565C8E00C7A2DD /* Resource */,
			);
			path = ResourceSection;
			sourceTree = "<group>";
		};
		EE4524922A565C8E00C7A2DD /* Resource */ = {
			isa = PBXGroup;
			children = (
				EE4524902A56597400C7A2DD /* ResourceView.swift */,
				EE4524932A565CA400C7A2DD /* ResourceViewModel.swift */,
			);
			path = Resource;
			sourceTree = "<group>";
		};
		EE4524952A56654700C7A2DD /* AboutSection */ = {
			isa = PBXGroup;
			children = (
				EE4524962A56655900C7A2DD /* AboutSectionViewModel.swift */,
				EE4524982A56656B00C7A2DD /* AboutSection.swift */,
			);
			path = AboutSection;
			sourceTree = "<group>";
		};
		EE54ADE829A7128E007C3E3F /* Login */ = {
			isa = PBXGroup;
			children = (
				EE54ADE629A40101007C3E3F /* AuthenticationCoordinator.swift */,
				EE54ADE929A712AD007C3E3F /* LoginView.swift */,
				EE54ADEB29A714E8007C3E3F /* LoginViewModel.swift */,
			);
			path = Login;
			sourceTree = "<group>";
		};
		EE5B938C29F776A400B43381 /* Enums */ = {
			isa = PBXGroup;
			children = (
				EE5B938229F747DD00B43381 /* RepresentativeType.swift */,
				EE5B938F2A03396700B43381 /* TimeGranularity.swift */,
				EE5B93912A033A7D00B43381 /* Month.swift */,
			);
			path = Enums;
			sourceTree = "<group>";
		};
		EE5B93932A0864BE00B43381 /* CommunityPostCategory */ = {
			isa = PBXGroup;
			children = (
				EE5B93942A0864D400B43381 /* CommunityPostCategoryView.swift */,
				EE5B93962A0864E700B43381 /* CommunityPostCategoryViewModel.swift */,
			);
			path = CommunityPostCategory;
			sourceTree = "<group>";
		};
		EE5B939A2A088A3E00B43381 /* CategoryCard */ = {
			isa = PBXGroup;
			children = (
				EE5B939D2A088B5400B43381 /* CategoryCardView.swift */,
				EE5B939F2A088B5E00B43381 /* CategoryCardViewModel.swift */,
			);
			path = CategoryCard;
			sourceTree = "<group>";
		};
		EE5B93A32A088E5900B43381 /* SwiftUI Extensions */ = {
			isa = PBXGroup;
			children = (
				EE5B93A42A088E7B00B43381 /* Color+Extensions.swift */,
			);
			path = "SwiftUI Extensions";
			sourceTree = "<group>";
		};
		EE5D39F42A2BDAD100D0E312 /* RichLinkService */ = {
			isa = PBXGroup;
			children = (
				EE5D39F02A2BB5DC00D0E312 /* RichLinkService.swift */,
			);
			path = RichLinkService;
			sourceTree = "<group>";
		};
		EE5D39F52A2D075100D0E312 /* OffsetObservingScrollView */ = {
			isa = PBXGroup;
			children = (
				EE5D39F62A2D077D00D0E312 /* PositionObservingView.swift */,
				EE5D39F82A2D085900D0E312 /* OffsetObservingScrollView.swift */,
			);
			path = OffsetObservingScrollView;
			sourceTree = "<group>";
		};
		EE80D8B229BAE60F0000F8EF /* Domain Models */ = {
			isa = PBXGroup;
			children = (
				EE80D8B029BAE4A80000F8EF /* Post+Preview.swift */,
				EE80D8B329BAE6410000F8EF /* Community+Preview.swift */,
				EE80D91429C92DC70000F8EF /* Candidate+Preview.swift */,
				EE80D93C29D882F70000F8EF /* User+Preview.swift */,
				EE5D3A082A3804D100D0E312 /* PostCategory+Extension.swift */,
				EE5D3A0C2A45241200D0E312 /* Resource+Preview.swift */,
				EE5D3A0E2A45246400D0E312 /* Rule+Preview.swift */,
			);
			path = "Domain Models";
			sourceTree = "<group>";
		};
		EE80D8B729BC0EDC0000F8EF /* Interactors */ = {
			isa = PBXGroup;
			children = (
				EE80D8E129BC1DD80000F8EF /* PostInteractor.swift */,
				EE80D8F529C01EBA0000F8EF /* UserInteractor.swift */,
				EE80D8FB29C01FF00000F8EF /* CommunityInteractor.swift */,
				EE80D92129C9557D0000F8EF /* CandidateInteractor.swift */,
			);
			path = Interactors;
			sourceTree = "<group>";
		};
		EE80D8B829BC0EFA0000F8EF /* Repositories */ = {
			isa = PBXGroup;
			children = (
				EE80D8BA29BC0F2A0000F8EF /* Local */,
				EE80D8B929BC0F240000F8EF /* Remote */,
			);
			path = Repositories;
			sourceTree = "<group>";
		};
		EE80D8B929BC0F240000F8EF /* Remote */ = {
			isa = PBXGroup;
			children = (
				EE80D8E529BC1F030000F8EF /* PostRemoteRepository.swift */,
				EE80D8F929C01F360000F8EF /* UserRemoteRepository.swift */,
				EE80D8FF29C020960000F8EF /* CommunityRemoteRepositoryProtocol.swift */,
				EE80D92529C955DB0000F8EF /* CandidateRemoteRepository.swift */,
			);
			path = Remote;
			sourceTree = "<group>";
		};
		EE80D8BA29BC0F2A0000F8EF /* Local */ = {
			isa = PBXGroup;
			children = (
				EE80D8E329BC1E2F0000F8EF /* PostLocalRepository.swift */,
				EE80D8F729C01F1D0000F8EF /* UserLocalRepository.swift */,
				EE80D8FD29C020780000F8EF /* CommunityLocalRepository.swift */,
				EE80D92329C955C30000F8EF /* CandidateLocalRepository.swift */,
			);
			path = Local;
			sourceTree = "<group>";
		};
		EE80D8BB29BC10FC0000F8EF /* Coordinators */ = {
			isa = PBXGroup;
			children = (
				EE80D8BD29BC11240000F8EF /* CommunityCoordinator+Preview.swift */,
				EE80D8C229BC12720000F8EF /* CommunitiesTabCoordinator+Preview.swift */,
				EE80D8C729BC13930000F8EF /* PostCoordinator+Preview.swift */,
				EE80D8CD29BC15550000F8EF /* VotingTabCoordinator+Preview.swift */,
				EE80D8D129BC15DF0000F8EF /* EventsTabCoordinator+Preview.swift */,
				EE80D8D529BC16D90000F8EF /* UpdatesTabCoordinator+Preview.swift */,
				EE80D8DD29BC19ED0000F8EF /* HistoryTabCoordinator+Preview.swift */,
			);
			path = Coordinators;
			sourceTree = "<group>";
		};
		EE80D8BF29BC11FD0000F8EF /* Other */ = {
			isa = PBXGroup;
			children = (
				EE80D8C029BC120A0000F8EF /* Router+Preview.swift */,
			);
			path = Other;
			sourceTree = "<group>";
		};
		EE80D8C429BC12A40000F8EF /* ViewModels */ = {
			isa = PBXGroup;
			children = (
				EE80D8C529BC12C70000F8EF /* CommunitiesTabMainViewModel+Preview.swift */,
				EE80D8C929BC13C00000F8EF /* PostViewModel+Preview.swift */,
				EE80D8CB29BC14560000F8EF /* PostCardViewModel+Preview.swift */,
				EE80D8CF29BC157D0000F8EF /* VotingTabMainViewModel+Preview.swift */,
				EE80D8D329BC15FC0000F8EF /* EventsTabMainViewModel+Preview.swift */,
				EE80D8D729BC17020000F8EF /* UpdatesTabMainViewModel+Preview.swift */,
				EE80D8D929BC176E0000F8EF /* CommunityViewModel+Preview.swift */,
				EE80D8DB29BC18EE0000F8EF /* CommunityHomeFeedViewModel+Preview.swift */,
				EE80D8DF29BC1A080000F8EF /* HistoryTabMainViewModel+Preview.swift */,
				EE80D8F329BD3A940000F8EF /* AddPostViewModel+Preview.swift */,
				EE80D90929C926BF0000F8EF /* CommunityInfoViewModel+Preview.swift */,
				EE80D91229C92DA60000F8EF /* CandidateCardViewModel+Preview.swift */,
				EE80D91B29C930C40000F8EF /* CandidateViewModel+Preview.swift */,
				EE80D91F29C938320000F8EF /* CandidatesViewModel+Preview.swift */,
				EE80D93829D28B0E0000F8EF /* CreateCandidateViewModel+Preview.swift */,
				EE80D95229DB96F50000F8EF /* CreateCommunityViewModel+Preview.swift */,
				EE5B938829F76FDA00B43381 /* CommunityArchiveFeedViewModel+Preview.swift */,
				EE5B93982A0866EA00B43381 /* CommunityPostCategoryViewModel+Preview.swift */,
				EE5B93A12A088C1F00B43381 /* CategoryCardViewModel+Preview.swift */,
				EE5D39FC2A2ECB2A00D0E312 /* CommunityCoordinatorViewModel+Preview.swift */,
				EE5D3A002A2EE0ED00D0E312 /* CommunitiesTabCoordinatorViewModel+Preview.swift */,
			);
			path = ViewModels;
			sourceTree = "<group>";
		};
		EE80D8EE29BD37710000F8EF /* AddPost */ = {
			isa = PBXGroup;
			children = (
				EE80D8EF29BD37860000F8EF /* AddPostView.swift */,
				EE80D8F129BD39210000F8EF /* AddPostViewModel.swift */,
				EE80D90129C2BB0C0000F8EF /* AddPostAlert.swift */,
			);
			path = AddPost;
			sourceTree = "<group>";
		};
		EE80D90629C926490000F8EF /* Candidates (Plural) */ = {
			isa = PBXGroup;
			children = (
				EE80D93129D285F60000F8EF /* CreateCandidate */,
				EE80D90729C926600000F8EF /* CandidatesView.swift */,
				EE80D91D29C932180000F8EF /* CandidatesViewModel.swift */,
				EE80D91629C92F1F0000F8EF /* Candidate (Single) */,
				EE80D90B29C92B340000F8EF /* CandidateCard */,
			);
			path = "Candidates (Plural)";
			sourceTree = "<group>";
		};
		EE80D90B29C92B340000F8EF /* CandidateCard */ = {
			isa = PBXGroup;
			children = (
				EE80D90C29C92C0B0000F8EF /* CandidateCardView.swift */,
				EE80D90E29C92C190000F8EF /* CandidateCardViewModel.swift */,
			);
			path = CandidateCard;
			sourceTree = "<group>";
		};
		EE80D91629C92F1F0000F8EF /* Candidate (Single) */ = {
			isa = PBXGroup;
			children = (
				EE80D91729C930210000F8EF /* CandidateView.swift */,
				EE80D91929C9306A0000F8EF /* CandidateViewModel.swift */,
			);
			path = "Candidate (Single)";
			sourceTree = "<group>";
		};
		EE80D92A29D0D48D0000F8EF /* Services */ = {
			isa = PBXGroup;
			children = (
				EE5D39F42A2BDAD100D0E312 /* RichLinkService */,
				EE80D92B29D0D4A40000F8EF /* GRDBService */,
				EE5D3A042A36564A00D0E312 /* CommunityService.swift */,
			);
			path = Services;
			sourceTree = "<group>";
		};
		EE80D92B29D0D4A40000F8EF /* GRDBService */ = {
			isa = PBXGroup;
			children = (
				EE80D92C29D0D4DC0000F8EF /* GRDBService.swift */,
			);
			path = GRDBService;
			sourceTree = "<group>";
		};
		EE80D92E29D0D7780000F8EF /* App Setup */ = {
			isa = PBXGroup;
			children = (
				EEF83462299C6824001EEA5E /* ContentView.swift */,
				EEF83460299C6824001EEA5E /* DemocracyApp.swift */,
				EE80D92F29D0D7970000F8EF /* AppDelegate.swift */,
			);
			path = "App Setup";
			sourceTree = "<group>";
		};
		EE80D93129D285F60000F8EF /* CreateCandidate */ = {
			isa = PBXGroup;
			children = (
				EE80D93229D286180000F8EF /* CreateCandidateView.swift */,
				EE80D93429D286240000F8EF /* CreateCandidateViewModel.swift */,
				EE80D93629D289BB0000F8EF /* CreateCandidateAlert.swift */,
			);
			path = CreateCandidate;
			sourceTree = "<group>";
		};
		EE80D94529D9DA5B0000F8EF /* Community */ = {
			isa = PBXGroup;
			children = (
				EE80D94B29DB90330000F8EF /* CreateCommunity */,
				EE80D94629D9DA6B0000F8EF /* CommunityCard */,
				EE5B939A2A088A3E00B43381 /* CategoryCard */,
			);
			path = Community;
			sourceTree = "<group>";
		};
		EE80D94629D9DA6B0000F8EF /* CommunityCard */ = {
			isa = PBXGroup;
			children = (
				EE80D94729D9DC040000F8EF /* CommunityCard.swift */,
			);
			path = CommunityCard;
			sourceTree = "<group>";
		};
		EE80D94B29DB90330000F8EF /* CreateCommunity */ = {
			isa = PBXGroup;
			children = (
				EE80D94C29DB90440000F8EF /* CreateCommunityView.swift */,
				EE80D94E29DB90AD0000F8EF /* CreateCommunityViewModel.swift */,
				EE80D95029DB94AF0000F8EF /* CreateCommunityAlert.swift */,
			);
			path = CreateCommunity;
			sourceTree = "<group>";
		};
		EE80D95429E0B6B90000F8EF /* Reusable SwiftUI */ = {
			isa = PBXGroup;
			children = (
				EE5D39F52A2D075100D0E312 /* OffsetObservingScrollView */,
				EE5B938A29F7764E00B43381 /* BoundMenu.swift */,
				EE80D95529E0B6D10000F8EF /* ReversedLabelStyle.swift */,
				EE5B938429F7652800B43381 /* HeaderWithDropDownFilter.swift */,
				EE5D39EE2A2B9B4B00D0E312 /* TightLabelStyle.swift */,
				EE80D95929E8EBB70000F8EF /* UIViewRepresentable */,
			);
			path = "Reusable SwiftUI";
			sourceTree = "<group>";
		};
		EE80D95929E8EBB70000F8EF /* UIViewRepresentable */ = {
			isa = PBXGroup;
			children = (
				EE80D95A29E8EBD10000F8EF /* WebView.swift */,
				EE5D39F22A2BDA1E00D0E312 /* LPLinkViewRepresented.swift */,
			);
			path = UIViewRepresentable;
			sourceTree = "<group>";
		};
		EED47ECB299F166300FEFC6E /* Views */ = {
			isa = PBXGroup;
			children = (
				EED47ECE299F167B00FEFC6E /* B.swift */,
				EED47ED0299F168200FEFC6E /* C.swift */,
				EED47ED2299F168800FEFC6E /* D.swift */,
				EED47ED8299F185700FEFC6E /* ViewModelB.swift */,
				EED47EDA299F185E00FEFC6E /* ViewModelC.swift */,
				EED47EDC299F186600FEFC6E /* ViewModelD.swift */,
			);
			path = Views;
			sourceTree = "<group>";
		};
		EED4A4EA29A997AB00DDCCDA /* Settings */ = {
			isa = PBXGroup;
			children = (
				EED47ED4299F169000FEFC6E /* SettingsView.swift */,
				EED47EDE299F186D00FEFC6E /* SettingsViewModel.swift */,
				EED4A4EB29A9984200DDCCDA /* SettingsCoordinator.swift */,
			);
			path = Settings;
			sourceTree = "<group>";
		};
		EED4A4ED29AA7E7A00DDCCDA /* Root */ = {
			isa = PBXGroup;
			children = (
				EED4A4EE29AA7E9600DDCCDA /* RootView.swift */,
				EED4A4F029AA7ED700DDCCDA /* RootViewModel.swift */,
			);
			path = Root;
			sourceTree = "<group>";
		};
		EED4A4F229AA7FC600DDCCDA /* MainTabs */ = {
			isa = PBXGroup;
			children = (
				EE54ADDE29A329C9007C3E3F /* MainTabView.swift */,
				EED4A4F629AA843F00DDCCDA /* VotingTab */,
				EED4A4F729AA846D00DDCCDA /* EventsTab */,
				EED4A4F329AA83B900DDCCDA /* UpdatesTab */,
				EED4A4F529AA842100DDCCDA /* CommunitiesTab */,
				EED4A4F429AA83CB00DDCCDA /* HistoryTab */,
			);
			path = MainTabs;
			sourceTree = "<group>";
		};
		EED4A4F329AA83B900DDCCDA /* UpdatesTab */ = {
			isa = PBXGroup;
			children = (
				EED4A50029AA859500DDCCDA /* UpdatesTabCoordinator.swift */,
				EED4A50A29AB18D400DDCCDA /* UpdatesTabMainView.swift */,
				EED4A50C29AB18E400DDCCDA /* UpdatesTabMainViewModel.swift */,
				EED4A4EA29A997AB00DDCCDA /* Settings */,
			);
			path = UpdatesTab;
			sourceTree = "<group>";
		};
		EED4A4F429AA83CB00DDCCDA /* HistoryTab */ = {
			isa = PBXGroup;
			children = (
				EED4A4FE29AA858600DDCCDA /* HistoryTabCoordinator.swift */,
				EED4A51229AB1C6F00DDCCDA /* HistoryTabMainView.swift */,
				EED4A51429AB1C7900DDCCDA /* HistoryTabMainViewModel.swift */,
			);
			path = HistoryTab;
			sourceTree = "<group>";
		};
		EED4A4F529AA842100DDCCDA /* CommunitiesTab */ = {
			isa = PBXGroup;
			children = (
				EE5D3A022A30204D00D0E312 /* CommunitiesTabCoordinatorViewModel.swift */,
				EED4A4FC29AA857B00DDCCDA /* CommunitiesTabCoordinator.swift */,
				EED4A50E29AB1A5A00DDCCDA /* CommunitiesTabMainView.swift */,
				EED4A51029AB1A6900DDCCDA /* CommunitiesTabMainViewModel.swift */,
				EE80D94929D9FDA20000F8EF /* CommunitiesScrollView.swift */,
				EED4A51D29ABC80A00DDCCDA /* Community */,
			);
			path = CommunitiesTab;
			sourceTree = "<group>";
		};
		EED4A4F629AA843F00DDCCDA /* VotingTab */ = {
			isa = PBXGroup;
			children = (
				EED4A4FA29AA857000DDCCDA /* VotingTabCoordinator.swift */,
				EED4A50229AA86C900DDCCDA /* VotingTabMainView.swift */,
				EED4A50429AA870000DDCCDA /* VotingTabMainViewModel.swift */,
			);
			path = VotingTab;
			sourceTree = "<group>";
		};
		EED4A4F729AA846D00DDCCDA /* EventsTab */ = {
			isa = PBXGroup;
			children = (
				EED4A4F829AA855900DDCCDA /* EventsTabCoordinator.swift */,
				EED4A50629AA8BAE00DDCCDA /* EventsTabMainView.swift */,
				EED4A50829AA8BC100DDCCDA /* EventsTabMainViewModel.swift */,
			);
			path = EventsTab;
			sourceTree = "<group>";
		};
		EED4A51629ABC1C800DDCCDA /* Views */ = {
			isa = PBXGroup;
			children = (
				EED4A52729B8185600DDCCDA /* Shared Views */,
				EEF8346E299C69DC001EEA5E /* Navigation */,
				EED4A4ED29AA7E7A00DDCCDA /* Root */,
				EE54ADE829A7128E007C3E3F /* Login */,
				EED4A4F229AA7FC600DDCCDA /* MainTabs */,
			);
			path = Views;
			sourceTree = "<group>";
		};
		EED4A51729ABC1FC00DDCCDA /* Example */ = {
			isa = PBXGroup;
			children = (
				EED47ECB299F166300FEFC6E /* Views */,
				EED47ECC299F167100FEFC6E /* MainCoordinator.swift */,
			);
			path = Example;
			sourceTree = "<group>";
		};
		EED4A51829ABC2B800DDCCDA /* Domain Models */ = {
			isa = PBXGroup;
			children = (
				EE5B938C29F776A400B43381 /* Enums */,
				EED4A51929ABC2D400DDCCDA /* Community.swift */,
				EED4A51B29ABC2FE00DDCCDA /* User.swift */,
				EED4A52529B810FF00DDCCDA /* Post.swift */,
				EED4A53F29BAB3E800DDCCDA /* Comment.swift */,
				EED4A54429BAE16700DDCCDA /* Tag.swift */,
				EE80D8B529BAECCE0000F8EF /* Link.swift */,
				EE80D91029C92C670000F8EF /* Candidate.swift */,
				EE5D3A062A38041500D0E312 /* CommunityCategory.swift */,
			);
			path = "Domain Models";
			sourceTree = "<group>";
		};
		EED4A51D29ABC80A00DDCCDA /* Community */ = {
			isa = PBXGroup;
			children = (
				EE5D39FE2A2ED43A00D0E312 /* CommunityCoordinatorViewModel.swift */,
				EED4A51E29ABC86300DDCCDA /* CommunityCoordinator.swift */,
				EED4A52029ABC86D00DDCCDA /* CommunityViewPicker.swift */,
				EED4A52229ABC87B00DDCCDA /* CommunityViewModel.swift */,
				EED4A52F29B81CFA00DDCCDA /* CommunityHomeFeed */,
				EED4A53129B81D3E00DDCCDA /* CommunityInfo */,
				EED4A53029B81D2200DDCCDA /* CommunityArchivedFeed */,
			);
			path = Community;
			sourceTree = "<group>";
		};
		EED4A52429B80F7700DDCCDA /* Models */ = {
			isa = PBXGroup;
			children = (
				EED4A51829ABC2B800DDCCDA /* Domain Models */,
			);
			path = Models;
			sourceTree = "<group>";
		};
		EED4A52729B8185600DDCCDA /* Shared Views */ = {
			isa = PBXGroup;
			children = (
				EE80D95429E0B6B90000F8EF /* Reusable SwiftUI */,
				EE80D94529D9DA5B0000F8EF /* Community */,
				EE80D90629C926490000F8EF /* Candidates (Plural) */,
				EED4A52829B8186F00DDCCDA /* Post */,
			);
			path = "Shared Views";
			sourceTree = "<group>";
		};
		EED4A52829B8186F00DDCCDA /* Post */ = {
			isa = PBXGroup;
			children = (
				EED4A52929B8187D00DDCCDA /* PostCoordinator.swift */,
				EED4A52B29B8190700DDCCDA /* PostView.swift */,
				EED4A52D29B81A2E00DDCCDA /* PostViewModel.swift */,
				EE80D8EE29BD37710000F8EF /* AddPost */,
				EED4A53829B9623C00DDCCDA /* PostCard */,
			);
			path = Post;
			sourceTree = "<group>";
		};
		EED4A52F29B81CFA00DDCCDA /* CommunityHomeFeed */ = {
			isa = PBXGroup;
			children = (
				EED4A53229B81D6800DDCCDA /* CommunityHomeFeedView.swift */,
				EED4A53D29B971B700DDCCDA /* CommunityHomeFeedViewModel.swift */,
			);
			path = CommunityHomeFeed;
			sourceTree = "<group>";
		};
		EED4A53029B81D2200DDCCDA /* CommunityArchivedFeed */ = {
			isa = PBXGroup;
			children = (
				EED4A53629B81D9500DDCCDA /* CommunityArchiveFeedView.swift */,
				EE5B938629F76EF800B43381 /* CommunityArchiveFeedViewModel.swift */,
				EE5B93932A0864BE00B43381 /* CommunityPostCategory */,
			);
			path = CommunityArchivedFeed;
			sourceTree = "<group>";
		};
		EED4A53129B81D3E00DDCCDA /* CommunityInfo */ = {
			isa = PBXGroup;
			children = (
				EED4A53429B81D8000DDCCDA /* CommunityInfoView.swift */,
				EE80D90329C923960000F8EF /* CommunityInfoViewModel.swift */,
				EE4524952A56654700C7A2DD /* AboutSection */,
				EE45248B2A5651B600C7A2DD /* ResourceSection */,
			);
			path = CommunityInfo;
			sourceTree = "<group>";
		};
		EED4A53829B9623C00DDCCDA /* PostCard */ = {
			isa = PBXGroup;
			children = (
				EED4A53929B9629900DDCCDA /* PostCardView.swift */,
				EED4A53B29B965AF00DDCCDA /* PostCardViewModel.swift */,
			);
			path = PostCard;
			sourceTree = "<group>";
		};
		EED4A54129BAB5F400DDCCDA /* Extensions */ = {
			isa = PBXGroup;
			children = (
				EE5B93A32A088E5900B43381 /* SwiftUI Extensions */,
				EED4A54229BAB60100DDCCDA /* Hashable+Extensions.swift */,
				EE80D8EC29BD180E0000F8EF /* Container+Extensions.swift */,
				EE5B938D2A03346C00B43381 /* Date+Extensions.swift */,
			);
			path = Extensions;
			sourceTree = "<group>";
		};
		EEF83454299C6824001EEA5E = {
			isa = PBXGroup;
			children = (
				EEF8345F299C6824001EEA5E /* Democracy */,
				EEF8345E299C6824001EEA5E /* Products */,
			);
			sourceTree = "<group>";
		};
		EEF8345E299C6824001EEA5E /* Products */ = {
			isa = PBXGroup;
			children = (
				EEF8345D299C6824001EEA5E /* Democracy.app */,
			);
			name = Products;
			sourceTree = "<group>";
		};
		EEF8345F299C6824001EEA5E /* Democracy */ = {
			isa = PBXGroup;
			children = (
				EE80D93E29D9C7060000F8EF /* Info.plist */,
				EE80D92E29D0D7780000F8EF /* App Setup */,
				EE80D8EA29BD15640000F8EF /* ProjectNotes.swift */,
				EE80D92A29D0D48D0000F8EF /* Services */,
				EE80D8B829BC0EFA0000F8EF /* Repositories */,
				EE80D8B729BC0EDC0000F8EF /* Interactors */,
				EED4A54129BAB5F400DDCCDA /* Extensions */,
				EED4A52429B80F7700DDCCDA /* Models */,
				EED4A51629ABC1C800DDCCDA /* Views */,
				EED4A51729ABC1FC00DDCCDA /* Example */,
				EEF83464299C6827001EEA5E /* Assets.xcassets */,
				EEF83466299C6827001EEA5E /* Preview Content */,
			);
			path = Democracy;
			sourceTree = "<group>";
		};
		EEF83466299C6827001EEA5E /* Preview Content */ = {
			isa = PBXGroup;
			children = (
				EE80D8C429BC12A40000F8EF /* ViewModels */,
				EE80D8B229BAE60F0000F8EF /* Domain Models */,
				EE80D8BB29BC10FC0000F8EF /* Coordinators */,
				EE80D8BF29BC11FD0000F8EF /* Other */,
				EEF83467299C6827001EEA5E /* Preview Assets.xcassets */,
			);
			path = "Preview Content";
			sourceTree = "<group>";
		};
		EEF8346E299C69DC001EEA5E /* Navigation */ = {
			isa = PBXGroup;
			children = (
				EEF83472299C6A11001EEA5E /* Router.swift */,
			);
			path = Navigation;
			sourceTree = "<group>";
		};
/* End PBXGroup section */

/* Begin PBXNativeTarget section */
		EEF8345C299C6824001EEA5E /* Democracy */ = {
			isa = PBXNativeTarget;
			buildConfigurationList = EEF8346B299C6827001EEA5E /* Build configuration list for PBXNativeTarget "Democracy" */;
			buildPhases = (
				EEF83459299C6824001EEA5E /* Sources */,
				EEF8345A299C6824001EEA5E /* Frameworks */,
				EEF8345B299C6824001EEA5E /* Resources */,
			);
			buildRules = (
			);
			dependencies = (
			);
			name = Democracy;
			packageProductDependencies = (
				EE80D8E829BD11600000F8EF /* Factory */,
				EE80D92829D0D2420000F8EF /* GRDB */,
			);
			productName = Democracy;
			productReference = EEF8345D299C6824001EEA5E /* Democracy.app */;
			productType = "com.apple.product-type.application";
		};
/* End PBXNativeTarget section */

/* Begin PBXProject section */
		EEF83455299C6824001EEA5E /* Project object */ = {
			isa = PBXProject;
			attributes = {
				BuildIndependentTargetsInParallel = 1;
				LastSwiftUpdateCheck = 1330;
				LastUpgradeCheck = 1330;
				TargetAttributes = {
					EEF8345C299C6824001EEA5E = {
						CreatedOnToolsVersion = 13.3.1;
					};
				};
			};
			buildConfigurationList = EEF83458299C6824001EEA5E /* Build configuration list for PBXProject "Democracy" */;
			compatibilityVersion = "Xcode 13.0";
			developmentRegion = en;
			hasScannedForEncodings = 0;
			knownRegions = (
				en,
				Base,
			);
			mainGroup = EEF83454299C6824001EEA5E;
			packageReferences = (
				EE80D8E729BD11600000F8EF /* XCRemoteSwiftPackageReference "Factory" */,
				EE80D92729D0D2420000F8EF /* XCRemoteSwiftPackageReference "GRDB.swift" */,
			);
			productRefGroup = EEF8345E299C6824001EEA5E /* Products */;
			projectDirPath = "";
			projectRoot = "";
			targets = (
				EEF8345C299C6824001EEA5E /* Democracy */,
			);
		};
/* End PBXProject section */

/* Begin PBXResourcesBuildPhase section */
		EEF8345B299C6824001EEA5E /* Resources */ = {
			isa = PBXResourcesBuildPhase;
			buildActionMask = 2147483647;
			files = (
				EEF83468299C6827001EEA5E /* Preview Assets.xcassets in Resources */,
				EEF83465299C6827001EEA5E /* Assets.xcassets in Resources */,
			);
			runOnlyForDeploymentPostprocessing = 0;
		};
/* End PBXResourcesBuildPhase section */

/* Begin PBXSourcesBuildPhase section */
		EEF83459299C6824001EEA5E /* Sources */ = {
			isa = PBXSourcesBuildPhase;
			buildActionMask = 2147483647;
			files = (
				EE80D91A29C9306A0000F8EF /* CandidateViewModel.swift in Sources */,
				EED4A52129ABC86D00DDCCDA /* CommunityViewPicker.swift in Sources */,
				EE5B93922A033A7D00B43381 /* Month.swift in Sources */,
				EE5B938B29F7764E00B43381 /* BoundMenu.swift in Sources */,
				EE80D93729D289BB0000F8EF /* CreateCandidateAlert.swift in Sources */,
				EE5D3A072A38041500D0E312 /* CommunityCategory.swift in Sources */,
				EE80D94829D9DC040000F8EF /* CommunityCard.swift in Sources */,
				EE5D39F92A2D085900D0E312 /* OffsetObservingScrollView.swift in Sources */,
				EED47ED5299F169000FEFC6E /* SettingsView.swift in Sources */,
				EE80D95B29E8EBD10000F8EF /* WebView.swift in Sources */,
				EE80D92429C955C30000F8EF /* CandidateLocalRepository.swift in Sources */,
				EE4524992A56656B00C7A2DD /* AboutSection.swift in Sources */,
				EE80D8F029BD37860000F8EF /* AddPostView.swift in Sources */,
				EE5B938E2A03346C00B43381 /* Date+Extensions.swift in Sources */,
				EE5B93A22A088C1F00B43381 /* CategoryCardViewModel+Preview.swift in Sources */,
				EE80D8DE29BC19ED0000F8EF /* HistoryTabCoordinator+Preview.swift in Sources */,
				EED4A53529B81D8000DDCCDA /* CommunityInfoView.swift in Sources */,
				EED4A52E29B81A2E00DDCCDA /* PostViewModel.swift in Sources */,
				EE80D91E29C932180000F8EF /* CandidatesViewModel.swift in Sources */,
				EE80D91829C930210000F8EF /* CandidateView.swift in Sources */,
				EE80D90F29C92C190000F8EF /* CandidateCardViewModel.swift in Sources */,
				EE80D8B629BAECCE0000F8EF /* Link.swift in Sources */,
				EED47ECF299F167B00FEFC6E /* B.swift in Sources */,
				EE45248D2A5651CB00C7A2DD /* ResourcesSectionViewModel.swift in Sources */,
				EE80D91329C92DA60000F8EF /* CandidateCardViewModel+Preview.swift in Sources */,
				EE5D39EF2A2B9B4B00D0E312 /* TightLabelStyle.swift in Sources */,
				EED4A51529AB1C7900DDCCDA /* HistoryTabMainViewModel.swift in Sources */,
				EE80D90229C2BB0C0000F8EF /* AddPostAlert.swift in Sources */,
				EEF83473299C6A11001EEA5E /* Router.swift in Sources */,
				EE5D39FF2A2ED43A00D0E312 /* CommunityCoordinatorViewModel.swift in Sources */,
				EE80D94A29D9FDA20000F8EF /* CommunitiesScrollView.swift in Sources */,
				EE80D8F629C01EBA0000F8EF /* UserInteractor.swift in Sources */,
				EE80D93029D0D7970000F8EF /* AppDelegate.swift in Sources */,
				EE54ADEA29A712AE007C3E3F /* LoginView.swift in Sources */,
				EED4A51A29ABC2D400DDCCDA /* Community.swift in Sources */,
				EED4A4F129AA7ED700DDCCDA /* RootViewModel.swift in Sources */,
				EE54ADEC29A714E8007C3E3F /* LoginViewModel.swift in Sources */,
				EED4A50D29AB18E400DDCCDA /* UpdatesTabMainViewModel.swift in Sources */,
				EE5D39F72A2D077D00D0E312 /* PositionObservingView.swift in Sources */,
				EED4A54529BAE16700DDCCDA /* Tag.swift in Sources */,
				EED4A51329AB1C6F00DDCCDA /* HistoryTabMainView.swift in Sources */,
				EE80D90A29C926BF0000F8EF /* CommunityInfoViewModel+Preview.swift in Sources */,
				EE80D91129C92C670000F8EF /* Candidate.swift in Sources */,
				EE80D8C829BC13930000F8EF /* PostCoordinator+Preview.swift in Sources */,
				EED4A53729B81D9500DDCCDA /* CommunityArchiveFeedView.swift in Sources */,
				EE5B93902A03396700B43381 /* TimeGranularity.swift in Sources */,
				EED47ECD299F167100FEFC6E /* MainCoordinator.swift in Sources */,
				EED4A52329ABC87B00DDCCDA /* CommunityViewModel.swift in Sources */,
				EE80D8D229BC15DF0000F8EF /* EventsTabCoordinator+Preview.swift in Sources */,
				EEF83463299C6824001EEA5E /* ContentView.swift in Sources */,
				EE5D3A052A36564A00D0E312 /* CommunityService.swift in Sources */,
				EED4A53329B81D6800DDCCDA /* CommunityHomeFeedView.swift in Sources */,
				EED4A50529AA870000DDCCDA /* VotingTabMainViewModel.swift in Sources */,
				EE80D90829C926600000F8EF /* CandidatesView.swift in Sources */,
				EE5B93952A0864D400B43381 /* CommunityPostCategoryView.swift in Sources */,
				EED4A4FD29AA857B00DDCCDA /* CommunitiesTabCoordinator.swift in Sources */,
				EE80D8F229BD39210000F8EF /* AddPostViewModel.swift in Sources */,
				EEF83461299C6824001EEA5E /* DemocracyApp.swift in Sources */,
				EE4524942A565CA400C7A2DD /* ResourceViewModel.swift in Sources */,
				EE80D8CE29BC15550000F8EF /* VotingTabCoordinator+Preview.swift in Sources */,
				EED4A4FF29AA858600DDCCDA /* HistoryTabCoordinator.swift in Sources */,
				EE5D3A092A3804D100D0E312 /* PostCategory+Extension.swift in Sources */,
				EED4A4F929AA855900DDCCDA /* EventsTabCoordinator.swift in Sources */,
				EE80D8EB29BD15640000F8EF /* ProjectNotes.swift in Sources */,
				EE80D8D029BC157D0000F8EF /* VotingTabMainViewModel+Preview.swift in Sources */,
				EED4A54329BAB60100DDCCDA /* Hashable+Extensions.swift in Sources */,
				EED4A52629B810FF00DDCCDA /* Post.swift in Sources */,
				EE5D39FD2A2ECB2A00D0E312 /* CommunityCoordinatorViewModel+Preview.swift in Sources */,
				EE80D8D829BC17020000F8EF /* UpdatesTabMainViewModel+Preview.swift in Sources */,
				EE80D8B129BAE4A80000F8EF /* Post+Preview.swift in Sources */,
				EE5D39F32A2BDA1E00D0E312 /* LPLinkViewRepresented.swift in Sources */,
				EE80D8F829C01F1D0000F8EF /* UserLocalRepository.swift in Sources */,
				EED47ED1299F168200FEFC6E /* C.swift in Sources */,
				EE80D8E429BC1E2F0000F8EF /* PostLocalRepository.swift in Sources */,
				EE80D91529C92DC70000F8EF /* Candidate+Preview.swift in Sources */,
				EE4524972A56655900C7A2DD /* AboutSectionViewModel.swift in Sources */,
				EE5B939E2A088B5400B43381 /* CategoryCardView.swift in Sources */,
				EE80D92D29D0D4DC0000F8EF /* GRDBService.swift in Sources */,
				EED47ED3299F168800FEFC6E /* D.swift in Sources */,
				EE54ADE729A40101007C3E3F /* AuthenticationCoordinator.swift in Sources */,
				EE80D93D29D882F70000F8EF /* User+Preview.swift in Sources */,
				EED47ED9299F185700FEFC6E /* ViewModelB.swift in Sources */,
				EE5D3A032A30204D00D0E312 /* CommunitiesTabCoordinatorViewModel.swift in Sources */,
				EED4A52A29B8187D00DDCCDA /* PostCoordinator.swift in Sources */,
				EE80D8E029BC1A080000F8EF /* HistoryTabMainViewModel+Preview.swift in Sources */,
				EED4A4EC29A9984200DDCCDA /* SettingsCoordinator.swift in Sources */,
				EE80D8CA29BC13C00000F8EF /* PostViewModel+Preview.swift in Sources */,
				EED4A51129AB1A6900DDCCDA /* CommunitiesTabMainViewModel.swift in Sources */,
				EED47EDB299F185E00FEFC6E /* ViewModelC.swift in Sources */,
				EE4524912A56597400C7A2DD /* ResourceView.swift in Sources */,
				EE80D95629E0B6D10000F8EF /* ReversedLabelStyle.swift in Sources */,
				EE80D94D29DB90440000F8EF /* CreateCommunityView.swift in Sources */,
				EE5B938329F747DD00B43381 /* RepresentativeType.swift in Sources */,
				EE80D8DC29BC18EE0000F8EF /* CommunityHomeFeedViewModel+Preview.swift in Sources */,
				EE5B93992A0866EA00B43381 /* CommunityPostCategoryViewModel+Preview.swift in Sources */,
				EE80D90429C923960000F8EF /* CommunityInfoViewModel.swift in Sources */,
				EE80D8F429BD3A940000F8EF /* AddPostViewModel+Preview.swift in Sources */,
				EE80D8FC29C01FF00000F8EF /* CommunityInteractor.swift in Sources */,
				EE80D8DA29BC176E0000F8EF /* CommunityViewModel+Preview.swift in Sources */,
				EE80D91C29C930C40000F8EF /* CandidateViewModel+Preview.swift in Sources */,
				EED4A52C29B8190700DDCCDA /* PostView.swift in Sources */,
				EE80D90029C020960000F8EF /* CommunityRemoteRepositoryProtocol.swift in Sources */,
				EE80D8B429BAE6410000F8EF /* Community+Preview.swift in Sources */,
				EE80D8E629BC1F030000F8EF /* PostRemoteRepository.swift in Sources */,
				EE5D3A0F2A45246400D0E312 /* Rule+Preview.swift in Sources */,
				EED4A50329AA86C900DDCCDA /* VotingTabMainView.swift in Sources */,
				EE5B93A02A088B5E00B43381 /* CategoryCardViewModel.swift in Sources */,
				EE45248F2A5651FB00C7A2DD /* ResourcesSection.swift in Sources */,
				EE80D8FA29C01F360000F8EF /* UserRemoteRepository.swift in Sources */,
				EE5D3A0D2A45241200D0E312 /* Resource+Preview.swift in Sources */,
				EE80D93929D28B0E0000F8EF /* CreateCandidateViewModel+Preview.swift in Sources */,
				EE80D8BE29BC11240000F8EF /* CommunityCoordinator+Preview.swift in Sources */,
				EED4A50929AA8BC100DDCCDA /* EventsTabMainViewModel.swift in Sources */,
				EE80D8C629BC12C70000F8EF /* CommunitiesTabMainViewModel+Preview.swift in Sources */,
				EE80D8C329BC12720000F8EF /* CommunitiesTabCoordinator+Preview.swift in Sources */,
				EED4A54029BAB3E800DDCCDA /* Comment.swift in Sources */,
				EE5B938529F7652800B43381 /* HeaderWithDropDownFilter.swift in Sources */,
				EE80D8E229BC1DD80000F8EF /* PostInteractor.swift in Sources */,
				EE80D92229C9557D0000F8EF /* CandidateInteractor.swift in Sources */,
				EED4A50F29AB1A5A00DDCCDA /* CommunitiesTabMainView.swift in Sources */,
				EED4A4EF29AA7E9600DDCCDA /* RootView.swift in Sources */,
				EE54ADDF29A329C9007C3E3F /* MainTabView.swift in Sources */,
				EED4A51F29ABC86300DDCCDA /* CommunityCoordinator.swift in Sources */,
				EE80D93529D286240000F8EF /* CreateCandidateViewModel.swift in Sources */,
				EED4A50B29AB18D400DDCCDA /* UpdatesTabMainView.swift in Sources */,
				EED4A4FB29AA857000DDCCDA /* VotingTabCoordinator.swift in Sources */,
				EE80D8D429BC15FC0000F8EF /* EventsTabMainViewModel+Preview.swift in Sources */,
				EE80D92629C955DB0000F8EF /* CandidateRemoteRepository.swift in Sources */,
				EED47EDD299F186600FEFC6E /* ViewModelD.swift in Sources */,
				EE80D94F29DB90AD0000F8EF /* CreateCommunityViewModel.swift in Sources */,
				EED4A53E29B971B700DDCCDA /* CommunityHomeFeedViewModel.swift in Sources */,
				EE5B938929F76FDA00B43381 /* CommunityArchiveFeedViewModel+Preview.swift in Sources */,
				EE5D39F12A2BB5DC00D0E312 /* RichLinkService.swift in Sources */,
				EE80D8C129BC120A0000F8EF /* Router+Preview.swift in Sources */,
				EE80D90D29C92C0B0000F8EF /* CandidateCardView.swift in Sources */,
				EE80D8CC29BC14560000F8EF /* PostCardViewModel+Preview.swift in Sources */,
				EE80D95129DB94AF0000F8EF /* CreateCommunityAlert.swift in Sources */,
				EED4A51C29ABC2FE00DDCCDA /* User.swift in Sources */,
				EED4A53A29B9629900DDCCDA /* PostCardView.swift in Sources */,
				EE5D3A012A2EE0ED00D0E312 /* CommunitiesTabCoordinatorViewModel+Preview.swift in Sources */,
				EE5B93972A0864E700B43381 /* CommunityPostCategoryViewModel.swift in Sources */,
				EED4A50729AA8BAE00DDCCDA /* EventsTabMainView.swift in Sources */,
				EE80D8ED29BD180E0000F8EF /* Container+Extensions.swift in Sources */,
				EED47EDF299F186D00FEFC6E /* SettingsViewModel.swift in Sources */,
				EE5B938729F76EF800B43381 /* CommunityArchiveFeedViewModel.swift in Sources */,
				EE80D92029C938320000F8EF /* CandidatesViewModel+Preview.swift in Sources */,
				EED4A53C29B965AF00DDCCDA /* PostCardViewModel.swift in Sources */,
				EE80D95329DB96F50000F8EF /* CreateCommunityViewModel+Preview.swift in Sources */,
				EE80D93329D286180000F8EF /* CreateCandidateView.swift in Sources */,
				EE80D8FE29C020780000F8EF /* CommunityLocalRepository.swift in Sources */,
				EE5B93A52A088E7B00B43381 /* Color+Extensions.swift in Sources */,
				EED4A50129AA859500DDCCDA /* UpdatesTabCoordinator.swift in Sources */,
				EE80D8D629BC16D90000F8EF /* UpdatesTabCoordinator+Preview.swift in Sources */,
			);
			runOnlyForDeploymentPostprocessing = 0;
		};
/* End PBXSourcesBuildPhase section */

/* Begin XCBuildConfiguration section */
		EEF83469299C6827001EEA5E /* Debug */ = {
			isa = XCBuildConfiguration;
			buildSettings = {
				ALWAYS_SEARCH_USER_PATHS = NO;
				CLANG_ANALYZER_NONNULL = YES;
				CLANG_ANALYZER_NUMBER_OBJECT_CONVERSION = YES_AGGRESSIVE;
				CLANG_CXX_LANGUAGE_STANDARD = "gnu++17";
				CLANG_ENABLE_MODULES = YES;
				CLANG_ENABLE_OBJC_ARC = YES;
				CLANG_ENABLE_OBJC_WEAK = YES;
				CLANG_WARN_BLOCK_CAPTURE_AUTORELEASING = YES;
				CLANG_WARN_BOOL_CONVERSION = YES;
				CLANG_WARN_COMMA = YES;
				CLANG_WARN_CONSTANT_CONVERSION = YES;
				CLANG_WARN_DEPRECATED_OBJC_IMPLEMENTATIONS = YES;
				CLANG_WARN_DIRECT_OBJC_ISA_USAGE = YES_ERROR;
				CLANG_WARN_DOCUMENTATION_COMMENTS = YES;
				CLANG_WARN_EMPTY_BODY = YES;
				CLANG_WARN_ENUM_CONVERSION = YES;
				CLANG_WARN_INFINITE_RECURSION = YES;
				CLANG_WARN_INT_CONVERSION = YES;
				CLANG_WARN_NON_LITERAL_NULL_CONVERSION = YES;
				CLANG_WARN_OBJC_IMPLICIT_RETAIN_SELF = YES;
				CLANG_WARN_OBJC_LITERAL_CONVERSION = YES;
				CLANG_WARN_OBJC_ROOT_CLASS = YES_ERROR;
				CLANG_WARN_QUOTED_INCLUDE_IN_FRAMEWORK_HEADER = YES;
				CLANG_WARN_RANGE_LOOP_ANALYSIS = YES;
				CLANG_WARN_STRICT_PROTOTYPES = YES;
				CLANG_WARN_SUSPICIOUS_MOVE = YES;
				CLANG_WARN_UNGUARDED_AVAILABILITY = YES_AGGRESSIVE;
				CLANG_WARN_UNREACHABLE_CODE = YES;
				CLANG_WARN__DUPLICATE_METHOD_MATCH = YES;
				COPY_PHASE_STRIP = NO;
				DEBUG_INFORMATION_FORMAT = dwarf;
				ENABLE_STRICT_OBJC_MSGSEND = YES;
				ENABLE_TESTABILITY = YES;
				GCC_C_LANGUAGE_STANDARD = gnu11;
				GCC_DYNAMIC_NO_PIC = NO;
				GCC_NO_COMMON_BLOCKS = YES;
				GCC_OPTIMIZATION_LEVEL = 0;
				GCC_PREPROCESSOR_DEFINITIONS = (
					"DEBUG=1",
					"$(inherited)",
				);
				GCC_WARN_64_TO_32_BIT_CONVERSION = YES;
				GCC_WARN_ABOUT_RETURN_TYPE = YES_ERROR;
				GCC_WARN_UNDECLARED_SELECTOR = YES;
				GCC_WARN_UNINITIALIZED_AUTOS = YES_AGGRESSIVE;
				GCC_WARN_UNUSED_FUNCTION = YES;
				GCC_WARN_UNUSED_VARIABLE = YES;
				IPHONEOS_DEPLOYMENT_TARGET = 15.4;
				MTL_ENABLE_DEBUG_INFO = INCLUDE_SOURCE;
				MTL_FAST_MATH = YES;
				ONLY_ACTIVE_ARCH = YES;
				SDKROOT = iphoneos;
				SWIFT_ACTIVE_COMPILATION_CONDITIONS = DEBUG;
				SWIFT_OPTIMIZATION_LEVEL = "-Onone";
			};
			name = Debug;
		};
		EEF8346A299C6827001EEA5E /* Release */ = {
			isa = XCBuildConfiguration;
			buildSettings = {
				ALWAYS_SEARCH_USER_PATHS = NO;
				CLANG_ANALYZER_NONNULL = YES;
				CLANG_ANALYZER_NUMBER_OBJECT_CONVERSION = YES_AGGRESSIVE;
				CLANG_CXX_LANGUAGE_STANDARD = "gnu++17";
				CLANG_ENABLE_MODULES = YES;
				CLANG_ENABLE_OBJC_ARC = YES;
				CLANG_ENABLE_OBJC_WEAK = YES;
				CLANG_WARN_BLOCK_CAPTURE_AUTORELEASING = YES;
				CLANG_WARN_BOOL_CONVERSION = YES;
				CLANG_WARN_COMMA = YES;
				CLANG_WARN_CONSTANT_CONVERSION = YES;
				CLANG_WARN_DEPRECATED_OBJC_IMPLEMENTATIONS = YES;
				CLANG_WARN_DIRECT_OBJC_ISA_USAGE = YES_ERROR;
				CLANG_WARN_DOCUMENTATION_COMMENTS = YES;
				CLANG_WARN_EMPTY_BODY = YES;
				CLANG_WARN_ENUM_CONVERSION = YES;
				CLANG_WARN_INFINITE_RECURSION = YES;
				CLANG_WARN_INT_CONVERSION = YES;
				CLANG_WARN_NON_LITERAL_NULL_CONVERSION = YES;
				CLANG_WARN_OBJC_IMPLICIT_RETAIN_SELF = YES;
				CLANG_WARN_OBJC_LITERAL_CONVERSION = YES;
				CLANG_WARN_OBJC_ROOT_CLASS = YES_ERROR;
				CLANG_WARN_QUOTED_INCLUDE_IN_FRAMEWORK_HEADER = YES;
				CLANG_WARN_RANGE_LOOP_ANALYSIS = YES;
				CLANG_WARN_STRICT_PROTOTYPES = YES;
				CLANG_WARN_SUSPICIOUS_MOVE = YES;
				CLANG_WARN_UNGUARDED_AVAILABILITY = YES_AGGRESSIVE;
				CLANG_WARN_UNREACHABLE_CODE = YES;
				CLANG_WARN__DUPLICATE_METHOD_MATCH = YES;
				COPY_PHASE_STRIP = NO;
				DEBUG_INFORMATION_FORMAT = "dwarf-with-dsym";
				ENABLE_NS_ASSERTIONS = NO;
				ENABLE_STRICT_OBJC_MSGSEND = YES;
				GCC_C_LANGUAGE_STANDARD = gnu11;
				GCC_NO_COMMON_BLOCKS = YES;
				GCC_WARN_64_TO_32_BIT_CONVERSION = YES;
				GCC_WARN_ABOUT_RETURN_TYPE = YES_ERROR;
				GCC_WARN_UNDECLARED_SELECTOR = YES;
				GCC_WARN_UNINITIALIZED_AUTOS = YES_AGGRESSIVE;
				GCC_WARN_UNUSED_FUNCTION = YES;
				GCC_WARN_UNUSED_VARIABLE = YES;
				IPHONEOS_DEPLOYMENT_TARGET = 15.4;
				MTL_ENABLE_DEBUG_INFO = NO;
				MTL_FAST_MATH = YES;
				SDKROOT = iphoneos;
				SWIFT_COMPILATION_MODE = wholemodule;
				SWIFT_OPTIMIZATION_LEVEL = "-O";
				VALIDATE_PRODUCT = YES;
			};
			name = Release;
		};
		EEF8346C299C6827001EEA5E /* Debug */ = {
			isa = XCBuildConfiguration;
			buildSettings = {
				ASSETCATALOG_COMPILER_APPICON_NAME = AppIcon;
				ASSETCATALOG_COMPILER_GLOBAL_ACCENT_COLOR_NAME = AccentColor;
				CODE_SIGN_STYLE = Automatic;
				CURRENT_PROJECT_VERSION = 1;
				DEVELOPMENT_ASSET_PATHS = "\"Democracy/Preview Content\"";
				DEVELOPMENT_TEAM = 8HUP8UB97L;
				ENABLE_PREVIEWS = YES;
				GENERATE_INFOPLIST_FILE = YES;
				INFOPLIST_FILE = Democracy/Info.plist;
				INFOPLIST_KEY_UIApplicationSupportsIndirectInputEvents = YES;
				INFOPLIST_KEY_UILaunchScreen_Generation = YES;
				INFOPLIST_KEY_UISupportedInterfaceOrientations_iPad = "UIInterfaceOrientationPortrait UIInterfaceOrientationPortraitUpsideDown UIInterfaceOrientationLandscapeLeft UIInterfaceOrientationLandscapeRight";
				INFOPLIST_KEY_UISupportedInterfaceOrientations_iPhone = "UIInterfaceOrientationPortrait UIInterfaceOrientationLandscapeLeft UIInterfaceOrientationLandscapeRight";
				IPHONEOS_DEPLOYMENT_TARGET = 16.0;
				LD_RUNPATH_SEARCH_PATHS = (
					"$(inherited)",
					"@executable_path/Frameworks",
				);
				MARKETING_VERSION = 1.0;
				PRODUCT_BUNDLE_IDENTIFIER = com.WesleyLuntsford.Democracy;
				PRODUCT_NAME = "$(TARGET_NAME)";
				SWIFT_EMIT_LOC_STRINGS = YES;
				SWIFT_VERSION = 5.0;
				TARGETED_DEVICE_FAMILY = "1,2";
			};
			name = Debug;
		};
		EEF8346D299C6827001EEA5E /* Release */ = {
			isa = XCBuildConfiguration;
			buildSettings = {
				ASSETCATALOG_COMPILER_APPICON_NAME = AppIcon;
				ASSETCATALOG_COMPILER_GLOBAL_ACCENT_COLOR_NAME = AccentColor;
				CODE_SIGN_STYLE = Automatic;
				CURRENT_PROJECT_VERSION = 1;
				DEVELOPMENT_ASSET_PATHS = "\"Democracy/Preview Content\"";
				DEVELOPMENT_TEAM = 8HUP8UB97L;
				ENABLE_PREVIEWS = YES;
				GENERATE_INFOPLIST_FILE = YES;
				INFOPLIST_FILE = Democracy/Info.plist;
				INFOPLIST_KEY_UIApplicationSupportsIndirectInputEvents = YES;
				INFOPLIST_KEY_UILaunchScreen_Generation = YES;
				INFOPLIST_KEY_UISupportedInterfaceOrientations_iPad = "UIInterfaceOrientationPortrait UIInterfaceOrientationPortraitUpsideDown UIInterfaceOrientationLandscapeLeft UIInterfaceOrientationLandscapeRight";
				INFOPLIST_KEY_UISupportedInterfaceOrientations_iPhone = "UIInterfaceOrientationPortrait UIInterfaceOrientationLandscapeLeft UIInterfaceOrientationLandscapeRight";
				IPHONEOS_DEPLOYMENT_TARGET = 16.0;
				LD_RUNPATH_SEARCH_PATHS = (
					"$(inherited)",
					"@executable_path/Frameworks",
				);
				MARKETING_VERSION = 1.0;
				PRODUCT_BUNDLE_IDENTIFIER = com.WesleyLuntsford.Democracy;
				PRODUCT_NAME = "$(TARGET_NAME)";
				SWIFT_EMIT_LOC_STRINGS = YES;
				SWIFT_VERSION = 5.0;
				TARGETED_DEVICE_FAMILY = "1,2";
			};
			name = Release;
		};
/* End XCBuildConfiguration section */

/* Begin XCConfigurationList section */
		EEF83458299C6824001EEA5E /* Build configuration list for PBXProject "Democracy" */ = {
			isa = XCConfigurationList;
			buildConfigurations = (
				EEF83469299C6827001EEA5E /* Debug */,
				EEF8346A299C6827001EEA5E /* Release */,
			);
			defaultConfigurationIsVisible = 0;
			defaultConfigurationName = Release;
		};
		EEF8346B299C6827001EEA5E /* Build configuration list for PBXNativeTarget "Democracy" */ = {
			isa = XCConfigurationList;
			buildConfigurations = (
				EEF8346C299C6827001EEA5E /* Debug */,
				EEF8346D299C6827001EEA5E /* Release */,
			);
			defaultConfigurationIsVisible = 0;
			defaultConfigurationName = Release;
		};
/* End XCConfigurationList section */

/* Begin XCRemoteSwiftPackageReference section */
		EE80D8E729BD11600000F8EF /* XCRemoteSwiftPackageReference "Factory" */ = {
			isa = XCRemoteSwiftPackageReference;
			repositoryURL = "https://github.com/hmlongco/Factory.git";
			requirement = {
				kind = upToNextMajorVersion;
				minimumVersion = 2.0.0;
			};
		};
		EE80D92729D0D2420000F8EF /* XCRemoteSwiftPackageReference "GRDB.swift" */ = {
			isa = XCRemoteSwiftPackageReference;
			repositoryURL = "https://github.com/groue/GRDB.swift.git";
			requirement = {
				kind = upToNextMajorVersion;
				minimumVersion = 6.10.0;
			};
		};
/* End XCRemoteSwiftPackageReference section */

/* Begin XCSwiftPackageProductDependency section */
		EE80D8E829BD11600000F8EF /* Factory */ = {
			isa = XCSwiftPackageProductDependency;
			package = EE80D8E729BD11600000F8EF /* XCRemoteSwiftPackageReference "Factory" */;
			productName = Factory;
		};
		EE80D92829D0D2420000F8EF /* GRDB */ = {
			isa = XCSwiftPackageProductDependency;
			package = EE80D92729D0D2420000F8EF /* XCRemoteSwiftPackageReference "GRDB.swift" */;
			productName = GRDB;
		};
/* End XCSwiftPackageProductDependency section */
	};
	rootObject = EEF83455299C6824001EEA5E /* Project object */;
}
