// !$*UTF8*$!
{
	archiveVersion = 1;
	classes = {
	};
	objectVersion = 55;
	objects = {

/* Begin PBXBuildFile section */
		EE54ADDF29A329C9007C3E3F /* MainTabView.swift in Sources */ = {isa = PBXBuildFile; fileRef = EE54ADDE29A329C9007C3E3F /* MainTabView.swift */; };
		EE54ADE729A40101007C3E3F /* AuthenticationCoordinator.swift in Sources */ = {isa = PBXBuildFile; fileRef = EE54ADE629A40101007C3E3F /* AuthenticationCoordinator.swift */; };
		EE54ADEA29A712AE007C3E3F /* LoginView.swift in Sources */ = {isa = PBXBuildFile; fileRef = EE54ADE929A712AD007C3E3F /* LoginView.swift */; };
		EE54ADEC29A714E8007C3E3F /* LoginViewModel.swift in Sources */ = {isa = PBXBuildFile; fileRef = EE54ADEB29A714E8007C3E3F /* LoginViewModel.swift */; };
		EE80D8B129BAE4A80000F8EF /* Post+Preview.swift in Sources */ = {isa = PBXBuildFile; fileRef = EE80D8B029BAE4A80000F8EF /* Post+Preview.swift */; };
		EE80D8B429BAE6410000F8EF /* Community+Preview.swift in Sources */ = {isa = PBXBuildFile; fileRef = EE80D8B329BAE6410000F8EF /* Community+Preview.swift */; };
		EE80D8B629BAECCE0000F8EF /* Link.swift in Sources */ = {isa = PBXBuildFile; fileRef = EE80D8B529BAECCE0000F8EF /* Link.swift */; };
		EED47ECD299F167100FEFC6E /* MainCoordinator.swift in Sources */ = {isa = PBXBuildFile; fileRef = EED47ECC299F167100FEFC6E /* MainCoordinator.swift */; };
		EED47ECF299F167B00FEFC6E /* B.swift in Sources */ = {isa = PBXBuildFile; fileRef = EED47ECE299F167B00FEFC6E /* B.swift */; };
		EED47ED1299F168200FEFC6E /* C.swift in Sources */ = {isa = PBXBuildFile; fileRef = EED47ED0299F168200FEFC6E /* C.swift */; };
		EED47ED3299F168800FEFC6E /* D.swift in Sources */ = {isa = PBXBuildFile; fileRef = EED47ED2299F168800FEFC6E /* D.swift */; };
		EED47ED5299F169000FEFC6E /* SettingsView.swift in Sources */ = {isa = PBXBuildFile; fileRef = EED47ED4299F169000FEFC6E /* SettingsView.swift */; };
		EED47ED9299F185700FEFC6E /* ViewModelB.swift in Sources */ = {isa = PBXBuildFile; fileRef = EED47ED8299F185700FEFC6E /* ViewModelB.swift */; };
		EED47EDB299F185E00FEFC6E /* ViewModelC.swift in Sources */ = {isa = PBXBuildFile; fileRef = EED47EDA299F185E00FEFC6E /* ViewModelC.swift */; };
		EED47EDD299F186600FEFC6E /* ViewModelD.swift in Sources */ = {isa = PBXBuildFile; fileRef = EED47EDC299F186600FEFC6E /* ViewModelD.swift */; };
		EED47EDF299F186D00FEFC6E /* SettingsViewModel.swift in Sources */ = {isa = PBXBuildFile; fileRef = EED47EDE299F186D00FEFC6E /* SettingsViewModel.swift */; };
		EED4A4EC29A9984200DDCCDA /* SettingsCoordinator.swift in Sources */ = {isa = PBXBuildFile; fileRef = EED4A4EB29A9984200DDCCDA /* SettingsCoordinator.swift */; };
		EED4A4EF29AA7E9600DDCCDA /* RootView.swift in Sources */ = {isa = PBXBuildFile; fileRef = EED4A4EE29AA7E9600DDCCDA /* RootView.swift */; };
		EED4A4F129AA7ED700DDCCDA /* RootViewModel.swift in Sources */ = {isa = PBXBuildFile; fileRef = EED4A4F029AA7ED700DDCCDA /* RootViewModel.swift */; };
		EED4A4F929AA855900DDCCDA /* EventsTabCoordinator.swift in Sources */ = {isa = PBXBuildFile; fileRef = EED4A4F829AA855900DDCCDA /* EventsTabCoordinator.swift */; };
		EED4A4FB29AA857000DDCCDA /* VotingTabCoordinator.swift in Sources */ = {isa = PBXBuildFile; fileRef = EED4A4FA29AA857000DDCCDA /* VotingTabCoordinator.swift */; };
		EED4A4FD29AA857B00DDCCDA /* CommunitiesTabCoordinator.swift in Sources */ = {isa = PBXBuildFile; fileRef = EED4A4FC29AA857B00DDCCDA /* CommunitiesTabCoordinator.swift */; };
		EED4A4FF29AA858600DDCCDA /* HistoryTabCoordinator.swift in Sources */ = {isa = PBXBuildFile; fileRef = EED4A4FE29AA858600DDCCDA /* HistoryTabCoordinator.swift */; };
		EED4A50129AA859500DDCCDA /* UpdatesTabCoordinator.swift in Sources */ = {isa = PBXBuildFile; fileRef = EED4A50029AA859500DDCCDA /* UpdatesTabCoordinator.swift */; };
		EED4A50329AA86C900DDCCDA /* VotingTabMainView.swift in Sources */ = {isa = PBXBuildFile; fileRef = EED4A50229AA86C900DDCCDA /* VotingTabMainView.swift */; };
		EED4A50529AA870000DDCCDA /* VotingTabMainViewModel.swift in Sources */ = {isa = PBXBuildFile; fileRef = EED4A50429AA870000DDCCDA /* VotingTabMainViewModel.swift */; };
		EED4A50729AA8BAE00DDCCDA /* EventsTabMainView.swift in Sources */ = {isa = PBXBuildFile; fileRef = EED4A50629AA8BAE00DDCCDA /* EventsTabMainView.swift */; };
		EED4A50929AA8BC100DDCCDA /* EventsTabMainViewModel.swift in Sources */ = {isa = PBXBuildFile; fileRef = EED4A50829AA8BC100DDCCDA /* EventsTabMainViewModel.swift */; };
		EED4A50B29AB18D400DDCCDA /* UpdatesTabMainView.swift in Sources */ = {isa = PBXBuildFile; fileRef = EED4A50A29AB18D400DDCCDA /* UpdatesTabMainView.swift */; };
		EED4A50D29AB18E400DDCCDA /* UpdatesTabMainViewModel.swift in Sources */ = {isa = PBXBuildFile; fileRef = EED4A50C29AB18E400DDCCDA /* UpdatesTabMainViewModel.swift */; };
		EED4A50F29AB1A5A00DDCCDA /* CommunitiesTabMainView.swift in Sources */ = {isa = PBXBuildFile; fileRef = EED4A50E29AB1A5A00DDCCDA /* CommunitiesTabMainView.swift */; };
		EED4A51129AB1A6900DDCCDA /* CommunitiesTabMainViewModel.swift in Sources */ = {isa = PBXBuildFile; fileRef = EED4A51029AB1A6900DDCCDA /* CommunitiesTabMainViewModel.swift */; };
		EED4A51329AB1C6F00DDCCDA /* HistoryTabMainView.swift in Sources */ = {isa = PBXBuildFile; fileRef = EED4A51229AB1C6F00DDCCDA /* HistoryTabMainView.swift */; };
		EED4A51529AB1C7900DDCCDA /* HistoryTabMainViewModel.swift in Sources */ = {isa = PBXBuildFile; fileRef = EED4A51429AB1C7900DDCCDA /* HistoryTabMainViewModel.swift */; };
		EED4A51A29ABC2D400DDCCDA /* Community.swift in Sources */ = {isa = PBXBuildFile; fileRef = EED4A51929ABC2D400DDCCDA /* Community.swift */; };
		EED4A51C29ABC2FE00DDCCDA /* User.swift in Sources */ = {isa = PBXBuildFile; fileRef = EED4A51B29ABC2FE00DDCCDA /* User.swift */; };
		EED4A51F29ABC86300DDCCDA /* CommunityCoordinator.swift in Sources */ = {isa = PBXBuildFile; fileRef = EED4A51E29ABC86300DDCCDA /* CommunityCoordinator.swift */; };
		EED4A52129ABC86D00DDCCDA /* CommunityView.swift in Sources */ = {isa = PBXBuildFile; fileRef = EED4A52029ABC86D00DDCCDA /* CommunityView.swift */; };
		EED4A52329ABC87B00DDCCDA /* CommunityViewModel.swift in Sources */ = {isa = PBXBuildFile; fileRef = EED4A52229ABC87B00DDCCDA /* CommunityViewModel.swift */; };
		EED4A52629B810FF00DDCCDA /* Post.swift in Sources */ = {isa = PBXBuildFile; fileRef = EED4A52529B810FF00DDCCDA /* Post.swift */; };
		EED4A52A29B8187D00DDCCDA /* PostCoordinator.swift in Sources */ = {isa = PBXBuildFile; fileRef = EED4A52929B8187D00DDCCDA /* PostCoordinator.swift */; };
		EED4A52C29B8190700DDCCDA /* PostView.swift in Sources */ = {isa = PBXBuildFile; fileRef = EED4A52B29B8190700DDCCDA /* PostView.swift */; };
		EED4A52E29B81A2E00DDCCDA /* PostViewModel.swift in Sources */ = {isa = PBXBuildFile; fileRef = EED4A52D29B81A2E00DDCCDA /* PostViewModel.swift */; };
		EED4A53329B81D6800DDCCDA /* CommunityHomeFeedView.swift in Sources */ = {isa = PBXBuildFile; fileRef = EED4A53229B81D6800DDCCDA /* CommunityHomeFeedView.swift */; };
		EED4A53529B81D8000DDCCDA /* CommunityInfoView.swift in Sources */ = {isa = PBXBuildFile; fileRef = EED4A53429B81D8000DDCCDA /* CommunityInfoView.swift */; };
		EED4A53729B81D9500DDCCDA /* CommunityArchiveFeedView.swift in Sources */ = {isa = PBXBuildFile; fileRef = EED4A53629B81D9500DDCCDA /* CommunityArchiveFeedView.swift */; };
		EED4A53A29B9629900DDCCDA /* PostCardView.swift in Sources */ = {isa = PBXBuildFile; fileRef = EED4A53929B9629900DDCCDA /* PostCardView.swift */; };
		EED4A53C29B965AF00DDCCDA /* PostCardViewModel.swift in Sources */ = {isa = PBXBuildFile; fileRef = EED4A53B29B965AF00DDCCDA /* PostCardViewModel.swift */; };
		EED4A53E29B971B700DDCCDA /* CommunityHomeFeedViewModel.swift in Sources */ = {isa = PBXBuildFile; fileRef = EED4A53D29B971B700DDCCDA /* CommunityHomeFeedViewModel.swift */; };
		EED4A54029BAB3E800DDCCDA /* Comment.swift in Sources */ = {isa = PBXBuildFile; fileRef = EED4A53F29BAB3E800DDCCDA /* Comment.swift */; };
		EED4A54329BAB60100DDCCDA /* Hashable+Extensions.swift in Sources */ = {isa = PBXBuildFile; fileRef = EED4A54229BAB60100DDCCDA /* Hashable+Extensions.swift */; };
		EED4A54529BAE16700DDCCDA /* Tag.swift in Sources */ = {isa = PBXBuildFile; fileRef = EED4A54429BAE16700DDCCDA /* Tag.swift */; };
		EEF83461299C6824001EEA5E /* DemocracyApp.swift in Sources */ = {isa = PBXBuildFile; fileRef = EEF83460299C6824001EEA5E /* DemocracyApp.swift */; };
		EEF83463299C6824001EEA5E /* ContentView.swift in Sources */ = {isa = PBXBuildFile; fileRef = EEF83462299C6824001EEA5E /* ContentView.swift */; };
		EEF83465299C6827001EEA5E /* Assets.xcassets in Resources */ = {isa = PBXBuildFile; fileRef = EEF83464299C6827001EEA5E /* Assets.xcassets */; };
		EEF83468299C6827001EEA5E /* Preview Assets.xcassets in Resources */ = {isa = PBXBuildFile; fileRef = EEF83467299C6827001EEA5E /* Preview Assets.xcassets */; };
		EEF83473299C6A11001EEA5E /* Router.swift in Sources */ = {isa = PBXBuildFile; fileRef = EEF83472299C6A11001EEA5E /* Router.swift */; };
/* End PBXBuildFile section */

/* Begin PBXFileReference section */
		EE54ADDE29A329C9007C3E3F /* MainTabView.swift */ = {isa = PBXFileReference; lastKnownFileType = sourcecode.swift; path = MainTabView.swift; sourceTree = "<group>"; };
		EE54ADE629A40101007C3E3F /* AuthenticationCoordinator.swift */ = {isa = PBXFileReference; lastKnownFileType = sourcecode.swift; path = AuthenticationCoordinator.swift; sourceTree = "<group>"; };
		EE54ADE929A712AD007C3E3F /* LoginView.swift */ = {isa = PBXFileReference; lastKnownFileType = sourcecode.swift; path = LoginView.swift; sourceTree = "<group>"; };
		EE54ADEB29A714E8007C3E3F /* LoginViewModel.swift */ = {isa = PBXFileReference; lastKnownFileType = sourcecode.swift; path = LoginViewModel.swift; sourceTree = "<group>"; };
		EE80D8B029BAE4A80000F8EF /* Post+Preview.swift */ = {isa = PBXFileReference; lastKnownFileType = sourcecode.swift; path = "Post+Preview.swift"; sourceTree = "<group>"; };
		EE80D8B329BAE6410000F8EF /* Community+Preview.swift */ = {isa = PBXFileReference; lastKnownFileType = sourcecode.swift; path = "Community+Preview.swift"; sourceTree = "<group>"; };
		EE80D8B529BAECCE0000F8EF /* Link.swift */ = {isa = PBXFileReference; lastKnownFileType = sourcecode.swift; path = Link.swift; sourceTree = "<group>"; };
		EED47ECC299F167100FEFC6E /* MainCoordinator.swift */ = {isa = PBXFileReference; lastKnownFileType = sourcecode.swift; path = MainCoordinator.swift; sourceTree = "<group>"; };
		EED47ECE299F167B00FEFC6E /* B.swift */ = {isa = PBXFileReference; lastKnownFileType = sourcecode.swift; path = B.swift; sourceTree = "<group>"; };
		EED47ED0299F168200FEFC6E /* C.swift */ = {isa = PBXFileReference; lastKnownFileType = sourcecode.swift; path = C.swift; sourceTree = "<group>"; };
		EED47ED2299F168800FEFC6E /* D.swift */ = {isa = PBXFileReference; lastKnownFileType = sourcecode.swift; path = D.swift; sourceTree = "<group>"; };
		EED47ED4299F169000FEFC6E /* SettingsView.swift */ = {isa = PBXFileReference; lastKnownFileType = sourcecode.swift; path = SettingsView.swift; sourceTree = "<group>"; };
		EED47ED8299F185700FEFC6E /* ViewModelB.swift */ = {isa = PBXFileReference; lastKnownFileType = sourcecode.swift; path = ViewModelB.swift; sourceTree = "<group>"; };
		EED47EDA299F185E00FEFC6E /* ViewModelC.swift */ = {isa = PBXFileReference; lastKnownFileType = sourcecode.swift; path = ViewModelC.swift; sourceTree = "<group>"; };
		EED47EDC299F186600FEFC6E /* ViewModelD.swift */ = {isa = PBXFileReference; lastKnownFileType = sourcecode.swift; path = ViewModelD.swift; sourceTree = "<group>"; };
		EED47EDE299F186D00FEFC6E /* SettingsViewModel.swift */ = {isa = PBXFileReference; lastKnownFileType = sourcecode.swift; path = SettingsViewModel.swift; sourceTree = "<group>"; };
		EED4A4EB29A9984200DDCCDA /* SettingsCoordinator.swift */ = {isa = PBXFileReference; lastKnownFileType = sourcecode.swift; path = SettingsCoordinator.swift; sourceTree = "<group>"; };
		EED4A4EE29AA7E9600DDCCDA /* RootView.swift */ = {isa = PBXFileReference; lastKnownFileType = sourcecode.swift; path = RootView.swift; sourceTree = "<group>"; };
		EED4A4F029AA7ED700DDCCDA /* RootViewModel.swift */ = {isa = PBXFileReference; lastKnownFileType = sourcecode.swift; path = RootViewModel.swift; sourceTree = "<group>"; };
		EED4A4F829AA855900DDCCDA /* EventsTabCoordinator.swift */ = {isa = PBXFileReference; lastKnownFileType = sourcecode.swift; path = EventsTabCoordinator.swift; sourceTree = "<group>"; };
		EED4A4FA29AA857000DDCCDA /* VotingTabCoordinator.swift */ = {isa = PBXFileReference; lastKnownFileType = sourcecode.swift; path = VotingTabCoordinator.swift; sourceTree = "<group>"; };
		EED4A4FC29AA857B00DDCCDA /* CommunitiesTabCoordinator.swift */ = {isa = PBXFileReference; lastKnownFileType = sourcecode.swift; path = CommunitiesTabCoordinator.swift; sourceTree = "<group>"; };
		EED4A4FE29AA858600DDCCDA /* HistoryTabCoordinator.swift */ = {isa = PBXFileReference; lastKnownFileType = sourcecode.swift; path = HistoryTabCoordinator.swift; sourceTree = "<group>"; };
		EED4A50029AA859500DDCCDA /* UpdatesTabCoordinator.swift */ = {isa = PBXFileReference; lastKnownFileType = sourcecode.swift; path = UpdatesTabCoordinator.swift; sourceTree = "<group>"; };
		EED4A50229AA86C900DDCCDA /* VotingTabMainView.swift */ = {isa = PBXFileReference; lastKnownFileType = sourcecode.swift; path = VotingTabMainView.swift; sourceTree = "<group>"; };
		EED4A50429AA870000DDCCDA /* VotingTabMainViewModel.swift */ = {isa = PBXFileReference; lastKnownFileType = sourcecode.swift; path = VotingTabMainViewModel.swift; sourceTree = "<group>"; };
		EED4A50629AA8BAE00DDCCDA /* EventsTabMainView.swift */ = {isa = PBXFileReference; lastKnownFileType = sourcecode.swift; path = EventsTabMainView.swift; sourceTree = "<group>"; };
		EED4A50829AA8BC100DDCCDA /* EventsTabMainViewModel.swift */ = {isa = PBXFileReference; lastKnownFileType = sourcecode.swift; path = EventsTabMainViewModel.swift; sourceTree = "<group>"; };
		EED4A50A29AB18D400DDCCDA /* UpdatesTabMainView.swift */ = {isa = PBXFileReference; lastKnownFileType = sourcecode.swift; path = UpdatesTabMainView.swift; sourceTree = "<group>"; };
		EED4A50C29AB18E400DDCCDA /* UpdatesTabMainViewModel.swift */ = {isa = PBXFileReference; lastKnownFileType = sourcecode.swift; path = UpdatesTabMainViewModel.swift; sourceTree = "<group>"; };
		EED4A50E29AB1A5A00DDCCDA /* CommunitiesTabMainView.swift */ = {isa = PBXFileReference; lastKnownFileType = sourcecode.swift; path = CommunitiesTabMainView.swift; sourceTree = "<group>"; };
		EED4A51029AB1A6900DDCCDA /* CommunitiesTabMainViewModel.swift */ = {isa = PBXFileReference; lastKnownFileType = sourcecode.swift; path = CommunitiesTabMainViewModel.swift; sourceTree = "<group>"; };
		EED4A51229AB1C6F00DDCCDA /* HistoryTabMainView.swift */ = {isa = PBXFileReference; lastKnownFileType = sourcecode.swift; path = HistoryTabMainView.swift; sourceTree = "<group>"; };
		EED4A51429AB1C7900DDCCDA /* HistoryTabMainViewModel.swift */ = {isa = PBXFileReference; lastKnownFileType = sourcecode.swift; path = HistoryTabMainViewModel.swift; sourceTree = "<group>"; };
		EED4A51929ABC2D400DDCCDA /* Community.swift */ = {isa = PBXFileReference; lastKnownFileType = sourcecode.swift; path = Community.swift; sourceTree = "<group>"; };
		EED4A51B29ABC2FE00DDCCDA /* User.swift */ = {isa = PBXFileReference; lastKnownFileType = sourcecode.swift; path = User.swift; sourceTree = "<group>"; };
		EED4A51E29ABC86300DDCCDA /* CommunityCoordinator.swift */ = {isa = PBXFileReference; lastKnownFileType = sourcecode.swift; path = CommunityCoordinator.swift; sourceTree = "<group>"; };
		EED4A52029ABC86D00DDCCDA /* CommunityView.swift */ = {isa = PBXFileReference; lastKnownFileType = sourcecode.swift; path = CommunityView.swift; sourceTree = "<group>"; };
		EED4A52229ABC87B00DDCCDA /* CommunityViewModel.swift */ = {isa = PBXFileReference; lastKnownFileType = sourcecode.swift; path = CommunityViewModel.swift; sourceTree = "<group>"; };
		EED4A52529B810FF00DDCCDA /* Post.swift */ = {isa = PBXFileReference; lastKnownFileType = sourcecode.swift; path = Post.swift; sourceTree = "<group>"; };
		EED4A52929B8187D00DDCCDA /* PostCoordinator.swift */ = {isa = PBXFileReference; lastKnownFileType = sourcecode.swift; path = PostCoordinator.swift; sourceTree = "<group>"; };
		EED4A52B29B8190700DDCCDA /* PostView.swift */ = {isa = PBXFileReference; lastKnownFileType = sourcecode.swift; path = PostView.swift; sourceTree = "<group>"; };
		EED4A52D29B81A2E00DDCCDA /* PostViewModel.swift */ = {isa = PBXFileReference; lastKnownFileType = sourcecode.swift; path = PostViewModel.swift; sourceTree = "<group>"; };
		EED4A53229B81D6800DDCCDA /* CommunityHomeFeedView.swift */ = {isa = PBXFileReference; lastKnownFileType = sourcecode.swift; path = CommunityHomeFeedView.swift; sourceTree = "<group>"; };
		EED4A53429B81D8000DDCCDA /* CommunityInfoView.swift */ = {isa = PBXFileReference; lastKnownFileType = sourcecode.swift; path = CommunityInfoView.swift; sourceTree = "<group>"; };
		EED4A53629B81D9500DDCCDA /* CommunityArchiveFeedView.swift */ = {isa = PBXFileReference; lastKnownFileType = sourcecode.swift; path = CommunityArchiveFeedView.swift; sourceTree = "<group>"; };
		EED4A53929B9629900DDCCDA /* PostCardView.swift */ = {isa = PBXFileReference; lastKnownFileType = sourcecode.swift; path = PostCardView.swift; sourceTree = "<group>"; };
		EED4A53B29B965AF00DDCCDA /* PostCardViewModel.swift */ = {isa = PBXFileReference; lastKnownFileType = sourcecode.swift; path = PostCardViewModel.swift; sourceTree = "<group>"; };
		EED4A53D29B971B700DDCCDA /* CommunityHomeFeedViewModel.swift */ = {isa = PBXFileReference; lastKnownFileType = sourcecode.swift; path = CommunityHomeFeedViewModel.swift; sourceTree = "<group>"; };
		EED4A53F29BAB3E800DDCCDA /* Comment.swift */ = {isa = PBXFileReference; lastKnownFileType = sourcecode.swift; path = Comment.swift; sourceTree = "<group>"; };
		EED4A54229BAB60100DDCCDA /* Hashable+Extensions.swift */ = {isa = PBXFileReference; lastKnownFileType = sourcecode.swift; path = "Hashable+Extensions.swift"; sourceTree = "<group>"; };
		EED4A54429BAE16700DDCCDA /* Tag.swift */ = {isa = PBXFileReference; lastKnownFileType = sourcecode.swift; path = Tag.swift; sourceTree = "<group>"; };
		EEF8345D299C6824001EEA5E /* Democracy.app */ = {isa = PBXFileReference; explicitFileType = wrapper.application; includeInIndex = 0; path = Democracy.app; sourceTree = BUILT_PRODUCTS_DIR; };
		EEF83460299C6824001EEA5E /* DemocracyApp.swift */ = {isa = PBXFileReference; lastKnownFileType = sourcecode.swift; path = DemocracyApp.swift; sourceTree = "<group>"; };
		EEF83462299C6824001EEA5E /* ContentView.swift */ = {isa = PBXFileReference; lastKnownFileType = sourcecode.swift; path = ContentView.swift; sourceTree = "<group>"; };
		EEF83464299C6827001EEA5E /* Assets.xcassets */ = {isa = PBXFileReference; lastKnownFileType = folder.assetcatalog; path = Assets.xcassets; sourceTree = "<group>"; };
		EEF83467299C6827001EEA5E /* Preview Assets.xcassets */ = {isa = PBXFileReference; lastKnownFileType = folder.assetcatalog; path = "Preview Assets.xcassets"; sourceTree = "<group>"; };
		EEF83472299C6A11001EEA5E /* Router.swift */ = {isa = PBXFileReference; lastKnownFileType = sourcecode.swift; path = Router.swift; sourceTree = "<group>"; };
/* End PBXFileReference section */

/* Begin PBXFrameworksBuildPhase section */
		EEF8345A299C6824001EEA5E /* Frameworks */ = {
			isa = PBXFrameworksBuildPhase;
			buildActionMask = 2147483647;
			files = (
			);
			runOnlyForDeploymentPostprocessing = 0;
		};
/* End PBXFrameworksBuildPhase section */

/* Begin PBXGroup section */
		EE54ADE829A7128E007C3E3F /* Login */ = {
			isa = PBXGroup;
			children = (
				EE54ADE629A40101007C3E3F /* AuthenticationCoordinator.swift */,
				EE54ADE929A712AD007C3E3F /* LoginView.swift */,
				EE54ADEB29A714E8007C3E3F /* LoginViewModel.swift */,
			);
			path = Login;
			sourceTree = "<group>";
		};
		EE80D8B229BAE60F0000F8EF /* Domain Models */ = {
			isa = PBXGroup;
			children = (
				EE80D8B029BAE4A80000F8EF /* Post+Preview.swift */,
				EE80D8B329BAE6410000F8EF /* Community+Preview.swift */,
			);
			path = "Domain Models";
			sourceTree = "<group>";
		};
		EED47ECB299F166300FEFC6E /* Views */ = {
			isa = PBXGroup;
			children = (
				EED47ECE299F167B00FEFC6E /* B.swift */,
				EED47ED0299F168200FEFC6E /* C.swift */,
				EED47ED2299F168800FEFC6E /* D.swift */,
				EED47ED8299F185700FEFC6E /* ViewModelB.swift */,
				EED47EDA299F185E00FEFC6E /* ViewModelC.swift */,
				EED47EDC299F186600FEFC6E /* ViewModelD.swift */,
			);
			path = Views;
			sourceTree = "<group>";
		};
		EED4A4EA29A997AB00DDCCDA /* Settings */ = {
			isa = PBXGroup;
			children = (
				EED47ED4299F169000FEFC6E /* SettingsView.swift */,
				EED47EDE299F186D00FEFC6E /* SettingsViewModel.swift */,
				EED4A4EB29A9984200DDCCDA /* SettingsCoordinator.swift */,
			);
			path = Settings;
			sourceTree = "<group>";
		};
		EED4A4ED29AA7E7A00DDCCDA /* Root */ = {
			isa = PBXGroup;
			children = (
				EED4A4EE29AA7E9600DDCCDA /* RootView.swift */,
				EED4A4F029AA7ED700DDCCDA /* RootViewModel.swift */,
			);
			path = Root;
			sourceTree = "<group>";
		};
		EED4A4F229AA7FC600DDCCDA /* MainTabs */ = {
			isa = PBXGroup;
			children = (
				EE54ADDE29A329C9007C3E3F /* MainTabView.swift */,
				EED4A4F629AA843F00DDCCDA /* VotingTab */,
				EED4A4F729AA846D00DDCCDA /* EventsTab */,
				EED4A4F329AA83B900DDCCDA /* UpdatesTab */,
				EED4A4F529AA842100DDCCDA /* CommunitiesTab */,
				EED4A4F429AA83CB00DDCCDA /* HistoryTab */,
			);
			path = MainTabs;
			sourceTree = "<group>";
		};
		EED4A4F329AA83B900DDCCDA /* UpdatesTab */ = {
			isa = PBXGroup;
			children = (
				EED4A50029AA859500DDCCDA /* UpdatesTabCoordinator.swift */,
				EED4A50A29AB18D400DDCCDA /* UpdatesTabMainView.swift */,
				EED4A50C29AB18E400DDCCDA /* UpdatesTabMainViewModel.swift */,
				EED4A4EA29A997AB00DDCCDA /* Settings */,
			);
			path = UpdatesTab;
			sourceTree = "<group>";
		};
		EED4A4F429AA83CB00DDCCDA /* HistoryTab */ = {
			isa = PBXGroup;
			children = (
				EED4A4FE29AA858600DDCCDA /* HistoryTabCoordinator.swift */,
				EED4A51229AB1C6F00DDCCDA /* HistoryTabMainView.swift */,
				EED4A51429AB1C7900DDCCDA /* HistoryTabMainViewModel.swift */,
			);
			path = HistoryTab;
			sourceTree = "<group>";
		};
		EED4A4F529AA842100DDCCDA /* CommunitiesTab */ = {
			isa = PBXGroup;
			children = (
				EED4A4FC29AA857B00DDCCDA /* CommunitiesTabCoordinator.swift */,
				EED4A50E29AB1A5A00DDCCDA /* CommunitiesTabMainView.swift */,
				EED4A51029AB1A6900DDCCDA /* CommunitiesTabMainViewModel.swift */,
				EED4A51D29ABC80A00DDCCDA /* Community */,
			);
			path = CommunitiesTab;
			sourceTree = "<group>";
		};
		EED4A4F629AA843F00DDCCDA /* VotingTab */ = {
			isa = PBXGroup;
			children = (
				EED4A4FA29AA857000DDCCDA /* VotingTabCoordinator.swift */,
				EED4A50229AA86C900DDCCDA /* VotingTabMainView.swift */,
				EED4A50429AA870000DDCCDA /* VotingTabMainViewModel.swift */,
			);
			path = VotingTab;
			sourceTree = "<group>";
		};
		EED4A4F729AA846D00DDCCDA /* EventsTab */ = {
			isa = PBXGroup;
			children = (
				EED4A4F829AA855900DDCCDA /* EventsTabCoordinator.swift */,
				EED4A50629AA8BAE00DDCCDA /* EventsTabMainView.swift */,
				EED4A50829AA8BC100DDCCDA /* EventsTabMainViewModel.swift */,
			);
			path = EventsTab;
			sourceTree = "<group>";
		};
		EED4A51629ABC1C800DDCCDA /* Views */ = {
			isa = PBXGroup;
			children = (
				EED4A52729B8185600DDCCDA /* Shared Views */,
				EEF8346E299C69DC001EEA5E /* Navigation */,
				EED4A4ED29AA7E7A00DDCCDA /* Root */,
				EE54ADE829A7128E007C3E3F /* Login */,
				EED4A4F229AA7FC600DDCCDA /* MainTabs */,
			);
			path = Views;
			sourceTree = "<group>";
		};
		EED4A51729ABC1FC00DDCCDA /* Example */ = {
			isa = PBXGroup;
			children = (
				EED47ECB299F166300FEFC6E /* Views */,
				EED47ECC299F167100FEFC6E /* MainCoordinator.swift */,
			);
			path = Example;
			sourceTree = "<group>";
		};
		EED4A51829ABC2B800DDCCDA /* Domain Models */ = {
			isa = PBXGroup;
			children = (
				EED4A51929ABC2D400DDCCDA /* Community.swift */,
				EED4A51B29ABC2FE00DDCCDA /* User.swift */,
				EED4A52529B810FF00DDCCDA /* Post.swift */,
				EED4A53F29BAB3E800DDCCDA /* Comment.swift */,
				EED4A54429BAE16700DDCCDA /* Tag.swift */,
				EE80D8B529BAECCE0000F8EF /* Link.swift */,
			);
			path = "Domain Models";
			sourceTree = "<group>";
		};
		EED4A51D29ABC80A00DDCCDA /* Community */ = {
			isa = PBXGroup;
			children = (
				EED4A51E29ABC86300DDCCDA /* CommunityCoordinator.swift */,
				EED4A52029ABC86D00DDCCDA /* CommunityView.swift */,
				EED4A52229ABC87B00DDCCDA /* CommunityViewModel.swift */,
				EED4A52F29B81CFA00DDCCDA /* CommunityHomeFeed */,
				EED4A53129B81D3E00DDCCDA /* CommunityInfo */,
				EED4A53029B81D2200DDCCDA /* CommunityArchivedFeed */,
			);
			path = Community;
			sourceTree = "<group>";
		};
		EED4A52429B80F7700DDCCDA /* Models */ = {
			isa = PBXGroup;
			children = (
				EED4A51829ABC2B800DDCCDA /* Domain Models */,
			);
			path = Models;
			sourceTree = "<group>";
		};
		EED4A52729B8185600DDCCDA /* Shared Views */ = {
			isa = PBXGroup;
			children = (
				EED4A52829B8186F00DDCCDA /* Post */,
			);
			path = "Shared Views";
			sourceTree = "<group>";
		};
		EED4A52829B8186F00DDCCDA /* Post */ = {
			isa = PBXGroup;
			children = (
				EED4A52929B8187D00DDCCDA /* PostCoordinator.swift */,
				EED4A52B29B8190700DDCCDA /* PostView.swift */,
				EED4A52D29B81A2E00DDCCDA /* PostViewModel.swift */,
				EED4A53829B9623C00DDCCDA /* PostCard */,
			);
			path = Post;
			sourceTree = "<group>";
		};
		EED4A52F29B81CFA00DDCCDA /* CommunityHomeFeed */ = {
			isa = PBXGroup;
			children = (
				EED4A53229B81D6800DDCCDA /* CommunityHomeFeedView.swift */,
				EED4A53D29B971B700DDCCDA /* CommunityHomeFeedViewModel.swift */,
			);
			path = CommunityHomeFeed;
			sourceTree = "<group>";
		};
		EED4A53029B81D2200DDCCDA /* CommunityArchivedFeed */ = {
			isa = PBXGroup;
			children = (
				EED4A53629B81D9500DDCCDA /* CommunityArchiveFeedView.swift */,
			);
			path = CommunityArchivedFeed;
			sourceTree = "<group>";
		};
		EED4A53129B81D3E00DDCCDA /* CommunityInfo */ = {
			isa = PBXGroup;
			children = (
				EED4A53429B81D8000DDCCDA /* CommunityInfoView.swift */,
			);
			path = CommunityInfo;
			sourceTree = "<group>";
		};
		EED4A53829B9623C00DDCCDA /* PostCard */ = {
			isa = PBXGroup;
			children = (
				EED4A53929B9629900DDCCDA /* PostCardView.swift */,
				EED4A53B29B965AF00DDCCDA /* PostCardViewModel.swift */,
			);
			path = PostCard;
			sourceTree = "<group>";
		};
		EED4A54129BAB5F400DDCCDA /* Extensions */ = {
			isa = PBXGroup;
			children = (
				EED4A54229BAB60100DDCCDA /* Hashable+Extensions.swift */,
			);
			path = Extensions;
			sourceTree = "<group>";
		};
		EEF83454299C6824001EEA5E = {
			isa = PBXGroup;
			children = (
				EEF8345F299C6824001EEA5E /* Democracy */,
				EEF8345E299C6824001EEA5E /* Products */,
			);
			sourceTree = "<group>";
		};
		EEF8345E299C6824001EEA5E /* Products */ = {
			isa = PBXGroup;
			children = (
				EEF8345D299C6824001EEA5E /* Democracy.app */,
			);
			name = Products;
			sourceTree = "<group>";
		};
		EEF8345F299C6824001EEA5E /* Democracy */ = {
			isa = PBXGroup;
			children = (
				EED4A54129BAB5F400DDCCDA /* Extensions */,
				EED4A52429B80F7700DDCCDA /* Models */,
				EED4A51629ABC1C800DDCCDA /* Views */,
				EED4A51729ABC1FC00DDCCDA /* Example */,
				EEF83460299C6824001EEA5E /* DemocracyApp.swift */,
				EEF83462299C6824001EEA5E /* ContentView.swift */,
				EEF83464299C6827001EEA5E /* Assets.xcassets */,
				EEF83466299C6827001EEA5E /* Preview Content */,
			);
			path = Democracy;
			sourceTree = "<group>";
		};
		EEF83466299C6827001EEA5E /* Preview Content */ = {
			isa = PBXGroup;
			children = (
				EEF83467299C6827001EEA5E /* Preview Assets.xcassets */,
				EE80D8B229BAE60F0000F8EF /* Domain Models */,
			);
			path = "Preview Content";
			sourceTree = "<group>";
		};
		EEF8346E299C69DC001EEA5E /* Navigation */ = {
			isa = PBXGroup;
			children = (
				EEF83472299C6A11001EEA5E /* Router.swift */,
			);
			path = Navigation;
			sourceTree = "<group>";
		};
/* End PBXGroup section */

/* Begin PBXNativeTarget section */
		EEF8345C299C6824001EEA5E /* Democracy */ = {
			isa = PBXNativeTarget;
			buildConfigurationList = EEF8346B299C6827001EEA5E /* Build configuration list for PBXNativeTarget "Democracy" */;
			buildPhases = (
				EEF83459299C6824001EEA5E /* Sources */,
				EEF8345A299C6824001EEA5E /* Frameworks */,
				EEF8345B299C6824001EEA5E /* Resources */,
			);
			buildRules = (
			);
			dependencies = (
			);
			name = Democracy;
			productName = Democracy;
			productReference = EEF8345D299C6824001EEA5E /* Democracy.app */;
			productType = "com.apple.product-type.application";
		};
/* End PBXNativeTarget section */

/* Begin PBXProject section */
		EEF83455299C6824001EEA5E /* Project object */ = {
			isa = PBXProject;
			attributes = {
				BuildIndependentTargetsInParallel = 1;
				LastSwiftUpdateCheck = 1330;
				LastUpgradeCheck = 1330;
				TargetAttributes = {
					EEF8345C299C6824001EEA5E = {
						CreatedOnToolsVersion = 13.3.1;
					};
				};
			};
			buildConfigurationList = EEF83458299C6824001EEA5E /* Build configuration list for PBXProject "Democracy" */;
			compatibilityVersion = "Xcode 13.0";
			developmentRegion = en;
			hasScannedForEncodings = 0;
			knownRegions = (
				en,
				Base,
			);
			mainGroup = EEF83454299C6824001EEA5E;
			productRefGroup = EEF8345E299C6824001EEA5E /* Products */;
			projectDirPath = "";
			projectRoot = "";
			targets = (
				EEF8345C299C6824001EEA5E /* Democracy */,
			);
		};
/* End PBXProject section */

/* Begin PBXResourcesBuildPhase section */
		EEF8345B299C6824001EEA5E /* Resources */ = {
			isa = PBXResourcesBuildPhase;
			buildActionMask = 2147483647;
			files = (
				EEF83468299C6827001EEA5E /* Preview Assets.xcassets in Resources */,
				EEF83465299C6827001EEA5E /* Assets.xcassets in Resources */,
			);
			runOnlyForDeploymentPostprocessing = 0;
		};
/* End PBXResourcesBuildPhase section */

/* Begin PBXSourcesBuildPhase section */
		EEF83459299C6824001EEA5E /* Sources */ = {
			isa = PBXSourcesBuildPhase;
			buildActionMask = 2147483647;
			files = (
				EED4A52129ABC86D00DDCCDA /* CommunityView.swift in Sources */,
				EED47ED5299F169000FEFC6E /* SettingsView.swift in Sources */,
				EED4A53529B81D8000DDCCDA /* CommunityInfoView.swift in Sources */,
				EED4A52E29B81A2E00DDCCDA /* PostViewModel.swift in Sources */,
				EE80D8B629BAECCE0000F8EF /* Link.swift in Sources */,
				EED47ECF299F167B00FEFC6E /* B.swift in Sources */,
				EED4A51529AB1C7900DDCCDA /* HistoryTabMainViewModel.swift in Sources */,
				EEF83473299C6A11001EEA5E /* Router.swift in Sources */,
				EE54ADEA29A712AE007C3E3F /* LoginView.swift in Sources */,
				EED4A51A29ABC2D400DDCCDA /* Community.swift in Sources */,
				EED4A4F129AA7ED700DDCCDA /* RootViewModel.swift in Sources */,
				EE54ADEC29A714E8007C3E3F /* LoginViewModel.swift in Sources */,
				EED4A50D29AB18E400DDCCDA /* UpdatesTabMainViewModel.swift in Sources */,
				EED4A54529BAE16700DDCCDA /* Tag.swift in Sources */,
				EED4A51329AB1C6F00DDCCDA /* HistoryTabMainView.swift in Sources */,
				EED4A53729B81D9500DDCCDA /* CommunityArchiveFeedView.swift in Sources */,
				EED47ECD299F167100FEFC6E /* MainCoordinator.swift in Sources */,
				EED4A52329ABC87B00DDCCDA /* CommunityViewModel.swift in Sources */,
				EEF83463299C6824001EEA5E /* ContentView.swift in Sources */,
				EED4A53329B81D6800DDCCDA /* CommunityHomeFeedView.swift in Sources */,
				EED4A50529AA870000DDCCDA /* VotingTabMainViewModel.swift in Sources */,
				EED4A4FD29AA857B00DDCCDA /* CommunitiesTabCoordinator.swift in Sources */,
				EEF83461299C6824001EEA5E /* DemocracyApp.swift in Sources */,
				EED4A4FF29AA858600DDCCDA /* HistoryTabCoordinator.swift in Sources */,
				EED4A4F929AA855900DDCCDA /* EventsTabCoordinator.swift in Sources */,
				EED4A54329BAB60100DDCCDA /* Hashable+Extensions.swift in Sources */,
				EED4A52629B810FF00DDCCDA /* Post.swift in Sources */,
				EE80D8B129BAE4A80000F8EF /* Post+Preview.swift in Sources */,
				EED47ED1299F168200FEFC6E /* C.swift in Sources */,
				EED47ED3299F168800FEFC6E /* D.swift in Sources */,
				EE54ADE729A40101007C3E3F /* AuthenticationCoordinator.swift in Sources */,
				EED47ED9299F185700FEFC6E /* ViewModelB.swift in Sources */,
				EED4A52A29B8187D00DDCCDA /* PostCoordinator.swift in Sources */,
				EED4A4EC29A9984200DDCCDA /* SettingsCoordinator.swift in Sources */,
				EED4A51129AB1A6900DDCCDA /* CommunitiesTabMainViewModel.swift in Sources */,
				EED47EDB299F185E00FEFC6E /* ViewModelC.swift in Sources */,
				EED4A52C29B8190700DDCCDA /* PostView.swift in Sources */,
				EE80D8B429BAE6410000F8EF /* Community+Preview.swift in Sources */,
				EED4A50329AA86C900DDCCDA /* VotingTabMainView.swift in Sources */,
				EED4A50929AA8BC100DDCCDA /* EventsTabMainViewModel.swift in Sources */,
				EED4A54029BAB3E800DDCCDA /* Comment.swift in Sources */,
				EED4A50F29AB1A5A00DDCCDA /* CommunitiesTabMainView.swift in Sources */,
				EED4A4EF29AA7E9600DDCCDA /* RootView.swift in Sources */,
				EE54ADDF29A329C9007C3E3F /* MainTabView.swift in Sources */,
				EED4A51F29ABC86300DDCCDA /* CommunityCoordinator.swift in Sources */,
				EED4A50B29AB18D400DDCCDA /* UpdatesTabMainView.swift in Sources */,
				EED4A4FB29AA857000DDCCDA /* VotingTabCoordinator.swift in Sources */,
				EED47EDD299F186600FEFC6E /* ViewModelD.swift in Sources */,
				EED4A53E29B971B700DDCCDA /* CommunityHomeFeedViewModel.swift in Sources */,
				EED4A51C29ABC2FE00DDCCDA /* User.swift in Sources */,
				EED4A53A29B9629900DDCCDA /* PostCardView.swift in Sources */,
				EED4A50729AA8BAE00DDCCDA /* EventsTabMainView.swift in Sources */,
				EED47EDF299F186D00FEFC6E /* SettingsViewModel.swift in Sources */,
				EED4A53C29B965AF00DDCCDA /* PostCardViewModel.swift in Sources */,
				EED4A50129AA859500DDCCDA /* UpdatesTabCoordinator.swift in Sources */,
			);
			runOnlyForDeploymentPostprocessing = 0;
		};
/* End PBXSourcesBuildPhase section */

/* Begin XCBuildConfiguration section */
		EEF83469299C6827001EEA5E /* Debug */ = {
			isa = XCBuildConfiguration;
			buildSettings = {
				ALWAYS_SEARCH_USER_PATHS = NO;
				CLANG_ANALYZER_NONNULL = YES;
				CLANG_ANALYZER_NUMBER_OBJECT_CONVERSION = YES_AGGRESSIVE;
				CLANG_CXX_LANGUAGE_STANDARD = "gnu++17";
				CLANG_ENABLE_MODULES = YES;
				CLANG_ENABLE_OBJC_ARC = YES;
				CLANG_ENABLE_OBJC_WEAK = YES;
				CLANG_WARN_BLOCK_CAPTURE_AUTORELEASING = YES;
				CLANG_WARN_BOOL_CONVERSION = YES;
				CLANG_WARN_COMMA = YES;
				CLANG_WARN_CONSTANT_CONVERSION = YES;
				CLANG_WARN_DEPRECATED_OBJC_IMPLEMENTATIONS = YES;
				CLANG_WARN_DIRECT_OBJC_ISA_USAGE = YES_ERROR;
				CLANG_WARN_DOCUMENTATION_COMMENTS = YES;
				CLANG_WARN_EMPTY_BODY = YES;
				CLANG_WARN_ENUM_CONVERSION = YES;
				CLANG_WARN_INFINITE_RECURSION = YES;
				CLANG_WARN_INT_CONVERSION = YES;
				CLANG_WARN_NON_LITERAL_NULL_CONVERSION = YES;
				CLANG_WARN_OBJC_IMPLICIT_RETAIN_SELF = YES;
				CLANG_WARN_OBJC_LITERAL_CONVERSION = YES;
				CLANG_WARN_OBJC_ROOT_CLASS = YES_ERROR;
				CLANG_WARN_QUOTED_INCLUDE_IN_FRAMEWORK_HEADER = YES;
				CLANG_WARN_RANGE_LOOP_ANALYSIS = YES;
				CLANG_WARN_STRICT_PROTOTYPES = YES;
				CLANG_WARN_SUSPICIOUS_MOVE = YES;
				CLANG_WARN_UNGUARDED_AVAILABILITY = YES_AGGRESSIVE;
				CLANG_WARN_UNREACHABLE_CODE = YES;
				CLANG_WARN__DUPLICATE_METHOD_MATCH = YES;
				COPY_PHASE_STRIP = NO;
				DEBUG_INFORMATION_FORMAT = dwarf;
				ENABLE_STRICT_OBJC_MSGSEND = YES;
				ENABLE_TESTABILITY = YES;
				GCC_C_LANGUAGE_STANDARD = gnu11;
				GCC_DYNAMIC_NO_PIC = NO;
				GCC_NO_COMMON_BLOCKS = YES;
				GCC_OPTIMIZATION_LEVEL = 0;
				GCC_PREPROCESSOR_DEFINITIONS = (
					"DEBUG=1",
					"$(inherited)",
				);
				GCC_WARN_64_TO_32_BIT_CONVERSION = YES;
				GCC_WARN_ABOUT_RETURN_TYPE = YES_ERROR;
				GCC_WARN_UNDECLARED_SELECTOR = YES;
				GCC_WARN_UNINITIALIZED_AUTOS = YES_AGGRESSIVE;
				GCC_WARN_UNUSED_FUNCTION = YES;
				GCC_WARN_UNUSED_VARIABLE = YES;
				IPHONEOS_DEPLOYMENT_TARGET = 15.4;
				MTL_ENABLE_DEBUG_INFO = INCLUDE_SOURCE;
				MTL_FAST_MATH = YES;
				ONLY_ACTIVE_ARCH = YES;
				SDKROOT = iphoneos;
				SWIFT_ACTIVE_COMPILATION_CONDITIONS = DEBUG;
				SWIFT_OPTIMIZATION_LEVEL = "-Onone";
			};
			name = Debug;
		};
		EEF8346A299C6827001EEA5E /* Release */ = {
			isa = XCBuildConfiguration;
			buildSettings = {
				ALWAYS_SEARCH_USER_PATHS = NO;
				CLANG_ANALYZER_NONNULL = YES;
				CLANG_ANALYZER_NUMBER_OBJECT_CONVERSION = YES_AGGRESSIVE;
				CLANG_CXX_LANGUAGE_STANDARD = "gnu++17";
				CLANG_ENABLE_MODULES = YES;
				CLANG_ENABLE_OBJC_ARC = YES;
				CLANG_ENABLE_OBJC_WEAK = YES;
				CLANG_WARN_BLOCK_CAPTURE_AUTORELEASING = YES;
				CLANG_WARN_BOOL_CONVERSION = YES;
				CLANG_WARN_COMMA = YES;
				CLANG_WARN_CONSTANT_CONVERSION = YES;
				CLANG_WARN_DEPRECATED_OBJC_IMPLEMENTATIONS = YES;
				CLANG_WARN_DIRECT_OBJC_ISA_USAGE = YES_ERROR;
				CLANG_WARN_DOCUMENTATION_COMMENTS = YES;
				CLANG_WARN_EMPTY_BODY = YES;
				CLANG_WARN_ENUM_CONVERSION = YES;
				CLANG_WARN_INFINITE_RECURSION = YES;
				CLANG_WARN_INT_CONVERSION = YES;
				CLANG_WARN_NON_LITERAL_NULL_CONVERSION = YES;
				CLANG_WARN_OBJC_IMPLICIT_RETAIN_SELF = YES;
				CLANG_WARN_OBJC_LITERAL_CONVERSION = YES;
				CLANG_WARN_OBJC_ROOT_CLASS = YES_ERROR;
				CLANG_WARN_QUOTED_INCLUDE_IN_FRAMEWORK_HEADER = YES;
				CLANG_WARN_RANGE_LOOP_ANALYSIS = YES;
				CLANG_WARN_STRICT_PROTOTYPES = YES;
				CLANG_WARN_SUSPICIOUS_MOVE = YES;
				CLANG_WARN_UNGUARDED_AVAILABILITY = YES_AGGRESSIVE;
				CLANG_WARN_UNREACHABLE_CODE = YES;
				CLANG_WARN__DUPLICATE_METHOD_MATCH = YES;
				COPY_PHASE_STRIP = NO;
				DEBUG_INFORMATION_FORMAT = "dwarf-with-dsym";
				ENABLE_NS_ASSERTIONS = NO;
				ENABLE_STRICT_OBJC_MSGSEND = YES;
				GCC_C_LANGUAGE_STANDARD = gnu11;
				GCC_NO_COMMON_BLOCKS = YES;
				GCC_WARN_64_TO_32_BIT_CONVERSION = YES;
				GCC_WARN_ABOUT_RETURN_TYPE = YES_ERROR;
				GCC_WARN_UNDECLARED_SELECTOR = YES;
				GCC_WARN_UNINITIALIZED_AUTOS = YES_AGGRESSIVE;
				GCC_WARN_UNUSED_FUNCTION = YES;
				GCC_WARN_UNUSED_VARIABLE = YES;
				IPHONEOS_DEPLOYMENT_TARGET = 15.4;
				MTL_ENABLE_DEBUG_INFO = NO;
				MTL_FAST_MATH = YES;
				SDKROOT = iphoneos;
				SWIFT_COMPILATION_MODE = wholemodule;
				SWIFT_OPTIMIZATION_LEVEL = "-O";
				VALIDATE_PRODUCT = YES;
			};
			name = Release;
		};
		EEF8346C299C6827001EEA5E /* Debug */ = {
			isa = XCBuildConfiguration;
			buildSettings = {
				ASSETCATALOG_COMPILER_APPICON_NAME = AppIcon;
				ASSETCATALOG_COMPILER_GLOBAL_ACCENT_COLOR_NAME = AccentColor;
				CODE_SIGN_STYLE = Automatic;
				CURRENT_PROJECT_VERSION = 1;
				DEVELOPMENT_ASSET_PATHS = "\"Democracy/Preview Content\"";
				DEVELOPMENT_TEAM = 8HUP8UB97L;
				ENABLE_PREVIEWS = YES;
				GENERATE_INFOPLIST_FILE = YES;
				INFOPLIST_KEY_UIApplicationSceneManifest_Generation = YES;
				INFOPLIST_KEY_UIApplicationSupportsIndirectInputEvents = YES;
				INFOPLIST_KEY_UILaunchScreen_Generation = YES;
				INFOPLIST_KEY_UISupportedInterfaceOrientations_iPad = "UIInterfaceOrientationPortrait UIInterfaceOrientationPortraitUpsideDown UIInterfaceOrientationLandscapeLeft UIInterfaceOrientationLandscapeRight";
				INFOPLIST_KEY_UISupportedInterfaceOrientations_iPhone = "UIInterfaceOrientationPortrait UIInterfaceOrientationLandscapeLeft UIInterfaceOrientationLandscapeRight";
				IPHONEOS_DEPLOYMENT_TARGET = 16.0;
				LD_RUNPATH_SEARCH_PATHS = (
					"$(inherited)",
					"@executable_path/Frameworks",
				);
				MARKETING_VERSION = 1.0;
				PRODUCT_BUNDLE_IDENTIFIER = com.WesleyLuntsford.Democracy;
				PRODUCT_NAME = "$(TARGET_NAME)";
				SWIFT_EMIT_LOC_STRINGS = YES;
				SWIFT_VERSION = 5.0;
				TARGETED_DEVICE_FAMILY = "1,2";
			};
			name = Debug;
		};
		EEF8346D299C6827001EEA5E /* Release */ = {
			isa = XCBuildConfiguration;
			buildSettings = {
				ASSETCATALOG_COMPILER_APPICON_NAME = AppIcon;
				ASSETCATALOG_COMPILER_GLOBAL_ACCENT_COLOR_NAME = AccentColor;
				CODE_SIGN_STYLE = Automatic;
				CURRENT_PROJECT_VERSION = 1;
				DEVELOPMENT_ASSET_PATHS = "\"Democracy/Preview Content\"";
				DEVELOPMENT_TEAM = 8HUP8UB97L;
				ENABLE_PREVIEWS = YES;
				GENERATE_INFOPLIST_FILE = YES;
				INFOPLIST_KEY_UIApplicationSceneManifest_Generation = YES;
				INFOPLIST_KEY_UIApplicationSupportsIndirectInputEvents = YES;
				INFOPLIST_KEY_UILaunchScreen_Generation = YES;
				INFOPLIST_KEY_UISupportedInterfaceOrientations_iPad = "UIInterfaceOrientationPortrait UIInterfaceOrientationPortraitUpsideDown UIInterfaceOrientationLandscapeLeft UIInterfaceOrientationLandscapeRight";
				INFOPLIST_KEY_UISupportedInterfaceOrientations_iPhone = "UIInterfaceOrientationPortrait UIInterfaceOrientationLandscapeLeft UIInterfaceOrientationLandscapeRight";
				IPHONEOS_DEPLOYMENT_TARGET = 16.0;
				LD_RUNPATH_SEARCH_PATHS = (
					"$(inherited)",
					"@executable_path/Frameworks",
				);
				MARKETING_VERSION = 1.0;
				PRODUCT_BUNDLE_IDENTIFIER = com.WesleyLuntsford.Democracy;
				PRODUCT_NAME = "$(TARGET_NAME)";
				SWIFT_EMIT_LOC_STRINGS = YES;
				SWIFT_VERSION = 5.0;
				TARGETED_DEVICE_FAMILY = "1,2";
			};
			name = Release;
		};
/* End XCBuildConfiguration section */

/* Begin XCConfigurationList section */
		EEF83458299C6824001EEA5E /* Build configuration list for PBXProject "Democracy" */ = {
			isa = XCConfigurationList;
			buildConfigurations = (
				EEF83469299C6827001EEA5E /* Debug */,
				EEF8346A299C6827001EEA5E /* Release */,
			);
			defaultConfigurationIsVisible = 0;
			defaultConfigurationName = Release;
		};
		EEF8346B299C6827001EEA5E /* Build configuration list for PBXNativeTarget "Democracy" */ = {
			isa = XCConfigurationList;
			buildConfigurations = (
				EEF8346C299C6827001EEA5E /* Debug */,
				EEF8346D299C6827001EEA5E /* Release */,
			);
			defaultConfigurationIsVisible = 0;
			defaultConfigurationName = Release;
		};
/* End XCConfigurationList section */
	};
	rootObject = EEF83455299C6824001EEA5E /* Project object */;
}
